
Microsoft Visual Studio Solution File, Format Version 12.00
# Visual Studio Version 17
VisualStudioVersion = 17.8.34330.188
MinimumVisualStudioVersion = 10.0.40219.1
Project("{FAE04EC0-301F-11D3-BF4B-00C04F79EFBC}") = "Spacing Commands_462", "Spacing Commands_462.csproj", "{C68C5D21-BAC2-4001-A67B-058B1614989B}"
EndProject
Global
	GlobalSection(SolutionConfigurationPlatforms) = preSolution
		Debug|Any CPU = Debug|Any CPU
		Release|Any CPU = Release|Any CPU
	EndGlobalSection
	GlobalSection(ProjectConfigurationPlatforms) = postSolution
		{C68C5D21-BAC2-4001-A67B-058B1614989B}.Debug|Any CPU.ActiveCfg = Debug|Any CPU
		{C68C5D21-BAC2-4001-A67B-058B1614989B}.Debug|Any CPU.Build.0 = Debug|Any CPU
		{C68C5D21-BAC2-4001-A67B-058B1614989B}.Release|Any CPU.ActiveCfg = Release|Any CPU
		{C68C5D21-BAC2-4001-A67B-058B1614989B}.Release|Any CPU.Build.0 = Release|Any CPU
	EndGlobalSection
	GlobalSection(SolutionProperties) = preSolution
		HideSolutionNode = FALSE
	EndGlobalSection
	GlobalSection(ExtensibilityGlobals) = postSolution
		SolutionGuid = {A444C13F-0CAE-4CC9-B080-52BA6556E1C3}
	EndGlobalSection
EndGlobal
