Microsoft Visual Studio Solution File, Format Version 12.00
# Visual Studio Version 17
VisualStudioVersion = 17.0.31410.414
MinimumVisualStudioVersion = 10.0.40219.1
Project("{FAE04EC0-301F-11D3-BF4B-00C04F79EFBC}") = "EnableOrDisableSymbol_60", "EnableOrDisableSymbol_60.csproj", "{57B5E949-19B7-42A3-B461-921E308ECFDF}"
EndProject
Global
	GlobalSection(SolutionConfigurationPlatforms) = preSolution
		Debug|Any CPU = Debug|Any CPU
		Release|Any CPU = Release|Any CPU
	EndGlobalSection
	GlobalSection(ProjectConfigurationPlatforms) = postSolution
		{57B5E949-19B7-42A3-B461-921E308ECFDF}.Debug|Any CPU.ActiveCfg = Debug|Any CPU
		{57B5E949-19B7-42A3-B461-921E308ECFDF}.Debug|Any CPU.Build.0 = Debug|Any CPU
		{57B5E949-19B7-42A3-B461-921E308ECFDF}.Release|Any CPU.ActiveCfg = Release|Any CPU
		{57B5E949-19B7-42A3-B461-921E308ECFDF}.Release|Any CPU.Build.0 = Release|Any CPU
	EndGlobalSection
	GlobalSection(SolutionProperties) = preSolution
		HideSolutionNode = FALSE
	EndGlobalSection
	GlobalSection(ExtensibilityGlobals) = postSolution
		SolutionGuid = {75D2F07C-9CDF-4E6A-B261-EBE2E2D9A60E}
	EndGlobalSection
EndGlobal
