
Microsoft Visual Studio Solution File, Format Version 12.00
# Visual Studio Version 17
VisualStudioVersion = 17.8.34330.188
MinimumVisualStudioVersion = 10.0.40219.1
Project("{9A19103F-16F7-4668-BE54-9A1E7A4F7556}") = "Organization Chart_80", "Organization Chart_80.csproj", "{7C4F4FCC-4EA2-43EA-B076-EEDE60E23C0D}"
EndProject
Global
	GlobalSection(SolutionConfigurationPlatforms) = preSolution
		Debug|Any CPU = Debug|Any CPU
		Release|Any CPU = Release|Any CPU
	EndGlobalSection
	GlobalSection(ProjectConfigurationPlatforms) = postSolution
		{7C4F4FCC-4EA2-43EA-B076-EEDE60E23C0D}.Debug|Any CPU.ActiveCfg = Debug|Any CPU
		{7C4F4FCC-4EA2-43EA-B076-EEDE60E23C0D}.Debug|Any CPU.Build.0 = Debug|Any CPU
		{7C4F4FCC-4EA2-43EA-B076-EEDE60E23C0D}.Release|Any CPU.ActiveCfg = Release|Any CPU
		{7C4F4FCC-4EA2-43EA-B076-EEDE60E23C0D}.Release|Any CPU.Build.0 = Release|Any CPU
	EndGlobalSection
	GlobalSection(SolutionProperties) = preSolution
		HideSolutionNode = FALSE
	EndGlobalSection
	GlobalSection(ExtensibilityGlobals) = postSolution
		SolutionGuid = {77B8768A-52D0-4150-9F2D-218A4B2CDE01}
	EndGlobalSection
EndGlobal
