
Microsoft Visual Studio Solution File, Format Version 12.00
# Visual Studio Version 17
VisualStudioVersion = 17.8.34330.188
MinimumVisualStudioVersion = 10.0.40219.1
Project("{9A19103F-16F7-4668-BE54-9A1E7A4F7556}") = "Organization Chart_60", "Organization Chart_60.csproj", "{A2DAA58D-7ABF-4CE5-BFE0-F05A6F121407}"
EndProject
Global
	GlobalSection(SolutionConfigurationPlatforms) = preSolution
		Debug|Any CPU = Debug|Any CPU
		Release|Any CPU = Release|Any CPU
	EndGlobalSection
	GlobalSection(ProjectConfigurationPlatforms) = postSolution
		{A2DAA58D-7ABF-4CE5-BFE0-F05A6F121407}.Debug|Any CPU.ActiveCfg = Debug|Any CPU
		{A2DAA58D-7ABF-4CE5-BFE0-F05A6F121407}.Debug|Any CPU.Build.0 = Debug|Any CPU
		{A2DAA58D-7ABF-4CE5-BFE0-F05A6F121407}.Release|Any CPU.ActiveCfg = Release|Any CPU
		{A2DAA58D-7ABF-4CE5-BFE0-F05A6F121407}.Release|Any CPU.Build.0 = Release|Any CPU
	EndGlobalSection
	GlobalSection(SolutionProperties) = preSolution
		HideSolutionNode = FALSE
	EndGlobalSection
	GlobalSection(ExtensibilityGlobals) = postSolution
		SolutionGuid = {EFD13F6B-693C-40BD-80B4-FFC4F8B93BBB}
	EndGlobalSection
EndGlobal
