
Microsoft Visual Studio Solution File, Format Version 12.00
# Visual Studio Version 17
VisualStudioVersion = 17.8.34330.188
MinimumVisualStudioVersion = 10.0.40219.1
Project("{FAE04EC0-301F-11D3-BF4B-00C04F79EFBC}") = "SelectedItems_SfDiagram_462", "SelectedItems_SfDiagram_462.csproj", "{4C863DC9-C398-4C5B-8E7A-C800D03B05D0}"
EndProject
Global
	GlobalSection(SolutionConfigurationPlatforms) = preSolution
		Debug|Any CPU = Debug|Any CPU
		Release|Any CPU = Release|Any CPU
	EndGlobalSection
	GlobalSection(ProjectConfigurationPlatforms) = postSolution
		{4C863DC9-C398-4C5B-8E7A-C800D03B05D0}.Debug|Any CPU.ActiveCfg = Debug|Any CPU
		{4C863DC9-C398-4C5B-8E7A-C800D03B05D0}.Debug|Any CPU.Build.0 = Debug|Any CPU
		{4C863DC9-C398-4C5B-8E7A-C800D03B05D0}.Release|Any CPU.ActiveCfg = Release|Any CPU
		{4C863DC9-C398-4C5B-8E7A-C800D03B05D0}.Release|Any CPU.Build.0 = Release|Any CPU
	EndGlobalSection
	GlobalSection(SolutionProperties) = preSolution
		HideSolutionNode = FALSE
	EndGlobalSection
	GlobalSection(ExtensibilityGlobals) = postSolution
		SolutionGuid = {650D6295-B035-45DB-9334-B0981C6B3BE2}
	EndGlobalSection
EndGlobal
