
Microsoft Visual Studio Solution File, Format Version 12.00
# Visual Studio Version 17
VisualStudioVersion = 17.8.34330.188
MinimumVisualStudioVersion = 10.0.40219.1
Project("{9A19103F-16F7-4668-BE54-9A1E7A4F7556}") = "GroupScenario_60", "GroupScenario_60.csproj", "{96109787-6703-44CC-95D7-FE060E544AAA}"
EndProject
Global
	GlobalSection(SolutionConfigurationPlatforms) = preSolution
		Debug|Any CPU = Debug|Any CPU
		Release|Any CPU = Release|Any CPU
	EndGlobalSection
	GlobalSection(ProjectConfigurationPlatforms) = postSolution
		{96109787-6703-44CC-95D7-FE060E544AAA}.Debug|Any CPU.ActiveCfg = Debug|Any CPU
		{96109787-6703-44CC-95D7-FE060E544AAA}.Debug|Any CPU.Build.0 = Debug|Any CPU
		{96109787-6703-44CC-95D7-FE060E544AAA}.Release|Any CPU.ActiveCfg = Release|Any CPU
		{96109787-6703-44CC-95D7-FE060E544AAA}.Release|Any CPU.Build.0 = Release|Any CPU
	EndGlobalSection
	GlobalSection(SolutionProperties) = preSolution
		HideSolutionNode = FALSE
	EndGlobalSection
	GlobalSection(ExtensibilityGlobals) = postSolution
		SolutionGuid = {7588F609-7ED9-438D-8770-3D53236273A5}
	EndGlobalSection
EndGlobal
