
Microsoft Visual Studio Solution File, Format Version 12.00
# Visual Studio Version 17
VisualStudioVersion = 17.8.34330.188
MinimumVisualStudioVersion = 10.0.40219.1
Project("{9A19103F-16F7-4668-BE54-9A1E7A4F7556}") = "Drawing Tools_80", "Drawing Tools_80.csproj", "{BE8AFB12-9455-4008-8F9E-A384C514490A}"
EndProject
Global
	GlobalSection(SolutionConfigurationPlatforms) = preSolution
		Debug|Any CPU = Debug|Any CPU
		Release|Any CPU = Release|Any CPU
	EndGlobalSection
	GlobalSection(ProjectConfigurationPlatforms) = postSolution
		{BE8AFB12-9455-4008-8F9E-A384C514490A}.Debug|Any CPU.ActiveCfg = Debug|Any CPU
		{BE8AFB12-9455-4008-8F9E-A384C514490A}.Debug|Any CPU.Build.0 = Debug|Any CPU
		{BE8AFB12-9455-4008-8F9E-A384C514490A}.Release|Any CPU.ActiveCfg = Release|Any CPU
		{BE8AFB12-9455-4008-8F9E-A384C514490A}.Release|Any CPU.Build.0 = Release|Any CPU
	EndGlobalSection
	GlobalSection(SolutionProperties) = preSolution
		HideSolutionNode = FALSE
	EndGlobalSection
	GlobalSection(ExtensibilityGlobals) = postSolution
		SolutionGuid = {AB3930D1-527D-4B8D-B06B-A0E409BD8D56}
	EndGlobalSection
EndGlobal
