
Microsoft Visual Studio Solution File, Format Version 12.00
# Visual Studio Version 17
VisualStudioVersion = 17.8.34330.188
MinimumVisualStudioVersion = 10.0.40219.1
Project("{9A19103F-16F7-4668-BE54-9A1E7A4F7556}") = "ConstraintsDemo_80", "ConstraintsDemo_80.csproj", "{A295C961-09CF-4000-8B2A-CEBC3B310D9A}"
EndProject
Global
	GlobalSection(SolutionConfigurationPlatforms) = preSolution
		Debug|Any CPU = Debug|Any CPU
		Release|Any CPU = Release|Any CPU
	EndGlobalSection
	GlobalSection(ProjectConfigurationPlatforms) = postSolution
		{A295C961-09CF-4000-8B2A-CEBC3B310D9A}.Debug|Any CPU.ActiveCfg = Debug|Any CPU
		{A295C961-09CF-4000-8B2A-CEBC3B310D9A}.Debug|Any CPU.Build.0 = Debug|Any CPU
		{A295C961-09CF-4000-8B2A-CEBC3B310D9A}.Release|Any CPU.ActiveCfg = Release|Any CPU
		{A295C961-09CF-4000-8B2A-CEBC3B310D9A}.Release|Any CPU.Build.0 = Release|Any CPU
	EndGlobalSection
	GlobalSection(SolutionProperties) = preSolution
		HideSolutionNode = FALSE
	EndGlobalSection
	GlobalSection(ExtensibilityGlobals) = postSolution
		SolutionGuid = {50FC9E41-4662-44EE-8E6F-F738506C5EDB}
	EndGlobalSection
EndGlobal
