
Microsoft Visual Studio Solution File, Format Version 12.00
# Visual Studio Version 17
VisualStudioVersion = 17.8.34330.188
MinimumVisualStudioVersion = 10.0.40219.1
Project("{9A19103F-16F7-4668-BE54-9A1E7A4F7556}") = "ConnectorInteractions_60", "ConnectorInteractions_60.csproj", "{4D383206-CEED-4639-A136-102872195DA9}"
EndProject
Global
	GlobalSection(SolutionConfigurationPlatforms) = preSolution
		Debug|Any CPU = Debug|Any CPU
		Release|Any CPU = Release|Any CPU
	EndGlobalSection
	GlobalSection(ProjectConfigurationPlatforms) = postSolution
		{4D383206-CEED-4639-A136-102872195DA9}.Debug|Any CPU.ActiveCfg = Debug|Any CPU
		{4D383206-CEED-4639-A136-102872195DA9}.Debug|Any CPU.Build.0 = Debug|Any CPU
		{4D383206-CEED-4639-A136-102872195DA9}.Release|Any CPU.ActiveCfg = Release|Any CPU
		{4D383206-CEED-4639-A136-102872195DA9}.Release|Any CPU.Build.0 = Release|Any CPU
	EndGlobalSection
	GlobalSection(SolutionProperties) = preSolution
		HideSolutionNode = FALSE
	EndGlobalSection
	GlobalSection(ExtensibilityGlobals) = postSolution
		SolutionGuid = {1B04140E-3314-4DF0-AE2B-0B91EA93FE92}
	EndGlobalSection
EndGlobal
