
Microsoft Visual Studio Solution File, Format Version 12.00
# Visual Studio Version 17
VisualStudioVersion = 17.8.34330.188
MinimumVisualStudioVersion = 10.0.40219.1
Project("{9A19103F-16F7-4668-BE54-9A1E7A4F7556}") = "ConnectorInteractions_80", "ConnectorInteractions_80.csproj", "{44BA2F1B-A9F0-4E6E-A9D6-5E6E8A3C3F68}"
EndProject
Global
	GlobalSection(SolutionConfigurationPlatforms) = preSolution
		Debug|Any CPU = Debug|Any CPU
		Release|Any CPU = Release|Any CPU
	EndGlobalSection
	GlobalSection(ProjectConfigurationPlatforms) = postSolution
		{44BA2F1B-A9F0-4E6E-A9D6-5E6E8A3C3F68}.Debug|Any CPU.ActiveCfg = Debug|Any CPU
		{44BA2F1B-A9F0-4E6E-A9D6-5E6E8A3C3F68}.Debug|Any CPU.Build.0 = Debug|Any CPU
		{44BA2F1B-A9F0-4E6E-A9D6-5E6E8A3C3F68}.Release|Any CPU.ActiveCfg = Release|Any CPU
		{44BA2F1B-A9F0-4E6E-A9D6-5E6E8A3C3F68}.Release|Any CPU.Build.0 = Release|Any CPU
	EndGlobalSection
	GlobalSection(SolutionProperties) = preSolution
		HideSolutionNode = FALSE
	EndGlobalSection
	GlobalSection(ExtensibilityGlobals) = postSolution
		SolutionGuid = {0AED8E61-0A1C-48D2-8698-3186A0AFA617}
	EndGlobalSection
EndGlobal
