
Microsoft Visual Studio Solution File, Format Version 12.00
# Visual Studio Version 17
VisualStudioVersion = 17.8.34330.188
MinimumVisualStudioVersion = 10.0.40219.1
Project("{9A19103F-16F7-4668-BE54-9A1E7A4F7556}") = "StencilCategorySample_60", "StencilCategorySample_60.csproj", "{B4403758-9155-4C25-A343-FDCCEE5FA01D}"
EndProject
Global
	GlobalSection(SolutionConfigurationPlatforms) = preSolution
		Debug|Any CPU = Debug|Any CPU
		Release|Any CPU = Release|Any CPU
	EndGlobalSection
	GlobalSection(ProjectConfigurationPlatforms) = postSolution
		{B4403758-9155-4C25-A343-FDCCEE5FA01D}.Debug|Any CPU.ActiveCfg = Debug|Any CPU
		{B4403758-9155-4C25-A343-FDCCEE5FA01D}.Debug|Any CPU.Build.0 = Debug|Any CPU
		{B4403758-9155-4C25-A343-FDCCEE5FA01D}.Release|Any CPU.ActiveCfg = Release|Any CPU
		{B4403758-9155-4C25-A343-FDCCEE5FA01D}.Release|Any CPU.Build.0 = Release|Any CPU
	EndGlobalSection
	GlobalSection(SolutionProperties) = preSolution
		HideSolutionNode = FALSE
	EndGlobalSection
	GlobalSection(ExtensibilityGlobals) = postSolution
		SolutionGuid = {29AB9BF8-1590-4A49-BB66-E2253D1BC348}
	EndGlobalSection
EndGlobal
