
Microsoft Visual Studio Solution File, Format Version 12.00
# Visual Studio Version 17
VisualStudioVersion = 17.8.34330.188
MinimumVisualStudioVersion = 10.0.40219.1
Project("{9A19103F-16F7-4668-BE54-9A1E7A4F7556}") = "DeleteCommand_60", "DeleteCommand_60.csproj", "{ECDD0445-5A2A-4B1C-AC98-CEF51149ACC3}"
EndProject
Global
	GlobalSection(SolutionConfigurationPlatforms) = preSolution
		Debug|Any CPU = Debug|Any CPU
		Release|Any CPU = Release|Any CPU
	EndGlobalSection
	GlobalSection(ProjectConfigurationPlatforms) = postSolution
		{ECDD0445-5A2A-4B1C-AC98-CEF51149ACC3}.Debug|Any CPU.ActiveCfg = Debug|Any CPU
		{ECDD0445-5A2A-4B1C-AC98-CEF51149ACC3}.Debug|Any CPU.Build.0 = Debug|Any CPU
		{ECDD0445-5A2A-4B1C-AC98-CEF51149ACC3}.Release|Any CPU.ActiveCfg = Release|Any CPU
		{ECDD0445-5A2A-4B1C-AC98-CEF51149ACC3}.Release|Any CPU.Build.0 = Release|Any CPU
	EndGlobalSection
	GlobalSection(SolutionProperties) = preSolution
		HideSolutionNode = FALSE
	EndGlobalSection
	GlobalSection(ExtensibilityGlobals) = postSolution
		SolutionGuid = {5866E8E8-2281-44F8-9721-0C173B39E891}
	EndGlobalSection
EndGlobal
