
Microsoft Visual Studio Solution File, Format Version 12.00
# Visual Studio Version 17
VisualStudioVersion = 17.8.34330.188
MinimumVisualStudioVersion = 10.0.40219.1
Project("{9A19103F-16F7-4668-BE54-9A1E7A4F7556}") = "Clipboard commands_80", "Clipboard commands_80.csproj", "{AE0D074C-AC01-4C81-B712-F31149FF7B73}"
EndProject
Global
	GlobalSection(SolutionConfigurationPlatforms) = preSolution
		Debug|Any CPU = Debug|Any CPU
		Release|Any CPU = Release|Any CPU
	EndGlobalSection
	GlobalSection(ProjectConfigurationPlatforms) = postSolution
		{AE0D074C-AC01-4C81-B712-F31149FF7B73}.Debug|Any CPU.ActiveCfg = Debug|Any CPU
		{AE0D074C-AC01-4C81-B712-F31149FF7B73}.Debug|Any CPU.Build.0 = Debug|Any CPU
		{AE0D074C-AC01-4C81-B712-F31149FF7B73}.Release|Any CPU.ActiveCfg = Release|Any CPU
		{AE0D074C-AC01-4C81-B712-F31149FF7B73}.Release|Any CPU.Build.0 = Release|Any CPU
	EndGlobalSection
	GlobalSection(SolutionProperties) = preSolution
		HideSolutionNode = FALSE
	EndGlobalSection
	GlobalSection(ExtensibilityGlobals) = postSolution
		SolutionGuid = {EE010795-ACE5-47C5-BBAB-3899B48F978B}
	EndGlobalSection
EndGlobal
