
Microsoft Visual Studio Solution File, Format Version 12.00
# Visual Studio Version 16
VisualStudioVersion = 16.0.29613.14
MinimumVisualStudioVersion = 10.0.40219.1
Project("{FAE04EC0-301F-11D3-BF4B-00C04F79EFBC}") = "Clipboard commands", "Clipboard commands.csproj", "{7633CE28-C99E-48AA-9A1F-4707046F9233}"
EndProject
Global
	GlobalSection(SolutionConfigurationPlatforms) = preSolution
		Debug|Any CPU = Debug|Any CPU
		Release|Any CPU = Release|Any CPU
	EndGlobalSection
	GlobalSection(ProjectConfigurationPlatforms) = postSolution
		{7633CE28-C99E-48AA-9A1F-4707046F9233}.Debug|Any CPU.ActiveCfg = Debug|Any CPU
		{7633CE28-C99E-48AA-9A1F-4707046F9233}.Debug|Any CPU.Build.0 = Debug|Any CPU
		{7633CE28-C99E-48AA-9A1F-4707046F9233}.Release|Any CPU.ActiveCfg = Release|Any CPU
		{7633CE28-C99E-48AA-9A1F-4707046F9233}.Release|Any CPU.Build.0 = Release|Any CPU
	EndGlobalSection
	GlobalSection(SolutionProperties) = preSolution
		HideSolutionNode = FALSE
	EndGlobalSection
	GlobalSection(ExtensibilityGlobals) = postSolution
		SolutionGuid = {FF3B8C9E-8638-4A61-A069-16DA3844C919}
	EndGlobalSection
EndGlobal
