
Microsoft Visual Studio Solution File, Format Version 12.00
# Visual Studio Version 17
VisualStudioVersion = 17.8.34330.188
MinimumVisualStudioVersion = 10.0.40219.1
Project("{9A19103F-16F7-4668-BE54-9A1E7A4F7556}") = "Clipboard commands_60", "Clipboard commands_60.csproj", "{BFB18610-206A-45DF-B109-BB102AEB3585}"
EndProject
Global
	GlobalSection(SolutionConfigurationPlatforms) = preSolution
		Debug|Any CPU = Debug|Any CPU
		Release|Any CPU = Release|Any CPU
	EndGlobalSection
	GlobalSection(ProjectConfigurationPlatforms) = postSolution
		{BFB18610-206A-45DF-B109-BB102AEB3585}.Debug|Any CPU.ActiveCfg = Debug|Any CPU
		{BFB18610-206A-45DF-B109-BB102AEB3585}.Debug|Any CPU.Build.0 = Debug|Any CPU
		{BFB18610-206A-45DF-B109-BB102AEB3585}.Release|Any CPU.ActiveCfg = Release|Any CPU
		{BFB18610-206A-45DF-B109-BB102AEB3585}.Release|Any CPU.Build.0 = Release|Any CPU
	EndGlobalSection
	GlobalSection(SolutionProperties) = preSolution
		HideSolutionNode = FALSE
	EndGlobalSection
	GlobalSection(ExtensibilityGlobals) = postSolution
		SolutionGuid = {B76E176D-8FDB-423F-A868-885892E9CB78}
	EndGlobalSection
EndGlobal
