
Microsoft Visual Studio Solution File, Format Version 12.00
# Visual Studio Version 17
VisualStudioVersion = 17.8.34330.188
MinimumVisualStudioVersion = 10.0.40219.1
Project("{9A19103F-16F7-4668-BE54-9A1E7A4F7556}") = "Stencil_80", "Stencil_80.csproj", "{ADBC466C-E127-4C73-B860-5365DE5F1D18}"
EndProject
Global
	GlobalSection(SolutionConfigurationPlatforms) = preSolution
		Debug|Any CPU = Debug|Any CPU
		Release|Any CPU = Release|Any CPU
	EndGlobalSection
	GlobalSection(ProjectConfigurationPlatforms) = postSolution
		{ADBC466C-E127-4C73-B860-5365DE5F1D18}.Debug|Any CPU.ActiveCfg = Debug|Any CPU
		{ADBC466C-E127-4C73-B860-5365DE5F1D18}.Debug|Any CPU.Build.0 = Debug|Any CPU
		{ADBC466C-E127-4C73-B860-5365DE5F1D18}.Release|Any CPU.ActiveCfg = Release|Any CPU
		{ADBC466C-E127-4C73-B860-5365DE5F1D18}.Release|Any CPU.Build.0 = Release|Any CPU
	EndGlobalSection
	GlobalSection(SolutionProperties) = preSolution
		HideSolutionNode = FALSE
	EndGlobalSection
	GlobalSection(ExtensibilityGlobals) = postSolution
		SolutionGuid = {88BFC267-42C8-429C-81D5-8F8391C8A920}
	EndGlobalSection
EndGlobal
