
Microsoft Visual Studio Solution File, Format Version 12.00
# Visual Studio Version 17
VisualStudioVersion = 17.8.34330.188
MinimumVisualStudioVersion = 10.0.40219.1
Project("{FAE04EC0-301F-11D3-BF4B-00C04F79EFBC}") = "CustomCommand_462", "CustomCommand_462.csproj", "{7103EB9C-112A-43D6-A024-20F8B0C4337E}"
EndProject
Global
	GlobalSection(SolutionConfigurationPlatforms) = preSolution
		Debug|Any CPU = Debug|Any CPU
		Release|Any CPU = Release|Any CPU
	EndGlobalSection
	GlobalSection(ProjectConfigurationPlatforms) = postSolution
		{7103EB9C-112A-43D6-A024-20F8B0C4337E}.Debug|Any CPU.ActiveCfg = Debug|Any CPU
		{7103EB9C-112A-43D6-A024-20F8B0C4337E}.Debug|Any CPU.Build.0 = Debug|Any CPU
		{7103EB9C-112A-43D6-A024-20F8B0C4337E}.Release|Any CPU.ActiveCfg = Release|Any CPU
		{7103EB9C-112A-43D6-A024-20F8B0C4337E}.Release|Any CPU.Build.0 = Release|Any CPU
	EndGlobalSection
	GlobalSection(SolutionProperties) = preSolution
		HideSolutionNode = FALSE
	EndGlobalSection
	GlobalSection(ExtensibilityGlobals) = postSolution
		SolutionGuid = {589C603B-BE20-4CC5-99D8-5C87EBFA9E84}
	EndGlobalSection
EndGlobal
