
Microsoft Visual Studio Solution File, Format Version 12.00
# Visual Studio Version 17
VisualStudioVersion = 17.8.34309.116
MinimumVisualStudioVersion = 10.0.40219.1
Project("{FAE04EC0-301F-11D3-BF4B-00C04F79EFBC}") = "SerializeImageNode_462", "SerializeImageNode_462.csproj", "{7C55A704-3EE6-4EC7-A450-0B2BC0C02AA1}"
EndProject
Global
	GlobalSection(SolutionConfigurationPlatforms) = preSolution
		Debug|Any CPU = Debug|Any CPU
		Release|Any CPU = Release|Any CPU
	EndGlobalSection
	GlobalSection(ProjectConfigurationPlatforms) = postSolution
		{7C55A704-3EE6-4EC7-A450-0B2BC0C02AA1}.Debug|Any CPU.ActiveCfg = Debug|Any CPU
		{7C55A704-3EE6-4EC7-A450-0B2BC0C02AA1}.Debug|Any CPU.Build.0 = Debug|Any CPU
		{7C55A704-3EE6-4EC7-A450-0B2BC0C02AA1}.Release|Any CPU.ActiveCfg = Release|Any CPU
		{7C55A704-3EE6-4EC7-A450-0B2BC0C02AA1}.Release|Any CPU.Build.0 = Release|Any CPU
	EndGlobalSection
	GlobalSection(SolutionProperties) = preSolution
		HideSolutionNode = FALSE
	EndGlobalSection
	GlobalSection(ExtensibilityGlobals) = postSolution
		SolutionGuid = {A1E2CC28-A3A7-4438-AFFD-69EA80019667}
	EndGlobalSection
EndGlobal
