
Microsoft Visual Studio Solution File, Format Version 12.00
# Visual Studio Version 17
VisualStudioVersion = 17.8.34330.188
MinimumVisualStudioVersion = 10.0.40219.1
Project("{9A19103F-16F7-4668-BE54-9A1E7A4F7556}") = "NodeConnectorVisibility_60", "NodeConnectorVisibility_60.csproj", "{A21A2AC6-8250-4B84-84E5-7238EAAB8EFF}"
EndProject
Global
	GlobalSection(SolutionConfigurationPlatforms) = preSolution
		Debug|Any CPU = Debug|Any CPU
		Release|Any CPU = Release|Any CPU
	EndGlobalSection
	GlobalSection(ProjectConfigurationPlatforms) = postSolution
		{A21A2AC6-8250-4B84-84E5-7238EAAB8EFF}.Debug|Any CPU.ActiveCfg = Debug|Any CPU
		{A21A2AC6-8250-4B84-84E5-7238EAAB8EFF}.Debug|Any CPU.Build.0 = Debug|Any CPU
		{A21A2AC6-8250-4B84-84E5-7238EAAB8EFF}.Release|Any CPU.ActiveCfg = Release|Any CPU
		{A21A2AC6-8250-4B84-84E5-7238EAAB8EFF}.Release|Any CPU.Build.0 = Release|Any CPU
	EndGlobalSection
	GlobalSection(SolutionProperties) = preSolution
		HideSolutionNode = FALSE
	EndGlobalSection
	GlobalSection(ExtensibilityGlobals) = postSolution
		SolutionGuid = {5DEBF2A5-21BF-4CAF-8C38-45B449331CC6}
	EndGlobalSection
EndGlobal
