
Microsoft Visual Studio Solution File, Format Version 12.00
# Visual Studio Version 17
VisualStudioVersion = 17.8.34330.188
MinimumVisualStudioVersion = 10.0.40219.1
Project("{FAE04EC0-301F-11D3-BF4B-00C04F79EFBC}") = "NodeConnectorVisibility_462", "NodeConnectorVisibility_462.csproj", "{48E17C1C-854C-4FDF-B22A-A681B17985EB}"
EndProject
Global
	GlobalSection(SolutionConfigurationPlatforms) = preSolution
		Debug|Any CPU = Debug|Any CPU
		Release|Any CPU = Release|Any CPU
	EndGlobalSection
	GlobalSection(ProjectConfigurationPlatforms) = postSolution
		{48E17C1C-854C-4FDF-B22A-A681B17985EB}.Debug|Any CPU.ActiveCfg = Debug|Any CPU
		{48E17C1C-854C-4FDF-B22A-A681B17985EB}.Debug|Any CPU.Build.0 = Debug|Any CPU
		{48E17C1C-854C-4FDF-B22A-A681B17985EB}.Release|Any CPU.ActiveCfg = Release|Any CPU
		{48E17C1C-854C-4FDF-B22A-A681B17985EB}.Release|Any CPU.Build.0 = Release|Any CPU
	EndGlobalSection
	GlobalSection(SolutionProperties) = preSolution
		HideSolutionNode = FALSE
	EndGlobalSection
	GlobalSection(ExtensibilityGlobals) = postSolution
		SolutionGuid = {0B6E80DA-5EF5-42BD-A21D-590CCF3DB248}
	EndGlobalSection
EndGlobal
