
Microsoft Visual Studio Solution File, Format Version 12.00
# Visual Studio Version 17
VisualStudioVersion = 17.8.34330.188
MinimumVisualStudioVersion = 10.0.40219.1
Project("{9A19103F-16F7-4668-BE54-9A1E7A4F7556}") = "SetTool_60", "SetTool_60.csproj", "{CC7EC77B-803E-4A83-A8B1-8C881D2F4455}"
EndProject
Global
	GlobalSection(SolutionConfigurationPlatforms) = preSolution
		Debug|Any CPU = Debug|Any CPU
		Release|Any CPU = Release|Any CPU
	EndGlobalSection
	GlobalSection(ProjectConfigurationPlatforms) = postSolution
		{CC7EC77B-803E-4A83-A8B1-8C881D2F4455}.Debug|Any CPU.ActiveCfg = Debug|Any CPU
		{CC7EC77B-803E-4A83-A8B1-8C881D2F4455}.Debug|Any CPU.Build.0 = Debug|Any CPU
		{CC7EC77B-803E-4A83-A8B1-8C881D2F4455}.Release|Any CPU.ActiveCfg = Release|Any CPU
		{CC7EC77B-803E-4A83-A8B1-8C881D2F4455}.Release|Any CPU.Build.0 = Release|Any CPU
	EndGlobalSection
	GlobalSection(SolutionProperties) = preSolution
		HideSolutionNode = FALSE
	EndGlobalSection
	GlobalSection(ExtensibilityGlobals) = postSolution
		SolutionGuid = {CE0E4549-FF2F-4DFB-A947-250446E5308D}
	EndGlobalSection
EndGlobal
