
Microsoft Visual Studio Solution File, Format Version 12.00
# Visual Studio Version 17
VisualStudioVersion = 17.8.34330.188
MinimumVisualStudioVersion = 10.0.40219.1
Project("{FAE04EC0-301F-11D3-BF4B-00C04F79EFBC}") = "DiagrammingApplication_462", "DiagrammingApplication_462.csproj", "{7A14CEF9-2CE1-467B-B832-836147F1F8DC}"
EndProject
Global
	GlobalSection(SolutionConfigurationPlatforms) = preSolution
		Debug|Any CPU = Debug|Any CPU
		Release|Any CPU = Release|Any CPU
	EndGlobalSection
	GlobalSection(ProjectConfigurationPlatforms) = postSolution
		{7A14CEF9-2CE1-467B-B832-836147F1F8DC}.Debug|Any CPU.ActiveCfg = Debug|Any CPU
		{7A14CEF9-2CE1-467B-B832-836147F1F8DC}.Debug|Any CPU.Build.0 = Debug|Any CPU
		{7A14CEF9-2CE1-467B-B832-836147F1F8DC}.Release|Any CPU.ActiveCfg = Release|Any CPU
		{7A14CEF9-2CE1-467B-B832-836147F1F8DC}.Release|Any CPU.Build.0 = Release|Any CPU
	EndGlobalSection
	GlobalSection(SolutionProperties) = preSolution
		HideSolutionNode = FALSE
	EndGlobalSection
	GlobalSection(ExtensibilityGlobals) = postSolution
		SolutionGuid = {EDBC23FA-245C-4150-977F-379911505696}
	EndGlobalSection
EndGlobal
