
Microsoft Visual Studio Solution File, Format Version 12.00
# Visual Studio Version 17
VisualStudioVersion = 17.8.34309.116
MinimumVisualStudioVersion = 10.0.40219.1
Project("{9A19103F-16F7-4668-BE54-9A1E7A4F7556}") = "Node_Selection_80", "Node_Selection_80.csproj", "{338FAB5C-A74A-4C0A-BDFC-A5167230FF4B}"
EndProject
Global
	GlobalSection(SolutionConfigurationPlatforms) = preSolution
		Debug|Any CPU = Debug|Any CPU
		Release|Any CPU = Release|Any CPU
	EndGlobalSection
	GlobalSection(ProjectConfigurationPlatforms) = postSolution
		{338FAB5C-A74A-4C0A-BDFC-A5167230FF4B}.Debug|Any CPU.ActiveCfg = Debug|Any CPU
		{338FAB5C-A74A-4C0A-BDFC-A5167230FF4B}.Debug|Any CPU.Build.0 = Debug|Any CPU
		{338FAB5C-A74A-4C0A-BDFC-A5167230FF4B}.Release|Any CPU.ActiveCfg = Release|Any CPU
		{338FAB5C-A74A-4C0A-BDFC-A5167230FF4B}.Release|Any CPU.Build.0 = Release|Any CPU
	EndGlobalSection
	GlobalSection(SolutionProperties) = preSolution
		HideSolutionNode = FALSE
	EndGlobalSection
	GlobalSection(ExtensibilityGlobals) = postSolution
		SolutionGuid = {B08DFD34-B5E7-42FE-B392-CD98B9B6A0AC}
	EndGlobalSection
EndGlobal
