
Microsoft Visual Studio Solution File, Format Version 12.00
# Visual Studio Version 17
VisualStudioVersion = 17.8.34330.188
MinimumVisualStudioVersion = 10.0.40219.1
Project("{9A19103F-16F7-4668-BE54-9A1E7A4F7556}") = "GridlinesCustomStyle_60", "GridlinesCustomStyle_60.csproj", "{C70CAAA7-2235-412C-ACD5-A40A415F9531}"
EndProject
Global
	GlobalSection(SolutionConfigurationPlatforms) = preSolution
		Debug|Any CPU = Debug|Any CPU
		Release|Any CPU = Release|Any CPU
	EndGlobalSection
	GlobalSection(ProjectConfigurationPlatforms) = postSolution
		{C70CAAA7-2235-412C-ACD5-A40A415F9531}.Debug|Any CPU.ActiveCfg = Debug|Any CPU
		{C70CAAA7-2235-412C-ACD5-A40A415F9531}.Debug|Any CPU.Build.0 = Debug|Any CPU
		{C70CAAA7-2235-412C-ACD5-A40A415F9531}.Release|Any CPU.ActiveCfg = Release|Any CPU
		{C70CAAA7-2235-412C-ACD5-A40A415F9531}.Release|Any CPU.Build.0 = Release|Any CPU
	EndGlobalSection
	GlobalSection(SolutionProperties) = preSolution
		HideSolutionNode = FALSE
	EndGlobalSection
	GlobalSection(ExtensibilityGlobals) = postSolution
		SolutionGuid = {D9E67AAB-119D-4AD1-8EBE-7BCFDB0C3BA4}
	EndGlobalSection
EndGlobal
