
Microsoft Visual Studio Solution File, Format Version 12.00
# Visual Studio Version 17
VisualStudioVersion = 17.8.34330.188
MinimumVisualStudioVersion = 10.0.40219.1
Project("{9A19103F-16F7-4668-BE54-9A1E7A4F7556}") = "AnnotationVisibility_60", "AnnotationVisibility_60.csproj", "{386D995C-E0B5-44EA-8D38-6AADF7D1D301}"
EndProject
Global
	GlobalSection(SolutionConfigurationPlatforms) = preSolution
		Debug|Any CPU = Debug|Any CPU
		Release|Any CPU = Release|Any CPU
	EndGlobalSection
	GlobalSection(ProjectConfigurationPlatforms) = postSolution
		{386D995C-E0B5-44EA-8D38-6AADF7D1D301}.Debug|Any CPU.ActiveCfg = Debug|Any CPU
		{386D995C-E0B5-44EA-8D38-6AADF7D1D301}.Debug|Any CPU.Build.0 = Debug|Any CPU
		{386D995C-E0B5-44EA-8D38-6AADF7D1D301}.Release|Any CPU.ActiveCfg = Release|Any CPU
		{386D995C-E0B5-44EA-8D38-6AADF7D1D301}.Release|Any CPU.Build.0 = Release|Any CPU
	EndGlobalSection
	GlobalSection(SolutionProperties) = preSolution
		HideSolutionNode = FALSE
	EndGlobalSection
	GlobalSection(ExtensibilityGlobals) = postSolution
		SolutionGuid = {DFDE32F5-DD30-4A65-8768-7D6824AB8678}
	EndGlobalSection
EndGlobal
