
Microsoft Visual Studio Solution File, Format Version 12.00
# Visual Studio Version 17
VisualStudioVersion = 17.13.35818.85 d17.13
MinimumVisualStudioVersion = 10.0.40219.1
Project("{FAE04EC0-301F-11D3-BF4B-00C04F79EFBC}") = "AnimatedConnector_462", "AnimatedConnector_462.csproj", "{C913D757-651B-4688-9A88-D46E5BBF5813}"
EndProject
Global
	GlobalSection(SolutionConfigurationPlatforms) = preSolution
		Debug|Any CPU = Debug|Any CPU
		Release|Any CPU = Release|Any CPU
	EndGlobalSection
	GlobalSection(ProjectConfigurationPlatforms) = postSolution
		{C913D757-651B-4688-9A88-D46E5BBF5813}.Debug|Any CPU.ActiveCfg = Debug|Any CPU
		{C913D757-651B-4688-9A88-D46E5BBF5813}.Debug|Any CPU.Build.0 = Debug|Any CPU
		{C913D757-651B-4688-9A88-D46E5BBF5813}.Release|Any CPU.ActiveCfg = Release|Any CPU
		{C913D757-651B-4688-9A88-D46E5BBF5813}.Release|Any CPU.Build.0 = Release|Any CPU
	EndGlobalSection
	GlobalSection(SolutionProperties) = preSolution
		HideSolutionNode = FALSE
	EndGlobalSection
	GlobalSection(ExtensibilityGlobals) = postSolution
		SolutionGuid = {37E03C98-4EC6-4234-9D35-26E1DE696243}
	EndGlobalSection
EndGlobal
