
Microsoft Visual Studio Solution File, Format Version 12.00
# Visual Studio Version 17
VisualStudioVersion = 17.8.34330.188
MinimumVisualStudioVersion = 10.0.40219.1
Project("{9A19103F-16F7-4668-BE54-9A1E7A4F7556}") = "HiddenExport_60", "HiddenExport_60.csproj", "{005274EF-11DB-4A8C-90C7-8F556379AFCB}"
EndProject
Global
	GlobalSection(SolutionConfigurationPlatforms) = preSolution
		Debug|Any CPU = Debug|Any CPU
		Release|Any CPU = Release|Any CPU
	EndGlobalSection
	GlobalSection(ProjectConfigurationPlatforms) = postSolution
		{005274EF-11DB-4A8C-90C7-8F556379AFCB}.Debug|Any CPU.ActiveCfg = Debug|Any CPU
		{005274EF-11DB-4A8C-90C7-8F556379AFCB}.Debug|Any CPU.Build.0 = Debug|Any CPU
		{005274EF-11DB-4A8C-90C7-8F556379AFCB}.Release|Any CPU.ActiveCfg = Release|Any CPU
		{005274EF-11DB-4A8C-90C7-8F556379AFCB}.Release|Any CPU.Build.0 = Release|Any CPU
	EndGlobalSection
	GlobalSection(SolutionProperties) = preSolution
		HideSolutionNode = FALSE
	EndGlobalSection
	GlobalSection(ExtensibilityGlobals) = postSolution
		SolutionGuid = {884A8AFA-9058-4957-BA20-A7FADE789F73}
	EndGlobalSection
EndGlobal
