
Microsoft Visual Studio Solution File, Format Version 12.00
# Visual Studio Version 17
VisualStudioVersion = 17.4.33205.214
MinimumVisualStudioVersion = 10.0.40219.1
Project("{FAE04EC0-301F-11D3-BF4B-00C04F79EFBC}") = "HiddenExport", "HiddenExport.csproj", "{88ABBD7E-2AB9-4A3C-9A0B-C6D1A1F3E798}"
EndProject
Global
	GlobalSection(SolutionConfigurationPlatforms) = preSolution
		Debug|Any CPU = Debug|Any CPU
		Release|Any CPU = Release|Any CPU
		Release-Xml|Any CPU = Release-Xml|Any CPU
	EndGlobalSection
	GlobalSection(ProjectConfigurationPlatforms) = postSolution
		{88ABBD7E-2AB9-4A3C-9A0B-C6D1A1F3E798}.Debug|Any CPU.ActiveCfg = Debug|Any CPU
		{88ABBD7E-2AB9-4A3C-9A0B-C6D1A1F3E798}.Debug|Any CPU.Build.0 = Debug|Any CPU
		{88ABBD7E-2AB9-4A3C-9A0B-C6D1A1F3E798}.Release|Any CPU.ActiveCfg = Release|Any CPU
		{88ABBD7E-2AB9-4A3C-9A0B-C6D1A1F3E798}.Release|Any CPU.Build.0 = Release|Any CPU
		{88ABBD7E-2AB9-4A3C-9A0B-C6D1A1F3E798}.Release-Xml|Any CPU.ActiveCfg = Release|Any CPU
		{88ABBD7E-2AB9-4A3C-9A0B-C6D1A1F3E798}.Release-Xml|Any CPU.Build.0 = Release|Any CPU
	EndGlobalSection
	GlobalSection(SolutionProperties) = preSolution
		HideSolutionNode = FALSE
	EndGlobalSection
	GlobalSection(ExtensibilityGlobals) = postSolution
		SolutionGuid = {F7CAAC29-A908-4E25-99A2-910336C69E0D}
	EndGlobalSection
EndGlobal
