
Microsoft Visual Studio Solution File, Format Version 12.00
# Visual Studio Version 17
VisualStudioVersion = 17.8.34330.188
MinimumVisualStudioVersion = 10.0.40219.1
Project("{9A19103F-16F7-4668-BE54-9A1E7A4F7556}") = "ConnectorAppearance_80", "ConnectorAppearance_80.csproj", "{CBBF670C-F621-498D-8475-92611D151C28}"
EndProject
Global
	GlobalSection(SolutionConfigurationPlatforms) = preSolution
		Debug|Any CPU = Debug|Any CPU
		Release|Any CPU = Release|Any CPU
	EndGlobalSection
	GlobalSection(ProjectConfigurationPlatforms) = postSolution
		{CBBF670C-F621-498D-8475-92611D151C28}.Debug|Any CPU.ActiveCfg = Debug|Any CPU
		{CBBF670C-F621-498D-8475-92611D151C28}.Debug|Any CPU.Build.0 = Debug|Any CPU
		{CBBF670C-F621-498D-8475-92611D151C28}.Release|Any CPU.ActiveCfg = Release|Any CPU
		{CBBF670C-F621-498D-8475-92611D151C28}.Release|Any CPU.Build.0 = Release|Any CPU
	EndGlobalSection
	GlobalSection(SolutionProperties) = preSolution
		HideSolutionNode = FALSE
	EndGlobalSection
	GlobalSection(ExtensibilityGlobals) = postSolution
		SolutionGuid = {1A3AE55B-B79B-494A-9BBE-7E2112B2A154}
	EndGlobalSection
EndGlobal
