
Microsoft Visual Studio Solution File, Format Version 12.00
# Visual Studio Version 16
VisualStudioVersion = 16.0.29519.161
MinimumVisualStudioVersion = 10.0.40219.1
Project("{FAE04EC0-301F-11D3-BF4B-00C04F79EFBC}") = "NodeProperties", "NodeProperties.csproj", "{1AB31F73-1C02-4BDD-BA92-5A98BDDAA075}"
EndProject
Global
	GlobalSection(SolutionConfigurationPlatforms) = preSolution
		Debug|Any CPU = Debug|Any CPU
		Release|Any CPU = Release|Any CPU
	EndGlobalSection
	GlobalSection(ProjectConfigurationPlatforms) = postSolution
		{1AB31F73-1C02-4BDD-BA92-5A98BDDAA075}.Debug|Any CPU.ActiveCfg = Debug|Any CPU
		{1AB31F73-1C02-4BDD-BA92-5A98BDDAA075}.Debug|Any CPU.Build.0 = Debug|Any CPU
		{1AB31F73-1C02-4BDD-BA92-5A98BDDAA075}.Release|Any CPU.ActiveCfg = Release|Any CPU
		{1AB31F73-1C02-4BDD-BA92-5A98BDDAA075}.Release|Any CPU.Build.0 = Release|Any CPU
	EndGlobalSection
	GlobalSection(SolutionProperties) = preSolution
		HideSolutionNode = FALSE
	EndGlobalSection
	GlobalSection(ExtensibilityGlobals) = postSolution
		SolutionGuid = {87CCF188-1913-4A78-9C38-9CED75E3C80A}
	EndGlobalSection
EndGlobal
