
Microsoft Visual Studio Solution File, Format Version 12.00
# Visual Studio Version 17
VisualStudioVersion = 17.8.34330.188
MinimumVisualStudioVersion = 10.0.40219.1
Project("{9A19103F-16F7-4668-BE54-9A1E7A4F7556}") = "StraightSegment_80", "StraightSegment_80.csproj", "{B499FE83-40A4-4D09-B7CF-AD2B639CCC77}"
EndProject
Global
	GlobalSection(SolutionConfigurationPlatforms) = preSolution
		Debug|Any CPU = Debug|Any CPU
		Release|Any CPU = Release|Any CPU
	EndGlobalSection
	GlobalSection(ProjectConfigurationPlatforms) = postSolution
		{B499FE83-40A4-4D09-B7CF-AD2B639CCC77}.Debug|Any CPU.ActiveCfg = Debug|Any CPU
		{B499FE83-40A4-4D09-B7CF-AD2B639CCC77}.Debug|Any CPU.Build.0 = Debug|Any CPU
		{B499FE83-40A4-4D09-B7CF-AD2B639CCC77}.Release|Any CPU.ActiveCfg = Release|Any CPU
		{B499FE83-40A4-4D09-B7CF-AD2B639CCC77}.Release|Any CPU.Build.0 = Release|Any CPU
	EndGlobalSection
	GlobalSection(SolutionProperties) = preSolution
		HideSolutionNode = FALSE
	EndGlobalSection
	GlobalSection(ExtensibilityGlobals) = postSolution
		SolutionGuid = {9313DB31-3A05-434F-A3B3-5AE362622808}
	EndGlobalSection
EndGlobal
