
Microsoft Visual Studio Solution File, Format Version 12.00
# Visual Studio Version 17
VisualStudioVersion = 17.8.34330.188
MinimumVisualStudioVersion = 10.0.40219.1
Project("{9A19103F-16F7-4668-BE54-9A1E7A4F7556}") = "ScrollSettingsSample_60", "ScrollSettingsSample_60.csproj", "{439E1300-BF16-41D7-B567-10616E49B4BA}"
EndProject
Global
	GlobalSection(SolutionConfigurationPlatforms) = preSolution
		Debug|Any CPU = Debug|Any CPU
		Release|Any CPU = Release|Any CPU
	EndGlobalSection
	GlobalSection(ProjectConfigurationPlatforms) = postSolution
		{439E1300-BF16-41D7-B567-10616E49B4BA}.Debug|Any CPU.ActiveCfg = Debug|Any CPU
		{439E1300-BF16-41D7-B567-10616E49B4BA}.Debug|Any CPU.Build.0 = Debug|Any CPU
		{439E1300-BF16-41D7-B567-10616E49B4BA}.Release|Any CPU.ActiveCfg = Release|Any CPU
		{439E1300-BF16-41D7-B567-10616E49B4BA}.Release|Any CPU.Build.0 = Release|Any CPU
	EndGlobalSection
	GlobalSection(SolutionProperties) = preSolution
		HideSolutionNode = FALSE
	EndGlobalSection
	GlobalSection(ExtensibilityGlobals) = postSolution
		SolutionGuid = {B04885EA-088D-443A-9D07-2ADAEE129A4A}
	EndGlobalSection
EndGlobal
