
Microsoft Visual Studio Solution File, Format Version 12.00
# Visual Studio Version 16
VisualStudioVersion = 16.0.29519.161
MinimumVisualStudioVersion = 10.0.40219.1
Project("{FAE04EC0-301F-11D3-BF4B-00C04F79EFBC}") = "VisualizeNode", "VisualizeNode.csproj", "{F6ED1346-76A5-413B-952B-DC1601CD9F73}"
EndProject
Global
	GlobalSection(SolutionConfigurationPlatforms) = preSolution
		Debug|Any CPU = Debug|Any CPU
		Release|Any CPU = Release|Any CPU
	EndGlobalSection
	GlobalSection(ProjectConfigurationPlatforms) = postSolution
		{F6ED1346-76A5-413B-952B-DC1601CD9F73}.Debug|Any CPU.ActiveCfg = Debug|Any CPU
		{F6ED1346-76A5-413B-952B-DC1601CD9F73}.Debug|Any CPU.Build.0 = Debug|Any CPU
		{F6ED1346-76A5-413B-952B-DC1601CD9F73}.Release|Any CPU.ActiveCfg = Release|Any CPU
		{F6ED1346-76A5-413B-952B-DC1601CD9F73}.Release|Any CPU.Build.0 = Release|Any CPU
	EndGlobalSection
	GlobalSection(SolutionProperties) = preSolution
		HideSolutionNode = FALSE
	EndGlobalSection
	GlobalSection(ExtensibilityGlobals) = postSolution
		SolutionGuid = {D6F41BE2-97BF-401C-9C5B-BC816A066B7F}
	EndGlobalSection
EndGlobal
