
Microsoft Visual Studio Solution File, Format Version 12.00
# Visual Studio Version 17
VisualStudioVersion = 17.8.34330.188
MinimumVisualStudioVersion = 10.0.40219.1
Project("{FAE04EC0-301F-11D3-BF4B-00C04F79EFBC}") = "Selection_Override_462", "Selection_Override_462.csproj", "{4BE44EC9-525C-4856-A2FA-0293387ACD4D}"
EndProject
Global
	GlobalSection(SolutionConfigurationPlatforms) = preSolution
		Debug|Any CPU = Debug|Any CPU
		Release|Any CPU = Release|Any CPU
	EndGlobalSection
	GlobalSection(ProjectConfigurationPlatforms) = postSolution
		{4BE44EC9-525C-4856-A2FA-0293387ACD4D}.Debug|Any CPU.ActiveCfg = Debug|Any CPU
		{4BE44EC9-525C-4856-A2FA-0293387ACD4D}.Debug|Any CPU.Build.0 = Debug|Any CPU
		{4BE44EC9-525C-4856-A2FA-0293387ACD4D}.Release|Any CPU.ActiveCfg = Release|Any CPU
		{4BE44EC9-525C-4856-A2FA-0293387ACD4D}.Release|Any CPU.Build.0 = Release|Any CPU
	EndGlobalSection
	GlobalSection(SolutionProperties) = preSolution
		HideSolutionNode = FALSE
	EndGlobalSection
	GlobalSection(ExtensibilityGlobals) = postSolution
		SolutionGuid = {D29B5725-5ED4-4380-9F00-06CD02AE249C}
	EndGlobalSection
EndGlobal
