
Microsoft Visual Studio Solution File, Format Version 12.00
# Visual Studio Version 17
VisualStudioVersion = 17.4.33205.214
MinimumVisualStudioVersion = 10.0.40219.1
Project("{FAE04EC0-301F-11D3-BF4B-00C04F79EFBC}") = "UseCaseDiagram", "UseCaseDiagram\UseCaseDiagram.csproj", "{088DCB76-9AD5-4562-8374-6E5AB3E704BA}"
EndProject
Global
	GlobalSection(SolutionConfigurationPlatforms) = preSolution
		Debug|Any CPU = Debug|Any CPU
		Release|Any CPU = Release|Any CPU
		Release-Xml|Any CPU = Release-Xml|Any CPU
	EndGlobalSection
	GlobalSection(ProjectConfigurationPlatforms) = postSolution
		{088DCB76-9AD5-4562-8374-6E5AB3E704BA}.Debug|Any CPU.ActiveCfg = Debug|Any CPU
		{088DCB76-9AD5-4562-8374-6E5AB3E704BA}.Debug|Any CPU.Build.0 = Debug|Any CPU
		{088DCB76-9AD5-4562-8374-6E5AB3E704BA}.Release|Any CPU.ActiveCfg = Release|Any CPU
		{088DCB76-9AD5-4562-8374-6E5AB3E704BA}.Release|Any CPU.Build.0 = Release|Any CPU
		{088DCB76-9AD5-4562-8374-6E5AB3E704BA}.Release-Xml|Any CPU.ActiveCfg = Release|Any CPU
		{088DCB76-9AD5-4562-8374-6E5AB3E704BA}.Release-Xml|Any CPU.Build.0 = Release|Any CPU
	EndGlobalSection
	GlobalSection(SolutionProperties) = preSolution
		HideSolutionNode = FALSE
	EndGlobalSection
	GlobalSection(ExtensibilityGlobals) = postSolution
		SolutionGuid = {FBE180E8-B145-4076-888D-457C2A15C366}
	EndGlobalSection
EndGlobal
