
Microsoft Visual Studio Solution File, Format Version 12.00
# Visual Studio Version 17
VisualStudioVersion = 17.8.34330.188
MinimumVisualStudioVersion = 10.0.40219.1
Project("{9A19103F-16F7-4668-BE54-9A1E7A4F7556}") = "Mindmap Layout_60", "Mindmap Layout_60.csproj", "{C32A9556-4BF3-4586-8FFD-7A5776827BB5}"
EndProject
Global
	GlobalSection(SolutionConfigurationPlatforms) = preSolution
		Debug|Any CPU = Debug|Any CPU
		Release|Any CPU = Release|Any CPU
	EndGlobalSection
	GlobalSection(ProjectConfigurationPlatforms) = postSolution
		{C32A9556-4BF3-4586-8FFD-7A5776827BB5}.Debug|Any CPU.ActiveCfg = Debug|Any CPU
		{C32A9556-4BF3-4586-8FFD-7A5776827BB5}.Debug|Any CPU.Build.0 = Debug|Any CPU
		{C32A9556-4BF3-4586-8FFD-7A5776827BB5}.Release|Any CPU.ActiveCfg = Release|Any CPU
		{C32A9556-4BF3-4586-8FFD-7A5776827BB5}.Release|Any CPU.Build.0 = Release|Any CPU
	EndGlobalSection
	GlobalSection(SolutionProperties) = preSolution
		HideSolutionNode = FALSE
	EndGlobalSection
	GlobalSection(ExtensibilityGlobals) = postSolution
		SolutionGuid = {AB85A14A-EA68-43BE-A04B-9098ECC2F367}
	EndGlobalSection
EndGlobal
