
Microsoft Visual Studio Solution File, Format Version 12.00
# Visual Studio Version 17
VisualStudioVersion = 17.8.34330.188
MinimumVisualStudioVersion = 10.0.40219.1
Project("{9A19103F-16F7-4668-BE54-9A1E7A4F7556}") = "TreeviewToDiagram_60", "TreeviewToDiagram_60.csproj", "{DE672A9C-7560-45D2-A192-A7FF90A7A9BF}"
EndProject
Global
	GlobalSection(SolutionConfigurationPlatforms) = preSolution
		Debug|Any CPU = Debug|Any CPU
		Release|Any CPU = Release|Any CPU
	EndGlobalSection
	GlobalSection(ProjectConfigurationPlatforms) = postSolution
		{DE672A9C-7560-45D2-A192-A7FF90A7A9BF}.Debug|Any CPU.ActiveCfg = Debug|Any CPU
		{DE672A9C-7560-45D2-A192-A7FF90A7A9BF}.Debug|Any CPU.Build.0 = Debug|Any CPU
		{DE672A9C-7560-45D2-A192-A7FF90A7A9BF}.Release|Any CPU.ActiveCfg = Release|Any CPU
		{DE672A9C-7560-45D2-A192-A7FF90A7A9BF}.Release|Any CPU.Build.0 = Release|Any CPU
	EndGlobalSection
	GlobalSection(SolutionProperties) = preSolution
		HideSolutionNode = FALSE
	EndGlobalSection
	GlobalSection(ExtensibilityGlobals) = postSolution
		SolutionGuid = {ADCEA8A4-99A7-41AB-BA2D-EE2170421CEC}
	EndGlobalSection
EndGlobal
