
Microsoft Visual Studio Solution File, Format Version 12.00
# Visual Studio Version 17
VisualStudioVersion = 17.8.34330.188
MinimumVisualStudioVersion = 10.0.40219.1
Project("{9A19103F-16F7-4668-BE54-9A1E7A4F7556}") = "TreeviewToDiagram_80", "TreeviewToDiagram_80.csproj", "{CE97146F-18E0-4BC8-BF0C-695710E9AB80}"
EndProject
Global
	GlobalSection(SolutionConfigurationPlatforms) = preSolution
		Debug|Any CPU = Debug|Any CPU
		Release|Any CPU = Release|Any CPU
	EndGlobalSection
	GlobalSection(ProjectConfigurationPlatforms) = postSolution
		{CE97146F-18E0-4BC8-BF0C-695710E9AB80}.Debug|Any CPU.ActiveCfg = Debug|Any CPU
		{CE97146F-18E0-4BC8-BF0C-695710E9AB80}.Debug|Any CPU.Build.0 = Debug|Any CPU
		{CE97146F-18E0-4BC8-BF0C-695710E9AB80}.Release|Any CPU.ActiveCfg = Release|Any CPU
		{CE97146F-18E0-4BC8-BF0C-695710E9AB80}.Release|Any CPU.Build.0 = Release|Any CPU
	EndGlobalSection
	GlobalSection(SolutionProperties) = preSolution
		HideSolutionNode = FALSE
	EndGlobalSection
	GlobalSection(ExtensibilityGlobals) = postSolution
		SolutionGuid = {B27A5DEA-288A-487B-8D30-1F6421483A43}
	EndGlobalSection
EndGlobal
