
Microsoft Visual Studio Solution File, Format Version 12.00
# Visual Studio Version 17
VisualStudioVersion = 17.4.33103.184
MinimumVisualStudioVersion = 10.0.40219.1
Project("{FAE04EC0-301F-11D3-BF4B-00C04F79EFBC}") = "DiagramApplicationTest", "DiagramApplicationTest.csproj", "{D93338BA-7611-4EA1-B653-262FB002B2C9}"
EndProject
Global
	GlobalSection(SolutionConfigurationPlatforms) = preSolution
		Debug|Any CPU = Debug|Any CPU
		Release|Any CPU = Release|Any CPU
	EndGlobalSection
	GlobalSection(ProjectConfigurationPlatforms) = postSolution
		{D93338BA-7611-4EA1-B653-262FB002B2C9}.Debug|Any CPU.ActiveCfg = Debug|Any CPU
		{D93338BA-7611-4EA1-B653-262FB002B2C9}.Debug|Any CPU.Build.0 = Debug|Any CPU
		{D93338BA-7611-4EA1-B653-262FB002B2C9}.Release|Any CPU.ActiveCfg = Release|Any CPU
		{D93338BA-7611-4EA1-B653-262FB002B2C9}.Release|Any CPU.Build.0 = Release|Any CPU
	EndGlobalSection
	GlobalSection(SolutionProperties) = preSolution
		HideSolutionNode = FALSE
	EndGlobalSection
	GlobalSection(ExtensibilityGlobals) = postSolution
		SolutionGuid = {10BCA46D-2EB2-49D8-AEBA-B7DCA5001E99}
	EndGlobalSection
EndGlobal
