
Microsoft Visual Studio Solution File, Format Version 12.00
# Visual Studio Version 17
VisualStudioVersion = 17.13.35818.85 d17.13
MinimumVisualStudioVersion = 10.0.40219.1
Project("{FAE04EC0-301F-11D3-BF4B-00C04F79EFBC}") = "RestrictChildDraggingInGroup_462", "RestrictChildDraggingInGroup_462.csproj", "{5B846C00-735D-4EB8-A86D-20D119EB9884}"
EndProject
Global
	GlobalSection(SolutionConfigurationPlatforms) = preSolution
		Debug|Any CPU = Debug|Any CPU
		Release|Any CPU = Release|Any CPU
	EndGlobalSection
	GlobalSection(ProjectConfigurationPlatforms) = postSolution
		{5B846C00-735D-4EB8-A86D-20D119EB9884}.Debug|Any CPU.ActiveCfg = Debug|Any CPU
		{5B846C00-735D-4EB8-A86D-20D119EB9884}.Debug|Any CPU.Build.0 = Debug|Any CPU
		{5B846C00-735D-4EB8-A86D-20D119EB9884}.Release|Any CPU.ActiveCfg = Release|Any CPU
		{5B846C00-735D-4EB8-A86D-20D119EB9884}.Release|Any CPU.Build.0 = Release|Any CPU
	EndGlobalSection
	GlobalSection(SolutionProperties) = preSolution
		HideSolutionNode = FALSE
	EndGlobalSection
	GlobalSection(ExtensibilityGlobals) = postSolution
		SolutionGuid = {E24570D8-6B04-4934-BD4C-EC36316B252E}
	EndGlobalSection
EndGlobal
