
Microsoft Visual Studio Solution File, Format Version 12.00
# Visual Studio Version 17
VisualStudioVersion = 17.8.34330.188
MinimumVisualStudioVersion = 10.0.40219.1
Project("{9A19103F-16F7-4668-BE54-9A1E7A4F7556}") = "Zoom Command_80", "Zoom Command_80.csproj", "{508DA0D9-4377-40B5-B9FD-13BB16B3E77B}"
EndProject
Global
	GlobalSection(SolutionConfigurationPlatforms) = preSolution
		Debug|Any CPU = Debug|Any CPU
		Release|Any CPU = Release|Any CPU
	EndGlobalSection
	GlobalSection(ProjectConfigurationPlatforms) = postSolution
		{508DA0D9-4377-40B5-B9FD-13BB16B3E77B}.Debug|Any CPU.ActiveCfg = Debug|Any CPU
		{508DA0D9-4377-40B5-B9FD-13BB16B3E77B}.Debug|Any CPU.Build.0 = Debug|Any CPU
		{508DA0D9-4377-40B5-B9FD-13BB16B3E77B}.Release|Any CPU.ActiveCfg = Release|Any CPU
		{508DA0D9-4377-40B5-B9FD-13BB16B3E77B}.Release|Any CPU.Build.0 = Release|Any CPU
	EndGlobalSection
	GlobalSection(SolutionProperties) = preSolution
		HideSolutionNode = FALSE
	EndGlobalSection
	GlobalSection(ExtensibilityGlobals) = postSolution
		SolutionGuid = {98EA4564-9EF4-4200-ACD9-9E164E4A6F86}
	EndGlobalSection
EndGlobal
