
Microsoft Visual Studio Solution File, Format Version 12.00
# Visual Studio Version 17
VisualStudioVersion = 17.8.34330.188
MinimumVisualStudioVersion = 10.0.40219.1
Project("{FAE04EC0-301F-11D3-BF4B-00C04F79EFBC}") = "Zoom Command_462", "Zoom Command_462.csproj", "{05A0FB24-A4A1-4BB8-9E11-29DE4E0A14E3}"
EndProject
Global
	GlobalSection(SolutionConfigurationPlatforms) = preSolution
		Debug|Any CPU = Debug|Any CPU
		Release|Any CPU = Release|Any CPU
	EndGlobalSection
	GlobalSection(ProjectConfigurationPlatforms) = postSolution
		{05A0FB24-A4A1-4BB8-9E11-29DE4E0A14E3}.Debug|Any CPU.ActiveCfg = Debug|Any CPU
		{05A0FB24-A4A1-4BB8-9E11-29DE4E0A14E3}.Debug|Any CPU.Build.0 = Debug|Any CPU
		{05A0FB24-A4A1-4BB8-9E11-29DE4E0A14E3}.Release|Any CPU.ActiveCfg = Release|Any CPU
		{05A0FB24-A4A1-4BB8-9E11-29DE4E0A14E3}.Release|Any CPU.Build.0 = Release|Any CPU
	EndGlobalSection
	GlobalSection(SolutionProperties) = preSolution
		HideSolutionNode = FALSE
	EndGlobalSection
	GlobalSection(ExtensibilityGlobals) = postSolution
		SolutionGuid = {7CC79F84-5458-480B-9396-BB4CF04C4AEC}
	EndGlobalSection
EndGlobal
