
Microsoft Visual Studio Solution File, Format Version 12.00
# Visual Studio Version 17
VisualStudioVersion = 17.8.34330.188
MinimumVisualStudioVersion = 10.0.40219.1
Project("{FAE04EC0-301F-11D3-BF4B-00C04F79EFBC}") = "PortsCustomize_462", "PortsCustomize_462.csproj", "{050AA84D-7CB0-459D-8A91-1362D944149B}"
EndProject
Global
	GlobalSection(SolutionConfigurationPlatforms) = preSolution
		Debug|Any CPU = Debug|Any CPU
		Release|Any CPU = Release|Any CPU
	EndGlobalSection
	GlobalSection(ProjectConfigurationPlatforms) = postSolution
		{050AA84D-7CB0-459D-8A91-1362D944149B}.Debug|Any CPU.ActiveCfg = Debug|Any CPU
		{050AA84D-7CB0-459D-8A91-1362D944149B}.Debug|Any CPU.Build.0 = Debug|Any CPU
		{050AA84D-7CB0-459D-8A91-1362D944149B}.Release|Any CPU.ActiveCfg = Release|Any CPU
		{050AA84D-7CB0-459D-8A91-1362D944149B}.Release|Any CPU.Build.0 = Release|Any CPU
	EndGlobalSection
	GlobalSection(SolutionProperties) = preSolution
		HideSolutionNode = FALSE
	EndGlobalSection
	GlobalSection(ExtensibilityGlobals) = postSolution
		SolutionGuid = {68BCA579-8FC1-4806-BA85-4DA60B29C50F}
	EndGlobalSection
EndGlobal
