
Microsoft Visual Studio Solution File, Format Version 12.00
# Visual Studio Version 17
VisualStudioVersion = 17.8.34330.188
MinimumVisualStudioVersion = 10.0.40219.1
Project("{9A19103F-16F7-4668-BE54-9A1E7A4F7556}") = "FlowchartCreator_60", "FlowchartCreator_60.csproj", "{81BD23D5-7C98-44BC-BD99-586ACE56A89A}"
EndProject
Global
	GlobalSection(SolutionConfigurationPlatforms) = preSolution
		Debug|Any CPU = Debug|Any CPU
		Release|Any CPU = Release|Any CPU
	EndGlobalSection
	GlobalSection(ProjectConfigurationPlatforms) = postSolution
		{81BD23D5-7C98-44BC-BD99-586ACE56A89A}.Debug|Any CPU.ActiveCfg = Debug|Any CPU
		{81BD23D5-7C98-44BC-BD99-586ACE56A89A}.Debug|Any CPU.Build.0 = Debug|Any CPU
		{81BD23D5-7C98-44BC-BD99-586ACE56A89A}.Release|Any CPU.ActiveCfg = Release|Any CPU
		{81BD23D5-7C98-44BC-BD99-586ACE56A89A}.Release|Any CPU.Build.0 = Release|Any CPU
	EndGlobalSection
	GlobalSection(SolutionProperties) = preSolution
		HideSolutionNode = FALSE
	EndGlobalSection
	GlobalSection(ExtensibilityGlobals) = postSolution
		SolutionGuid = {3F67AC76-8202-4AEB-87DF-BC70C371D6D5}
	EndGlobalSection
EndGlobal
