
Microsoft Visual Studio Solution File, Format Version 12.00
# Visual Studio Version 16
VisualStudioVersion = 16.0.29519.161
MinimumVisualStudioVersion = 10.0.40219.1
Project("{FAE04EC0-301F-11D3-BF4B-00C04F79EFBC}") = "BuiltinTheme", "BuiltinTheme.csproj", "{AEBD3758-DC5E-4345-AE46-E04DAE3706EF}"
EndProject
Global
	GlobalSection(SolutionConfigurationPlatforms) = preSolution
		Debug|Any CPU = Debug|Any CPU
		Release|Any CPU = Release|Any CPU
	EndGlobalSection
	GlobalSection(ProjectConfigurationPlatforms) = postSolution
		{AEBD3758-DC5E-4345-AE46-E04DAE3706EF}.Debug|Any CPU.ActiveCfg = Debug|Any CPU
		{AEBD3758-DC5E-4345-AE46-E04DAE3706EF}.Debug|Any CPU.Build.0 = Debug|Any CPU
		{AEBD3758-DC5E-4345-AE46-E04DAE3706EF}.Release|Any CPU.ActiveCfg = Release|Any CPU
		{AEBD3758-DC5E-4345-AE46-E04DAE3706EF}.Release|Any CPU.Build.0 = Release|Any CPU
	EndGlobalSection
	GlobalSection(SolutionProperties) = preSolution
		HideSolutionNode = FALSE
	EndGlobalSection
	GlobalSection(ExtensibilityGlobals) = postSolution
		SolutionGuid = {A42232A6-0C6F-43BC-9B57-6D6C9F4C91E1}
	EndGlobalSection
EndGlobal
