
Microsoft Visual Studio Solution File, Format Version 12.00
# Visual Studio Version 17
VisualStudioVersion = 17.8.34330.188
MinimumVisualStudioVersion = 10.0.40219.1
Project("{9A19103F-16F7-4668-BE54-9A1E7A4F7556}") = "BuiltinTheme_60", "BuiltinTheme_60.csproj", "{6A085BB7-F80F-45A0-AB39-2D198C9754C3}"
EndProject
Global
	GlobalSection(SolutionConfigurationPlatforms) = preSolution
		Debug|Any CPU = Debug|Any CPU
		Release|Any CPU = Release|Any CPU
	EndGlobalSection
	GlobalSection(ProjectConfigurationPlatforms) = postSolution
		{6A085BB7-F80F-45A0-AB39-2D198C9754C3}.Debug|Any CPU.ActiveCfg = Debug|Any CPU
		{6A085BB7-F80F-45A0-AB39-2D198C9754C3}.Debug|Any CPU.Build.0 = Debug|Any CPU
		{6A085BB7-F80F-45A0-AB39-2D198C9754C3}.Release|Any CPU.ActiveCfg = Release|Any CPU
		{6A085BB7-F80F-45A0-AB39-2D198C9754C3}.Release|Any CPU.Build.0 = Release|Any CPU
	EndGlobalSection
	GlobalSection(SolutionProperties) = preSolution
		HideSolutionNode = FALSE
	EndGlobalSection
	GlobalSection(ExtensibilityGlobals) = postSolution
		SolutionGuid = {6127ECB3-603F-4A4F-A271-722F7A7D9146}
	EndGlobalSection
EndGlobal
