
Microsoft Visual Studio Solution File, Format Version 12.00
# Visual Studio Version 17
VisualStudioVersion = 17.8.34330.188
MinimumVisualStudioVersion = 10.0.40219.1
Project("{9A19103F-16F7-4668-BE54-9A1E7A4F7556}") = "SymbolGroupViewModels_80", "SymbolGroupViewModels_80.csproj", "{FC12F24E-A14F-4CD5-B682-213B8439498F}"
EndProject
Global
	GlobalSection(SolutionConfigurationPlatforms) = preSolution
		Debug|Any CPU = Debug|Any CPU
		Release|Any CPU = Release|Any CPU
	EndGlobalSection
	GlobalSection(ProjectConfigurationPlatforms) = postSolution
		{FC12F24E-A14F-4CD5-B682-213B8439498F}.Debug|Any CPU.ActiveCfg = Debug|Any CPU
		{FC12F24E-A14F-4CD5-B682-213B8439498F}.Debug|Any CPU.Build.0 = Debug|Any CPU
		{FC12F24E-A14F-4CD5-B682-213B8439498F}.Release|Any CPU.ActiveCfg = Release|Any CPU
		{FC12F24E-A14F-4CD5-B682-213B8439498F}.Release|Any CPU.Build.0 = Release|Any CPU
	EndGlobalSection
	GlobalSection(SolutionProperties) = preSolution
		HideSolutionNode = FALSE
	EndGlobalSection
	GlobalSection(ExtensibilityGlobals) = postSolution
		SolutionGuid = {14B018A5-B30A-4628-B99C-70066C3C4FDA}
	EndGlobalSection
EndGlobal
