
Microsoft Visual Studio Solution File, Format Version 12.00
# Visual Studio Version 17
VisualStudioVersion = 17.8.34330.188
MinimumVisualStudioVersion = 10.0.40219.1
Project("{9A19103F-16F7-4668-BE54-9A1E7A4F7556}") = "SetCursorKBSample_80", "SetCursorKBSample_80.csproj", "{DCF466AF-D942-4767-9B10-99534ED26E9F}"
EndProject
Global
	GlobalSection(SolutionConfigurationPlatforms) = preSolution
		Debug|Any CPU = Debug|Any CPU
		Release|Any CPU = Release|Any CPU
	EndGlobalSection
	GlobalSection(ProjectConfigurationPlatforms) = postSolution
		{DCF466AF-D942-4767-9B10-99534ED26E9F}.Debug|Any CPU.ActiveCfg = Debug|Any CPU
		{DCF466AF-D942-4767-9B10-99534ED26E9F}.Debug|Any CPU.Build.0 = Debug|Any CPU
		{DCF466AF-D942-4767-9B10-99534ED26E9F}.Release|Any CPU.ActiveCfg = Release|Any CPU
		{DCF466AF-D942-4767-9B10-99534ED26E9F}.Release|Any CPU.Build.0 = Release|Any CPU
	EndGlobalSection
	GlobalSection(SolutionProperties) = preSolution
		HideSolutionNode = FALSE
	EndGlobalSection
	GlobalSection(ExtensibilityGlobals) = postSolution
		SolutionGuid = {E3176B5D-B157-4033-A31D-6C0DA1231DDA}
	EndGlobalSection
EndGlobal
