Microsoft Visual Studio Solution File, Format Version 12.00
# Visual Studio Version 17
VisualStudioVersion = 17.8.226.21692
MinimumVisualStudioVersion = 10.0.40219.1
Project("{FAE04EC0-301F-11D3-BF4B-00C04F79EFBC}") = "CustomizeExport_80", "CustomizeExport_80.csproj", "{355139D5-C5BB-487B-99B9-9BA3DB243A81}"
EndProject
Global
	GlobalSection(SolutionConfigurationPlatforms) = preSolution
		Debug|Any CPU = Debug|Any CPU
		Release|Any CPU = Release|Any CPU
	EndGlobalSection
	GlobalSection(ProjectConfigurationPlatforms) = postSolution
		{355139D5-C5BB-487B-99B9-9BA3DB243A81}.Debug|Any CPU.ActiveCfg = Debug|Any CPU
		{355139D5-C5BB-487B-99B9-9BA3DB243A81}.Debug|Any CPU.Build.0 = Debug|Any CPU
		{355139D5-C5BB-487B-99B9-9BA3DB243A81}.Release|Any CPU.ActiveCfg = Release|Any CPU
		{355139D5-C5BB-487B-99B9-9BA3DB243A81}.Release|Any CPU.Build.0 = Release|Any CPU
	EndGlobalSection
	GlobalSection(SolutionProperties) = preSolution
		HideSolutionNode = FALSE
	EndGlobalSection
	GlobalSection(ExtensibilityGlobals) = postSolution
		SolutionGuid = {08394A87-E464-4507-AB31-9403989F56C3}
	EndGlobalSection
EndGlobal
