
Microsoft Visual Studio Solution File, Format Version 12.00
# Visual Studio Version 17
VisualStudioVersion = 17.8.34330.188
MinimumVisualStudioVersion = 10.0.40219.1
Project("{9A19103F-16F7-4668-BE54-9A1E7A4F7556}") = "Serialization WPF_60", "Serialization WPF_60.csproj", "{1A5113D4-1624-48B3-B51B-7E9369718CCE}"
EndProject
Global
	GlobalSection(SolutionConfigurationPlatforms) = preSolution
		Debug|Any CPU = Debug|Any CPU
		Release|Any CPU = Release|Any CPU
	EndGlobalSection
	GlobalSection(ProjectConfigurationPlatforms) = postSolution
		{1A5113D4-1624-48B3-B51B-7E9369718CCE}.Debug|Any CPU.ActiveCfg = Debug|Any CPU
		{1A5113D4-1624-48B3-B51B-7E9369718CCE}.Debug|Any CPU.Build.0 = Debug|Any CPU
		{1A5113D4-1624-48B3-B51B-7E9369718CCE}.Release|Any CPU.ActiveCfg = Release|Any CPU
		{1A5113D4-1624-48B3-B51B-7E9369718CCE}.Release|Any CPU.Build.0 = Release|Any CPU
	EndGlobalSection
	GlobalSection(SolutionProperties) = preSolution
		HideSolutionNode = FALSE
	EndGlobalSection
	GlobalSection(ExtensibilityGlobals) = postSolution
		SolutionGuid = {A53C8E06-4E23-4D13-9840-3C52C0A4F71D}
	EndGlobalSection
EndGlobal
