
Microsoft Visual Studio Solution File, Format Version 12.00
# Visual Studio Version 17
VisualStudioVersion = 17.8.34330.188
MinimumVisualStudioVersion = 10.0.40219.1
Project("{9A19103F-16F7-4668-BE54-9A1E7A4F7556}") = "Virtualization_60", "Virtualization_60.csproj", "{07D6A78A-F216-493E-840D-8C520CE0F023}"
EndProject
Global
	GlobalSection(SolutionConfigurationPlatforms) = preSolution
		Debug|Any CPU = Debug|Any CPU
		Release|Any CPU = Release|Any CPU
	EndGlobalSection
	GlobalSection(ProjectConfigurationPlatforms) = postSolution
		{07D6A78A-F216-493E-840D-8C520CE0F023}.Debug|Any CPU.ActiveCfg = Debug|Any CPU
		{07D6A78A-F216-493E-840D-8C520CE0F023}.Debug|Any CPU.Build.0 = Debug|Any CPU
		{07D6A78A-F216-493E-840D-8C520CE0F023}.Release|Any CPU.ActiveCfg = Release|Any CPU
		{07D6A78A-F216-493E-840D-8C520CE0F023}.Release|Any CPU.Build.0 = Release|Any CPU
	EndGlobalSection
	GlobalSection(SolutionProperties) = preSolution
		HideSolutionNode = FALSE
	EndGlobalSection
	GlobalSection(ExtensibilityGlobals) = postSolution
		SolutionGuid = {D8123325-A7FD-4BE2-9F09-FBB5A051E96F}
	EndGlobalSection
EndGlobal
