
Microsoft Visual Studio Solution File, Format Version 12.00
# Visual Studio Version 17
VisualStudioVersion = 17.8.34330.188
MinimumVisualStudioVersion = 10.0.40219.1
Project("{9A19103F-16F7-4668-BE54-9A1E7A4F7556}") = "Virtualization_80", "Virtualization_80.csproj", "{3CE94A41-3BCF-44DD-BCE0-D05234A82D24}"
EndProject
Global
	GlobalSection(SolutionConfigurationPlatforms) = preSolution
		Debug|Any CPU = Debug|Any CPU
		Release|Any CPU = Release|Any CPU
	EndGlobalSection
	GlobalSection(ProjectConfigurationPlatforms) = postSolution
		{3CE94A41-3BCF-44DD-BCE0-D05234A82D24}.Debug|Any CPU.ActiveCfg = Debug|Any CPU
		{3CE94A41-3BCF-44DD-BCE0-D05234A82D24}.Debug|Any CPU.Build.0 = Debug|Any CPU
		{3CE94A41-3BCF-44DD-BCE0-D05234A82D24}.Release|Any CPU.ActiveCfg = Release|Any CPU
		{3CE94A41-3BCF-44DD-BCE0-D05234A82D24}.Release|Any CPU.Build.0 = Release|Any CPU
	EndGlobalSection
	GlobalSection(SolutionProperties) = preSolution
		HideSolutionNode = FALSE
	EndGlobalSection
	GlobalSection(ExtensibilityGlobals) = postSolution
		SolutionGuid = {22B0CD5C-1727-464E-B25E-7B6668FB04BC}
	EndGlobalSection
EndGlobal
