
Microsoft Visual Studio Solution File, Format Version 12.00
# Visual Studio Version 17
VisualStudioVersion = 17.8.34330.188
MinimumVisualStudioVersion = 10.0.40219.1
Project("{9A19103F-16F7-4668-BE54-9A1E7A4F7556}") = "DragAndPaste_80", "DragAndPaste_80.csproj", "{8F3F9C4D-C868-4ED2-B1F7-7C9F493CCDAC}"
EndProject
Global
	GlobalSection(SolutionConfigurationPlatforms) = preSolution
		Debug|Any CPU = Debug|Any CPU
		Release|Any CPU = Release|Any CPU
	EndGlobalSection
	GlobalSection(ProjectConfigurationPlatforms) = postSolution
		{8F3F9C4D-C868-4ED2-B1F7-7C9F493CCDAC}.Debug|Any CPU.ActiveCfg = Debug|Any CPU
		{8F3F9C4D-C868-4ED2-B1F7-7C9F493CCDAC}.Debug|Any CPU.Build.0 = Debug|Any CPU
		{8F3F9C4D-C868-4ED2-B1F7-7C9F493CCDAC}.Release|Any CPU.ActiveCfg = Release|Any CPU
		{8F3F9C4D-C868-4ED2-B1F7-7C9F493CCDAC}.Release|Any CPU.Build.0 = Release|Any CPU
	EndGlobalSection
	GlobalSection(SolutionProperties) = preSolution
		HideSolutionNode = FALSE
	EndGlobalSection
	GlobalSection(ExtensibilityGlobals) = postSolution
		SolutionGuid = {3DCF7567-3F1D-4F9B-84E3-09A598E0DAFA}
	EndGlobalSection
EndGlobal
