Microsoft Visual Studio Solution File, Format Version 12.00
# Visual Studio Version 17
VisualStudioVersion = 17.8.226.21692
MinimumVisualStudioVersion = 10.0.40219.1
Project("{FAE04EC0-301F-11D3-BF4B-00C04F79EFBC}") = "Selector Tooltip_80", "Selector Tooltip_80.csproj", "{FF93AFAF-9D25-4D94-BD8E-808B14A38A20}"
EndProject
Global
	GlobalSection(SolutionConfigurationPlatforms) = preSolution
		Debug|Any CPU = Debug|Any CPU
		Release|Any CPU = Release|Any CPU
	EndGlobalSection
	GlobalSection(ProjectConfigurationPlatforms) = postSolution
		{FF93AFAF-9D25-4D94-BD8E-808B14A38A20}.Debug|Any CPU.ActiveCfg = Debug|Any CPU
		{FF93AFAF-9D25-4D94-BD8E-808B14A38A20}.Debug|Any CPU.Build.0 = Debug|Any CPU
		{FF93AFAF-9D25-4D94-BD8E-808B14A38A20}.Release|Any CPU.ActiveCfg = Release|Any CPU
		{FF93AFAF-9D25-4D94-BD8E-808B14A38A20}.Release|Any CPU.Build.0 = Release|Any CPU
	EndGlobalSection
	GlobalSection(SolutionProperties) = preSolution
		HideSolutionNode = FALSE
	EndGlobalSection
	GlobalSection(ExtensibilityGlobals) = postSolution
		SolutionGuid = {54981427-4CD8-4699-8D3B-0696CE400444}
	EndGlobalSection
EndGlobal
