
Microsoft Visual Studio Solution File, Format Version 12.00
# Visual Studio Version 17
VisualStudioVersion = 17.8.34330.188
MinimumVisualStudioVersion = 10.0.40219.1
Project("{9A19103F-16F7-4668-BE54-9A1E7A4F7556}") = "Snapping_60", "Snapping_60.csproj", "{265CA720-32A2-49F3-96DA-9E58162AE242}"
EndProject
Global
	GlobalSection(SolutionConfigurationPlatforms) = preSolution
		Debug|Any CPU = Debug|Any CPU
		Release|Any CPU = Release|Any CPU
	EndGlobalSection
	GlobalSection(ProjectConfigurationPlatforms) = postSolution
		{265CA720-32A2-49F3-96DA-9E58162AE242}.Debug|Any CPU.ActiveCfg = Debug|Any CPU
		{265CA720-32A2-49F3-96DA-9E58162AE242}.Debug|Any CPU.Build.0 = Debug|Any CPU
		{265CA720-32A2-49F3-96DA-9E58162AE242}.Release|Any CPU.ActiveCfg = Release|Any CPU
		{265CA720-32A2-49F3-96DA-9E58162AE242}.Release|Any CPU.Build.0 = Release|Any CPU
	EndGlobalSection
	GlobalSection(SolutionProperties) = preSolution
		HideSolutionNode = FALSE
	EndGlobalSection
	GlobalSection(ExtensibilityGlobals) = postSolution
		SolutionGuid = {271A93C5-3E09-4026-BA10-1BF0768CFAF4}
	EndGlobalSection
EndGlobal
