
Microsoft Visual Studio Solution File, Format Version 12.00
# Visual Studio Version 17
VisualStudioVersion = 17.8.34330.188
MinimumVisualStudioVersion = 10.0.40219.1
Project("{9A19103F-16F7-4668-BE54-9A1E7A4F7556}") = "Selector_60", "Selector_60.csproj", "{AE400DAF-BF63-4C39-A308-674694D5281B}"
EndProject
Global
	GlobalSection(SolutionConfigurationPlatforms) = preSolution
		Debug|Any CPU = Debug|Any CPU
		Release|Any CPU = Release|Any CPU
	EndGlobalSection
	GlobalSection(ProjectConfigurationPlatforms) = postSolution
		{AE400DAF-BF63-4C39-A308-674694D5281B}.Debug|Any CPU.ActiveCfg = Debug|Any CPU
		{AE400DAF-BF63-4C39-A308-674694D5281B}.Debug|Any CPU.Build.0 = Debug|Any CPU
		{AE400DAF-BF63-4C39-A308-674694D5281B}.Release|Any CPU.ActiveCfg = Release|Any CPU
		{AE400DAF-BF63-4C39-A308-674694D5281B}.Release|Any CPU.Build.0 = Release|Any CPU
	EndGlobalSection
	GlobalSection(SolutionProperties) = preSolution
		HideSolutionNode = FALSE
	EndGlobalSection
	GlobalSection(ExtensibilityGlobals) = postSolution
		SolutionGuid = {2D61E646-7517-4804-8A73-353A2435C7E8}
	EndGlobalSection
EndGlobal
