
Microsoft Visual Studio Solution File, Format Version 12.00
# Visual Studio Version 17
VisualStudioVersion = 17.8.34330.188
MinimumVisualStudioVersion = 10.0.40219.1
Project("{9A19103F-16F7-4668-BE54-9A1E7A4F7556}") = "Selector_80", "Selector_80.csproj", "{85DB333D-A886-46B6-80EE-BCF960105519}"
EndProject
Global
	GlobalSection(SolutionConfigurationPlatforms) = preSolution
		Debug|Any CPU = Debug|Any CPU
		Release|Any CPU = Release|Any CPU
	EndGlobalSection
	GlobalSection(ProjectConfigurationPlatforms) = postSolution
		{85DB333D-A886-46B6-80EE-BCF960105519}.Debug|Any CPU.ActiveCfg = Debug|Any CPU
		{85DB333D-A886-46B6-80EE-BCF960105519}.Debug|Any CPU.Build.0 = Debug|Any CPU
		{85DB333D-A886-46B6-80EE-BCF960105519}.Release|Any CPU.ActiveCfg = Release|Any CPU
		{85DB333D-A886-46B6-80EE-BCF960105519}.Release|Any CPU.Build.0 = Release|Any CPU
	EndGlobalSection
	GlobalSection(SolutionProperties) = preSolution
		HideSolutionNode = FALSE
	EndGlobalSection
	GlobalSection(ExtensibilityGlobals) = postSolution
		SolutionGuid = {C9795C0F-23FE-4E48-84C6-945156FDA2ED}
	EndGlobalSection
EndGlobal
