
Microsoft Visual Studio Solution File, Format Version 12.00
# Visual Studio Version 17
VisualStudioVersion = 17.12.35209.166
MinimumVisualStudioVersion = 10.0.40219.1
Project("{FAE04EC0-301F-11D3-BF4B-00C04F79EFBC}") = "CollapseVisibility_462", "CollapseVisibility_462.csproj", "{E15DB11B-274C-4738-89B9-D2D15A51B8FE}"
EndProject
Global
	GlobalSection(SolutionConfigurationPlatforms) = preSolution
		Debug|Any CPU = Debug|Any CPU
		Release|Any CPU = Release|Any CPU
	EndGlobalSection
	GlobalSection(ProjectConfigurationPlatforms) = postSolution
		{E15DB11B-274C-4738-89B9-D2D15A51B8FE}.Debug|Any CPU.ActiveCfg = Debug|Any CPU
		{E15DB11B-274C-4738-89B9-D2D15A51B8FE}.Debug|Any CPU.Build.0 = Debug|Any CPU
		{E15DB11B-274C-4738-89B9-D2D15A51B8FE}.Release|Any CPU.ActiveCfg = Release|Any CPU
		{E15DB11B-274C-4738-89B9-D2D15A51B8FE}.Release|Any CPU.Build.0 = Release|Any CPU
	EndGlobalSection
	GlobalSection(SolutionProperties) = preSolution
		HideSolutionNode = FALSE
	EndGlobalSection
	GlobalSection(ExtensibilityGlobals) = postSolution
		SolutionGuid = {5E712F1A-8FC2-479C-B0F1-918FAA8313B2}
	EndGlobalSection
EndGlobal
