
Microsoft Visual Studio Solution File, Format Version 12.00
# Visual Studio Version 17
VisualStudioVersion = 17.8.34330.188
MinimumVisualStudioVersion = 10.0.40219.1
Project("{9A19103F-16F7-4668-BE54-9A1E7A4F7556}") = "ConnectorPadding_80", "ConnectorPadding_80.csproj", "{AFD3E766-D504-4956-B95B-F41954A25821}"
EndProject
Global
	GlobalSection(SolutionConfigurationPlatforms) = preSolution
		Debug|Any CPU = Debug|Any CPU
		Release|Any CPU = Release|Any CPU
	EndGlobalSection
	GlobalSection(ProjectConfigurationPlatforms) = postSolution
		{AFD3E766-D504-4956-B95B-F41954A25821}.Debug|Any CPU.ActiveCfg = Debug|Any CPU
		{AFD3E766-D504-4956-B95B-F41954A25821}.Debug|Any CPU.Build.0 = Debug|Any CPU
		{AFD3E766-D504-4956-B95B-F41954A25821}.Release|Any CPU.ActiveCfg = Release|Any CPU
		{AFD3E766-D504-4956-B95B-F41954A25821}.Release|Any CPU.Build.0 = Release|Any CPU
	EndGlobalSection
	GlobalSection(SolutionProperties) = preSolution
		HideSolutionNode = FALSE
	EndGlobalSection
	GlobalSection(ExtensibilityGlobals) = postSolution
		SolutionGuid = {955BA600-C291-4330-9F7D-F9A008B1F9CC}
	EndGlobalSection
EndGlobal
