
Microsoft Visual Studio Solution File, Format Version 12.00
# Visual Studio Version 17
VisualStudioVersion = 17.8.34330.188
MinimumVisualStudioVersion = 10.0.40219.1
Project("{FAE04EC0-301F-11D3-BF4B-00C04F79EFBC}") = "RestrictNodeDragFromLane_462", "RestrictNodeDragFromLane_462.csproj", "{D1CC852B-0654-4D8C-B88E-C6EFF210C509}"
EndProject
Global
	GlobalSection(SolutionConfigurationPlatforms) = preSolution
		Debug|Any CPU = Debug|Any CPU
		Release|Any CPU = Release|Any CPU
	EndGlobalSection
	GlobalSection(ProjectConfigurationPlatforms) = postSolution
		{D1CC852B-0654-4D8C-B88E-C6EFF210C509}.Debug|Any CPU.ActiveCfg = Debug|Any CPU
		{D1CC852B-0654-4D8C-B88E-C6EFF210C509}.Debug|Any CPU.Build.0 = Debug|Any CPU
		{D1CC852B-0654-4D8C-B88E-C6EFF210C509}.Release|Any CPU.ActiveCfg = Release|Any CPU
		{D1CC852B-0654-4D8C-B88E-C6EFF210C509}.Release|Any CPU.Build.0 = Release|Any CPU
	EndGlobalSection
	GlobalSection(SolutionProperties) = preSolution
		HideSolutionNode = FALSE
	EndGlobalSection
	GlobalSection(ExtensibilityGlobals) = postSolution
		SolutionGuid = {F8618E85-93CB-463A-BF48-A1DD7F0F67A5}
	EndGlobalSection
EndGlobal
