
Microsoft Visual Studio Solution File, Format Version 12.00
# Visual Studio Version 17
VisualStudioVersion = 17.8.34330.188
MinimumVisualStudioVersion = 10.0.40219.1
Project("{9A19103F-16F7-4668-BE54-9A1E7A4F7556}") = "HistoryManagerDemoSample_80", "HistoryManagerDemoSample_80.csproj", "{9B3FEF92-43E6-46AB-A7A0-57013641470B}"
EndProject
Global
	GlobalSection(SolutionConfigurationPlatforms) = preSolution
		Debug|Any CPU = Debug|Any CPU
		Release|Any CPU = Release|Any CPU
	EndGlobalSection
	GlobalSection(ProjectConfigurationPlatforms) = postSolution
		{9B3FEF92-43E6-46AB-A7A0-57013641470B}.Debug|Any CPU.ActiveCfg = Debug|Any CPU
		{9B3FEF92-43E6-46AB-A7A0-57013641470B}.Debug|Any CPU.Build.0 = Debug|Any CPU
		{9B3FEF92-43E6-46AB-A7A0-57013641470B}.Release|Any CPU.ActiveCfg = Release|Any CPU
		{9B3FEF92-43E6-46AB-A7A0-57013641470B}.Release|Any CPU.Build.0 = Release|Any CPU
	EndGlobalSection
	GlobalSection(SolutionProperties) = preSolution
		HideSolutionNode = FALSE
	EndGlobalSection
	GlobalSection(ExtensibilityGlobals) = postSolution
		SolutionGuid = {7E793CB9-7FBA-42FD-82DD-7CB9C2D935A7}
	EndGlobalSection
EndGlobal
