
Microsoft Visual Studio Solution File, Format Version 12.00
# Visual Studio Version 17
VisualStudioVersion = 17.8.34330.188
MinimumVisualStudioVersion = 10.0.40219.1
Project("{9A19103F-16F7-4668-BE54-9A1E7A4F7556}") = "BPMNEditor_80", "BPMNEditor_80.csproj", "{D6D86253-2CE0-4FBC-8573-B38BBD8D2DF9}"
EndProject
Global
	GlobalSection(SolutionConfigurationPlatforms) = preSolution
		Debug|Any CPU = Debug|Any CPU
		Release|Any CPU = Release|Any CPU
	EndGlobalSection
	GlobalSection(ProjectConfigurationPlatforms) = postSolution
		{D6D86253-2CE0-4FBC-8573-B38BBD8D2DF9}.Debug|Any CPU.ActiveCfg = Debug|Any CPU
		{D6D86253-2CE0-4FBC-8573-B38BBD8D2DF9}.Debug|Any CPU.Build.0 = Debug|Any CPU
		{D6D86253-2CE0-4FBC-8573-B38BBD8D2DF9}.Release|Any CPU.ActiveCfg = Release|Any CPU
		{D6D86253-2CE0-4FBC-8573-B38BBD8D2DF9}.Release|Any CPU.Build.0 = Release|Any CPU
	EndGlobalSection
	GlobalSection(SolutionProperties) = preSolution
		HideSolutionNode = FALSE
	EndGlobalSection
	GlobalSection(ExtensibilityGlobals) = postSolution
		SolutionGuid = {FC84E6BF-5607-4B8C-8490-8821A3385FE9}
	EndGlobalSection
EndGlobal
