
Microsoft Visual Studio Solution File, Format Version 12.00
# Visual Studio Version 17
VisualStudioVersion = 17.8.34330.188
MinimumVisualStudioVersion = 10.0.40219.1
Project("{FAE04EC0-301F-11D3-BF4B-00C04F79EFBC}") = "BPMNEditor_462", "BPMNEditor_462.csproj", "{68DFAD70-25FF-4371-A063-FC3EF20F337A}"
EndProject
Global
	GlobalSection(SolutionConfigurationPlatforms) = preSolution
		Debug|Any CPU = Debug|Any CPU
		Release|Any CPU = Release|Any CPU
	EndGlobalSection
	GlobalSection(ProjectConfigurationPlatforms) = postSolution
		{68DFAD70-25FF-4371-A063-FC3EF20F337A}.Debug|Any CPU.ActiveCfg = Debug|Any CPU
		{68DFAD70-25FF-4371-A063-FC3EF20F337A}.Debug|Any CPU.Build.0 = Debug|Any CPU
		{68DFAD70-25FF-4371-A063-FC3EF20F337A}.Release|Any CPU.ActiveCfg = Release|Any CPU
		{68DFAD70-25FF-4371-A063-FC3EF20F337A}.Release|Any CPU.Build.0 = Release|Any CPU
	EndGlobalSection
	GlobalSection(SolutionProperties) = preSolution
		HideSolutionNode = FALSE
	EndGlobalSection
	GlobalSection(ExtensibilityGlobals) = postSolution
		SolutionGuid = {88792D98-FB20-46D4-8D2F-9C5D6849E6E7}
	EndGlobalSection
EndGlobal
