
Microsoft Visual Studio Solution File, Format Version 12.00
# Visual Studio 15
VisualStudioVersion = 15.0.28307.852
MinimumVisualStudioVersion = 10.0.40219.1
Project("{FAE04EC0-301F-11D3-BF4B-00C04F79EFBC}") = "BPMNEditor_2017", "BPMNEditor_2017.csproj", "{68DFAD70-25FF-4371-A063-FC3EF20F337A}"
EndProject
Global
	GlobalSection(SolutionConfigurationPlatforms) = preSolution
		Debug|Any CPU = Debug|Any CPU
		Release|Any CPU = Release|Any CPU
		Release-Xml|Any CPU = Release-Xml|Any CPU
	EndGlobalSection
	GlobalSection(ProjectConfigurationPlatforms) = postSolution
		{68DFAD70-25FF-4371-A063-FC3EF20F337A}.Debug|Any CPU.ActiveCfg = Debug|Any CPU
		{68DFAD70-25FF-4371-A063-FC3EF20F337A}.Debug|Any CPU.Build.0 = Debug|Any CPU
		{68DFAD70-25FF-4371-A063-FC3EF20F337A}.Release|Any CPU.ActiveCfg = Release|Any CPU
		{68DFAD70-25FF-4371-A063-FC3EF20F337A}.Release|Any CPU.Build.0 = Release|Any CPU
		{68DFAD70-25FF-4371-A063-FC3EF20F337A}.Release-Xml|Any CPU.ActiveCfg = Release|Any CPU
		{68DFAD70-25FF-4371-A063-FC3EF20F337A}.Release-Xml|Any CPU.Build.0 = Release|Any CPU
	EndGlobalSection
	GlobalSection(SolutionProperties) = preSolution
		HideSolutionNode = FALSE
	EndGlobalSection
	GlobalSection(ExtensibilityGlobals) = postSolution
		SolutionGuid = {C271D074-3799-434B-AAED-FBA2EDE658E0}
	EndGlobalSection
EndGlobal
