
Microsoft Visual Studio Solution File, Format Version 12.00
# Visual Studio Version 17
VisualStudioVersion = 17.8.34330.188
MinimumVisualStudioVersion = 10.0.40219.1
Project("{9A19103F-16F7-4668-BE54-9A1E7A4F7556}") = "UpdateAverageLength_60", "UpdateAverageLength_60.csproj", "{4AB4525C-0E63-43C3-8883-4B2152D65719}"
EndProject
Global
	GlobalSection(SolutionConfigurationPlatforms) = preSolution
		Debug|Any CPU = Debug|Any CPU
		Release|Any CPU = Release|Any CPU
	EndGlobalSection
	GlobalSection(ProjectConfigurationPlatforms) = postSolution
		{4AB4525C-0E63-43C3-8883-4B2152D65719}.Debug|Any CPU.ActiveCfg = Debug|Any CPU
		{4AB4525C-0E63-43C3-8883-4B2152D65719}.Debug|Any CPU.Build.0 = Debug|Any CPU
		{4AB4525C-0E63-43C3-8883-4B2152D65719}.Release|Any CPU.ActiveCfg = Release|Any CPU
		{4AB4525C-0E63-43C3-8883-4B2152D65719}.Release|Any CPU.Build.0 = Release|Any CPU
	EndGlobalSection
	GlobalSection(SolutionProperties) = preSolution
		HideSolutionNode = FALSE
	EndGlobalSection
	GlobalSection(ExtensibilityGlobals) = postSolution
		SolutionGuid = {64FE49CF-EE77-4664-8394-0ED18006BAC2}
	EndGlobalSection
EndGlobal
