
Microsoft Visual Studio Solution File, Format Version 12.00
# Visual Studio Version 17
VisualStudioVersion = 17.8.34330.188
MinimumVisualStudioVersion = 10.0.40219.1
Project("{9A19103F-16F7-4668-BE54-9A1E7A4F7556}") = "UpdateAverageLength_80", "UpdateAverageLength_80.csproj", "{0B7282BD-6ED8-43CC-A96C-3A0022866977}"
EndProject
Global
	GlobalSection(SolutionConfigurationPlatforms) = preSolution
		Debug|Any CPU = Debug|Any CPU
		Release|Any CPU = Release|Any CPU
	EndGlobalSection
	GlobalSection(ProjectConfigurationPlatforms) = postSolution
		{0B7282BD-6ED8-43CC-A96C-3A0022866977}.Debug|Any CPU.ActiveCfg = Debug|Any CPU
		{0B7282BD-6ED8-43CC-A96C-3A0022866977}.Debug|Any CPU.Build.0 = Debug|Any CPU
		{0B7282BD-6ED8-43CC-A96C-3A0022866977}.Release|Any CPU.ActiveCfg = Release|Any CPU
		{0B7282BD-6ED8-43CC-A96C-3A0022866977}.Release|Any CPU.Build.0 = Release|Any CPU
	EndGlobalSection
	GlobalSection(SolutionProperties) = preSolution
		HideSolutionNode = FALSE
	EndGlobalSection
	GlobalSection(ExtensibilityGlobals) = postSolution
		SolutionGuid = {92747897-CD24-4590-8284-B68971A03C80}
	EndGlobalSection
EndGlobal
