
Microsoft Visual Studio Solution File, Format Version 12.00
# Visual Studio Version 17
VisualStudioVersion = 17.8.34330.188
MinimumVisualStudioVersion = 10.0.40219.1
Project("{FAE04EC0-301F-11D3-BF4B-00C04F79EFBC}") = "UpdateAverageLength_462", "UpdateAverageLength_462.csproj", "{0A8230A5-7EA8-40D7-A6DB-97193B33B81C}"
EndProject
Global
	GlobalSection(SolutionConfigurationPlatforms) = preSolution
		Debug|Any CPU = Debug|Any CPU
		Release|Any CPU = Release|Any CPU
	EndGlobalSection
	GlobalSection(ProjectConfigurationPlatforms) = postSolution
		{0A8230A5-7EA8-40D7-A6DB-97193B33B81C}.Debug|Any CPU.ActiveCfg = Debug|Any CPU
		{0A8230A5-7EA8-40D7-A6DB-97193B33B81C}.Debug|Any CPU.Build.0 = Debug|Any CPU
		{0A8230A5-7EA8-40D7-A6DB-97193B33B81C}.Release|Any CPU.ActiveCfg = Release|Any CPU
		{0A8230A5-7EA8-40D7-A6DB-97193B33B81C}.Release|Any CPU.Build.0 = Release|Any CPU
	EndGlobalSection
	GlobalSection(SolutionProperties) = preSolution
		HideSolutionNode = FALSE
	EndGlobalSection
	GlobalSection(ExtensibilityGlobals) = postSolution
		SolutionGuid = {DE50F568-880F-49BE-8825-CDD878C41A14}
	EndGlobalSection
EndGlobal
