
Microsoft Visual Studio Solution File, Format Version 12.00
# Visual Studio Version 17
VisualStudioVersion = 17.8.34330.188
MinimumVisualStudioVersion = 10.0.40219.1
Project("{FAE04EC0-301F-11D3-BF4B-00C04F79EFBC}") = "ImageAnnotation_462", "ImageAnnotation_462.csproj", "{A80D4003-3014-4C72-A01B-E188FC0187B7}"
EndProject
Global
	GlobalSection(SolutionConfigurationPlatforms) = preSolution
		Debug|Any CPU = Debug|Any CPU
		Release|Any CPU = Release|Any CPU
	EndGlobalSection
	GlobalSection(ProjectConfigurationPlatforms) = postSolution
		{A80D4003-3014-4C72-A01B-E188FC0187B7}.Debug|Any CPU.ActiveCfg = Debug|Any CPU
		{A80D4003-3014-4C72-A01B-E188FC0187B7}.Debug|Any CPU.Build.0 = Debug|Any CPU
		{A80D4003-3014-4C72-A01B-E188FC0187B7}.Release|Any CPU.ActiveCfg = Release|Any CPU
		{A80D4003-3014-4C72-A01B-E188FC0187B7}.Release|Any CPU.Build.0 = Release|Any CPU
	EndGlobalSection
	GlobalSection(SolutionProperties) = preSolution
		HideSolutionNode = FALSE
	EndGlobalSection
	GlobalSection(ExtensibilityGlobals) = postSolution
		SolutionGuid = {F7160CCD-E764-4ED9-ACED-AFF3E1F15783}
	EndGlobalSection
EndGlobal
