
Microsoft Visual Studio Solution File, Format Version 12.00
# Visual Studio Version 16
VisualStudioVersion = 16.0.31205.134
MinimumVisualStudioVersion = 10.0.40219.1
Project("{FAE04EC0-301F-11D3-BF4B-00C04F79EFBC}") = "ImageAnnotation", "ImageAnnotation.csproj", "{A80D4003-3014-4C72-A01B-E188FC0187B7}"
EndProject
Global
	GlobalSection(SolutionConfigurationPlatforms) = preSolution
		Debug|Any CPU = Debug|Any CPU
		Release|Any CPU = Release|Any CPU
	EndGlobalSection
	GlobalSection(ProjectConfigurationPlatforms) = postSolution
		{A80D4003-3014-4C72-A01B-E188FC0187B7}.Debug|Any CPU.ActiveCfg = Debug|Any CPU
		{A80D4003-3014-4C72-A01B-E188FC0187B7}.Debug|Any CPU.Build.0 = Debug|Any CPU
		{A80D4003-3014-4C72-A01B-E188FC0187B7}.Release|Any CPU.ActiveCfg = Release|Any CPU
		{A80D4003-3014-4C72-A01B-E188FC0187B7}.Release|Any CPU.Build.0 = Release|Any CPU
	EndGlobalSection
	GlobalSection(SolutionProperties) = preSolution
		HideSolutionNode = FALSE
	EndGlobalSection
	GlobalSection(ExtensibilityGlobals) = postSolution
		SolutionGuid = {408F530E-2D1A-486D-A974-4FEC8CBBF57B}
	EndGlobalSection
EndGlobal
