
Microsoft Visual Studio Solution File, Format Version 12.00
# Visual Studio Version 17
VisualStudioVersion = 17.8.34330.188
MinimumVisualStudioVersion = 10.0.40219.1
Project("{9A19103F-16F7-4668-BE54-9A1E7A4F7556}") = "SwimlaneAddRemovePhase_80", "SwimlaneAddRemovePhase_80.csproj", "{BF1D4ECB-AA1F-413B-8530-34E7BCBA4EAD}"
EndProject
Global
	GlobalSection(SolutionConfigurationPlatforms) = preSolution
		Debug|Any CPU = Debug|Any CPU
		Release|Any CPU = Release|Any CPU
	EndGlobalSection
	GlobalSection(ProjectConfigurationPlatforms) = postSolution
		{BF1D4ECB-AA1F-413B-8530-34E7BCBA4EAD}.Debug|Any CPU.ActiveCfg = Debug|Any CPU
		{BF1D4ECB-AA1F-413B-8530-34E7BCBA4EAD}.Debug|Any CPU.Build.0 = Debug|Any CPU
		{BF1D4ECB-AA1F-413B-8530-34E7BCBA4EAD}.Release|Any CPU.ActiveCfg = Release|Any CPU
		{BF1D4ECB-AA1F-413B-8530-34E7BCBA4EAD}.Release|Any CPU.Build.0 = Release|Any CPU
	EndGlobalSection
	GlobalSection(SolutionProperties) = preSolution
		HideSolutionNode = FALSE
	EndGlobalSection
	GlobalSection(ExtensibilityGlobals) = postSolution
		SolutionGuid = {D0BE50E7-712A-4312-8556-91869E5E7643}
	EndGlobalSection
EndGlobal
