
Microsoft Visual Studio Solution File, Format Version 12.00
# Visual Studio Version 17
VisualStudioVersion = 17.8.34330.188
MinimumVisualStudioVersion = 10.0.40219.1
Project("{9A19103F-16F7-4668-BE54-9A1E7A4F7556}") = "MindmapLayoutDragAndDrop_80", "MindmapLayoutDragAndDrop_80.csproj", "{6CC7EBF1-A4F4-4760-9C6A-774884455053}"
EndProject
Global
	GlobalSection(SolutionConfigurationPlatforms) = preSolution
		Debug|Any CPU = Debug|Any CPU
		Release|Any CPU = Release|Any CPU
	EndGlobalSection
	GlobalSection(ProjectConfigurationPlatforms) = postSolution
		{6CC7EBF1-A4F4-4760-9C6A-774884455053}.Debug|Any CPU.ActiveCfg = Debug|Any CPU
		{6CC7EBF1-A4F4-4760-9C6A-774884455053}.Debug|Any CPU.Build.0 = Debug|Any CPU
		{6CC7EBF1-A4F4-4760-9C6A-774884455053}.Release|Any CPU.ActiveCfg = Release|Any CPU
		{6CC7EBF1-A4F4-4760-9C6A-774884455053}.Release|Any CPU.Build.0 = Release|Any CPU
	EndGlobalSection
	GlobalSection(SolutionProperties) = preSolution
		HideSolutionNode = FALSE
	EndGlobalSection
	GlobalSection(ExtensibilityGlobals) = postSolution
		SolutionGuid = {1B30B2F5-02F8-4D91-92BE-55D127110CB6}
	EndGlobalSection
EndGlobal
