
Microsoft Visual Studio Solution File, Format Version 12.00
# Visual Studio Version 17
VisualStudioVersion = 17.8.34330.188
MinimumVisualStudioVersion = 10.0.40219.1
Project("{9A19103F-16F7-4668-BE54-9A1E7A4F7556}") = "NodeConnectorSample_60", "NodeConnectorSample_60.csproj", "{50363877-9887-4FCB-92C2-19444CF83BD7}"
EndProject
Global
	GlobalSection(SolutionConfigurationPlatforms) = preSolution
		Debug|Any CPU = Debug|Any CPU
		Release|Any CPU = Release|Any CPU
	EndGlobalSection
	GlobalSection(ProjectConfigurationPlatforms) = postSolution
		{50363877-9887-4FCB-92C2-19444CF83BD7}.Debug|Any CPU.ActiveCfg = Debug|Any CPU
		{50363877-9887-4FCB-92C2-19444CF83BD7}.Debug|Any CPU.Build.0 = Debug|Any CPU
		{50363877-9887-4FCB-92C2-19444CF83BD7}.Release|Any CPU.ActiveCfg = Release|Any CPU
		{50363877-9887-4FCB-92C2-19444CF83BD7}.Release|Any CPU.Build.0 = Release|Any CPU
	EndGlobalSection
	GlobalSection(SolutionProperties) = preSolution
		HideSolutionNode = FALSE
	EndGlobalSection
	GlobalSection(ExtensibilityGlobals) = postSolution
		SolutionGuid = {447513F5-494F-418B-A232-A193293E5640}
	EndGlobalSection
EndGlobal
