
Microsoft Visual Studio Solution File, Format Version 12.00
# Visual Studio Version 17
VisualStudioVersion = 17.8.34330.188
MinimumVisualStudioVersion = 10.0.40219.1
Project("{FAE04EC0-301F-11D3-BF4B-00C04F79EFBC}") = "Animation_462", "Animation_462.csproj", "{5BD010EF-C772-4C4A-928F-D2AD37155C89}"
EndProject
Global
	GlobalSection(SolutionConfigurationPlatforms) = preSolution
		Debug|Any CPU = Debug|Any CPU
		Release|Any CPU = Release|Any CPU
	EndGlobalSection
	GlobalSection(ProjectConfigurationPlatforms) = postSolution
		{5BD010EF-C772-4C4A-928F-D2AD37155C89}.Debug|Any CPU.ActiveCfg = Debug|Any CPU
		{5BD010EF-C772-4C4A-928F-D2AD37155C89}.Debug|Any CPU.Build.0 = Debug|Any CPU
		{5BD010EF-C772-4C4A-928F-D2AD37155C89}.Release|Any CPU.ActiveCfg = Release|Any CPU
		{5BD010EF-C772-4C4A-928F-D2AD37155C89}.Release|Any CPU.Build.0 = Release|Any CPU
	EndGlobalSection
	GlobalSection(SolutionProperties) = preSolution
		HideSolutionNode = FALSE
	EndGlobalSection
	GlobalSection(ExtensibilityGlobals) = postSolution
		SolutionGuid = {6350E14A-420A-47E8-9C6B-3D8A5FDD29D5}
	EndGlobalSection
EndGlobal
