
Microsoft Visual Studio Solution File, Format Version 12.00
# Visual Studio Version 17
VisualStudioVersion = 17.8.34330.188
MinimumVisualStudioVersion = 10.0.40219.1
Project("{9A19103F-16F7-4668-BE54-9A1E7A4F7556}") = "Animation_60", "Animation_60.csproj", "{C60870A2-59C6-4824-B3B0-0ABAF6F0E089}"
EndProject
Global
	GlobalSection(SolutionConfigurationPlatforms) = preSolution
		Debug|Any CPU = Debug|Any CPU
		Release|Any CPU = Release|Any CPU
	EndGlobalSection
	GlobalSection(ProjectConfigurationPlatforms) = postSolution
		{C60870A2-59C6-4824-B3B0-0ABAF6F0E089}.Debug|Any CPU.ActiveCfg = Debug|Any CPU
		{C60870A2-59C6-4824-B3B0-0ABAF6F0E089}.Debug|Any CPU.Build.0 = Debug|Any CPU
		{C60870A2-59C6-4824-B3B0-0ABAF6F0E089}.Release|Any CPU.ActiveCfg = Release|Any CPU
		{C60870A2-59C6-4824-B3B0-0ABAF6F0E089}.Release|Any CPU.Build.0 = Release|Any CPU
	EndGlobalSection
	GlobalSection(SolutionProperties) = preSolution
		HideSolutionNode = FALSE
	EndGlobalSection
	GlobalSection(ExtensibilityGlobals) = postSolution
		SolutionGuid = {D364AF1D-33C3-4623-B6BF-87B3129D5921}
	EndGlobalSection
EndGlobal
