
Microsoft Visual Studio Solution File, Format Version 12.00
# Visual Studio Version 16
VisualStudioVersion = 16.0.29519.161
MinimumVisualStudioVersion = 10.0.40219.1
Project("{FAE04EC0-301F-11D3-BF4B-00C04F79EFBC}") = "AutoPortCreation", "AutoPortCreation.csproj", "{9314B61F-A9FB-4185-96D1-BBB9B67E0119}"
EndProject
Global
	GlobalSection(SolutionConfigurationPlatforms) = preSolution
		Debug|Any CPU = Debug|Any CPU
		Release|Any CPU = Release|Any CPU
	EndGlobalSection
	GlobalSection(ProjectConfigurationPlatforms) = postSolution
		{9314B61F-A9FB-4185-96D1-BBB9B67E0119}.Debug|Any CPU.ActiveCfg = Debug|Any CPU
		{9314B61F-A9FB-4185-96D1-BBB9B67E0119}.Debug|Any CPU.Build.0 = Debug|Any CPU
		{9314B61F-A9FB-4185-96D1-BBB9B67E0119}.Release|Any CPU.ActiveCfg = Release|Any CPU
		{9314B61F-A9FB-4185-96D1-BBB9B67E0119}.Release|Any CPU.Build.0 = Release|Any CPU
	EndGlobalSection
	GlobalSection(SolutionProperties) = preSolution
		HideSolutionNode = FALSE
	EndGlobalSection
	GlobalSection(ExtensibilityGlobals) = postSolution
		SolutionGuid = {77CC6D13-4EF4-4D3C-A7E2-A50A8080E9C4}
	EndGlobalSection
EndGlobal
