
Microsoft Visual Studio Solution File, Format Version 12.00
# Visual Studio Version 17
VisualStudioVersion = 17.8.34330.188
MinimumVisualStudioVersion = 10.0.40219.1
Project("{9A19103F-16F7-4668-BE54-9A1E7A4F7556}") = "AutoPortCreation_80", "AutoPortCreation_80.csproj", "{CA63FA9D-4920-490B-A3D7-104674E55105}"
EndProject
Global
	GlobalSection(SolutionConfigurationPlatforms) = preSolution
		Debug|Any CPU = Debug|Any CPU
		Release|Any CPU = Release|Any CPU
	EndGlobalSection
	GlobalSection(ProjectConfigurationPlatforms) = postSolution
		{CA63FA9D-4920-490B-A3D7-104674E55105}.Debug|Any CPU.ActiveCfg = Debug|Any CPU
		{CA63FA9D-4920-490B-A3D7-104674E55105}.Debug|Any CPU.Build.0 = Debug|Any CPU
		{CA63FA9D-4920-490B-A3D7-104674E55105}.Release|Any CPU.ActiveCfg = Release|Any CPU
		{CA63FA9D-4920-490B-A3D7-104674E55105}.Release|Any CPU.Build.0 = Release|Any CPU
	EndGlobalSection
	GlobalSection(SolutionProperties) = preSolution
		HideSolutionNode = FALSE
	EndGlobalSection
	GlobalSection(ExtensibilityGlobals) = postSolution
		SolutionGuid = {940A149D-CE40-4E8D-9E97-F73201809071}
	EndGlobalSection
EndGlobal
