
Microsoft Visual Studio Solution File, Format Version 12.00
# Visual Studio Version 16
VisualStudioVersion = 16.0.29519.161
MinimumVisualStudioVersion = 10.0.40219.1
Project("{FAE04EC0-301F-11D3-BF4B-00C04F79EFBC}") = "PortCreation_Settool", "PortCreation_Settool.csproj", "{5510BE8C-7832-4C88-AB13-573FEA63F020}"
EndProject
Global
	GlobalSection(SolutionConfigurationPlatforms) = preSolution
		Debug|Any CPU = Debug|Any CPU
		Release|Any CPU = Release|Any CPU
	EndGlobalSection
	GlobalSection(ProjectConfigurationPlatforms) = postSolution
		{5510BE8C-7832-4C88-AB13-573FEA63F020}.Debug|Any CPU.ActiveCfg = Debug|Any CPU
		{5510BE8C-7832-4C88-AB13-573FEA63F020}.Debug|Any CPU.Build.0 = Debug|Any CPU
		{5510BE8C-7832-4C88-AB13-573FEA63F020}.Release|Any CPU.ActiveCfg = Release|Any CPU
		{5510BE8C-7832-4C88-AB13-573FEA63F020}.Release|Any CPU.Build.0 = Release|Any CPU
	EndGlobalSection
	GlobalSection(SolutionProperties) = preSolution
		HideSolutionNode = FALSE
	EndGlobalSection
	GlobalSection(ExtensibilityGlobals) = postSolution
		SolutionGuid = {61D3A92A-9F5D-49A4-B8F6-DF6ABA2976E2}
	EndGlobalSection
EndGlobal
