
Microsoft Visual Studio Solution File, Format Version 12.00
# Visual Studio Version 17
VisualStudioVersion = 17.8.34330.188
MinimumVisualStudioVersion = 10.0.40219.1
Project("{FAE04EC0-301F-11D3-BF4B-00C04F79EFBC}") = "CreateConnector_462", "CreateConnector_462.csproj", "{8DC0480D-B842-4A8A-BE82-D02C97C0D892}"
EndProject
Global
	GlobalSection(SolutionConfigurationPlatforms) = preSolution
		Debug|Any CPU = Debug|Any CPU
		Release|Any CPU = Release|Any CPU
	EndGlobalSection
	GlobalSection(ProjectConfigurationPlatforms) = postSolution
		{8DC0480D-B842-4A8A-BE82-D02C97C0D892}.Debug|Any CPU.ActiveCfg = Debug|Any CPU
		{8DC0480D-B842-4A8A-BE82-D02C97C0D892}.Debug|Any CPU.Build.0 = Debug|Any CPU
		{8DC0480D-B842-4A8A-BE82-D02C97C0D892}.Release|Any CPU.ActiveCfg = Release|Any CPU
		{8DC0480D-B842-4A8A-BE82-D02C97C0D892}.Release|Any CPU.Build.0 = Release|Any CPU
	EndGlobalSection
	GlobalSection(SolutionProperties) = preSolution
		HideSolutionNode = FALSE
	EndGlobalSection
	GlobalSection(ExtensibilityGlobals) = postSolution
		SolutionGuid = {F578F2D7-AD93-48F4-9F03-F0D9D8D090A6}
	EndGlobalSection
EndGlobal
