
Microsoft Visual Studio Solution File, Format Version 12.00
# Visual Studio Version 17
VisualStudioVersion = 17.8.34330.188
MinimumVisualStudioVersion = 10.0.40219.1
Project("{9A19103F-16F7-4668-BE54-9A1E7A4F7556}") = "ConnectorSegment_60", "ConnectorSegment_60.csproj", "{3135CB60-C4F7-472B-A1EC-E75898638111}"
EndProject
Global
	GlobalSection(SolutionConfigurationPlatforms) = preSolution
		Debug|Any CPU = Debug|Any CPU
		Release|Any CPU = Release|Any CPU
	EndGlobalSection
	GlobalSection(ProjectConfigurationPlatforms) = postSolution
		{3135CB60-C4F7-472B-A1EC-E75898638111}.Debug|Any CPU.ActiveCfg = Debug|Any CPU
		{3135CB60-C4F7-472B-A1EC-E75898638111}.Debug|Any CPU.Build.0 = Debug|Any CPU
		{3135CB60-C4F7-472B-A1EC-E75898638111}.Release|Any CPU.ActiveCfg = Release|Any CPU
		{3135CB60-C4F7-472B-A1EC-E75898638111}.Release|Any CPU.Build.0 = Release|Any CPU
	EndGlobalSection
	GlobalSection(SolutionProperties) = preSolution
		HideSolutionNode = FALSE
	EndGlobalSection
	GlobalSection(ExtensibilityGlobals) = postSolution
		SolutionGuid = {71FDE6E1-719A-43CC-A190-B31A43456425}
	EndGlobalSection
EndGlobal
