
Microsoft Visual Studio Solution File, Format Version 12.00
# Visual Studio Version 17
VisualStudioVersion = 17.8.34330.188
MinimumVisualStudioVersion = 10.0.40219.1
Project("{9A19103F-16F7-4668-BE54-9A1E7A4F7556}") = "ConnectorSegment_80", "ConnectorSegment_80.csproj", "{F84DF88D-4338-4643-8865-2FE343D69271}"
EndProject
Global
	GlobalSection(SolutionConfigurationPlatforms) = preSolution
		Debug|Any CPU = Debug|Any CPU
		Release|Any CPU = Release|Any CPU
	EndGlobalSection
	GlobalSection(ProjectConfigurationPlatforms) = postSolution
		{F84DF88D-4338-4643-8865-2FE343D69271}.Debug|Any CPU.ActiveCfg = Debug|Any CPU
		{F84DF88D-4338-4643-8865-2FE343D69271}.Debug|Any CPU.Build.0 = Debug|Any CPU
		{F84DF88D-4338-4643-8865-2FE343D69271}.Release|Any CPU.ActiveCfg = Release|Any CPU
		{F84DF88D-4338-4643-8865-2FE343D69271}.Release|Any CPU.Build.0 = Release|Any CPU
	EndGlobalSection
	GlobalSection(SolutionProperties) = preSolution
		HideSolutionNode = FALSE
	EndGlobalSection
	GlobalSection(ExtensibilityGlobals) = postSolution
		SolutionGuid = {67490326-D255-4F7D-9681-63C35EFFC782}
	EndGlobalSection
EndGlobal
