
Microsoft Visual Studio Solution File, Format Version 12.00
# Visual Studio Version 17
VisualStudioVersion = 17.8.34330.188
MinimumVisualStudioVersion = 10.0.40219.1
Project("{9A19103F-16F7-4668-BE54-9A1E7A4F7556}") = "DifferentObjectsfromSfTreeViewToDiagram_80", "DifferentObjectsfromSfTreeViewToDiagram_80.csproj", "{20E51BC2-2C82-4144-92BD-DBBF22C5B775}"
EndProject
Global
	GlobalSection(SolutionConfigurationPlatforms) = preSolution
		Debug|Any CPU = Debug|Any CPU
		Release|Any CPU = Release|Any CPU
	EndGlobalSection
	GlobalSection(ProjectConfigurationPlatforms) = postSolution
		{20E51BC2-2C82-4144-92BD-DBBF22C5B775}.Debug|Any CPU.ActiveCfg = Debug|Any CPU
		{20E51BC2-2C82-4144-92BD-DBBF22C5B775}.Debug|Any CPU.Build.0 = Debug|Any CPU
		{20E51BC2-2C82-4144-92BD-DBBF22C5B775}.Release|Any CPU.ActiveCfg = Release|Any CPU
		{20E51BC2-2C82-4144-92BD-DBBF22C5B775}.Release|Any CPU.Build.0 = Release|Any CPU
	EndGlobalSection
	GlobalSection(SolutionProperties) = preSolution
		HideSolutionNode = FALSE
	EndGlobalSection
	GlobalSection(ExtensibilityGlobals) = postSolution
		SolutionGuid = {6F81D81E-BE48-4AA7-B48E-4E1C35D0DFB5}
	EndGlobalSection
EndGlobal
