
Microsoft Visual Studio Solution File, Format Version 12.00
# Visual Studio Version 17
VisualStudioVersion = 17.8.34330.188
MinimumVisualStudioVersion = 10.0.40219.1
Project("{9A19103F-16F7-4668-BE54-9A1E7A4F7556}") = "RulerCustomization_60", "RulerCustomization_60.csproj", "{ACBFE00F-95A5-4EC1-B54F-698A14941381}"
EndProject
Global
	GlobalSection(SolutionConfigurationPlatforms) = preSolution
		Debug|Any CPU = Debug|Any CPU
		Release|Any CPU = Release|Any CPU
	EndGlobalSection
	GlobalSection(ProjectConfigurationPlatforms) = postSolution
		{ACBFE00F-95A5-4EC1-B54F-698A14941381}.Debug|Any CPU.ActiveCfg = Debug|Any CPU
		{ACBFE00F-95A5-4EC1-B54F-698A14941381}.Debug|Any CPU.Build.0 = Debug|Any CPU
		{ACBFE00F-95A5-4EC1-B54F-698A14941381}.Release|Any CPU.ActiveCfg = Release|Any CPU
		{ACBFE00F-95A5-4EC1-B54F-698A14941381}.Release|Any CPU.Build.0 = Release|Any CPU
	EndGlobalSection
	GlobalSection(SolutionProperties) = preSolution
		HideSolutionNode = FALSE
	EndGlobalSection
	GlobalSection(ExtensibilityGlobals) = postSolution
		SolutionGuid = {688E82EC-D190-401A-8A70-4156085AC060}
	EndGlobalSection
EndGlobal
