
Microsoft Visual Studio Solution File, Format Version 12.00
# Visual Studio Version 17
VisualStudioVersion = 17.8.34330.188
MinimumVisualStudioVersion = 10.0.40219.1
Project("{9A19103F-16F7-4668-BE54-9A1E7A4F7556}") = "ScrollSettingsSample_80", "ScrollSettingsSample_80.csproj", "{5E347430-1757-404F-9C48-56A95A157699}"
EndProject
Global
	GlobalSection(SolutionConfigurationPlatforms) = preSolution
		Debug|Any CPU = Debug|Any CPU
		Release|Any CPU = Release|Any CPU
	EndGlobalSection
	GlobalSection(ProjectConfigurationPlatforms) = postSolution
		{5E347430-1757-404F-9C48-56A95A157699}.Debug|Any CPU.ActiveCfg = Debug|Any CPU
		{5E347430-1757-404F-9C48-56A95A157699}.Debug|Any CPU.Build.0 = Debug|Any CPU
		{5E347430-1757-404F-9C48-56A95A157699}.Release|Any CPU.ActiveCfg = Release|Any CPU
		{5E347430-1757-404F-9C48-56A95A157699}.Release|Any CPU.Build.0 = Release|Any CPU
	EndGlobalSection
	GlobalSection(SolutionProperties) = preSolution
		HideSolutionNode = FALSE
	EndGlobalSection
	GlobalSection(ExtensibilityGlobals) = postSolution
		SolutionGuid = {1CFE9F2A-9862-4398-8FAE-1496B0BED5AF}
	EndGlobalSection
EndGlobal
