
Microsoft Visual Studio Solution File, Format Version 12.00
# Visual Studio Version 17
VisualStudioVersion = 17.8.34330.188
MinimumVisualStudioVersion = 10.0.40219.1
Project("{9A19103F-16F7-4668-BE54-9A1E7A4F7556}") = "ScrollSettingsSample_60", "ScrollSettingsSample_60.csproj", "{92CED4FE-F784-41FB-87CC-E6F1B13C6639}"
EndProject
Global
	GlobalSection(SolutionConfigurationPlatforms) = preSolution
		Debug|Any CPU = Debug|Any CPU
		Release|Any CPU = Release|Any CPU
	EndGlobalSection
	GlobalSection(ProjectConfigurationPlatforms) = postSolution
		{92CED4FE-F784-41FB-87CC-E6F1B13C6639}.Debug|Any CPU.ActiveCfg = Debug|Any CPU
		{92CED4FE-F784-41FB-87CC-E6F1B13C6639}.Debug|Any CPU.Build.0 = Debug|Any CPU
		{92CED4FE-F784-41FB-87CC-E6F1B13C6639}.Release|Any CPU.ActiveCfg = Release|Any CPU
		{92CED4FE-F784-41FB-87CC-E6F1B13C6639}.Release|Any CPU.Build.0 = Release|Any CPU
	EndGlobalSection
	GlobalSection(SolutionProperties) = preSolution
		HideSolutionNode = FALSE
	EndGlobalSection
	GlobalSection(ExtensibilityGlobals) = postSolution
		SolutionGuid = {1611C971-4A92-4290-8A2F-230F5BDC5F9B}
	EndGlobalSection
EndGlobal
