
Microsoft Visual Studio Solution File, Format Version 12.00
# Visual Studio Version 17
VisualStudioVersion = 17.8.34330.188
MinimumVisualStudioVersion = 10.0.40219.1
Project("{9A19103F-16F7-4668-BE54-9A1E7A4F7556}") = "StencilCustomCommand_80", "StencilCustomCommand_80.csproj", "{EAD287F9-AE2B-450E-9DAE-33E2C4287023}"
EndProject
Global
	GlobalSection(SolutionConfigurationPlatforms) = preSolution
		Debug|Any CPU = Debug|Any CPU
		Release|Any CPU = Release|Any CPU
	EndGlobalSection
	GlobalSection(ProjectConfigurationPlatforms) = postSolution
		{EAD287F9-AE2B-450E-9DAE-33E2C4287023}.Debug|Any CPU.ActiveCfg = Debug|Any CPU
		{EAD287F9-AE2B-450E-9DAE-33E2C4287023}.Debug|Any CPU.Build.0 = Debug|Any CPU
		{EAD287F9-AE2B-450E-9DAE-33E2C4287023}.Release|Any CPU.ActiveCfg = Release|Any CPU
		{EAD287F9-AE2B-450E-9DAE-33E2C4287023}.Release|Any CPU.Build.0 = Release|Any CPU
	EndGlobalSection
	GlobalSection(SolutionProperties) = preSolution
		HideSolutionNode = FALSE
	EndGlobalSection
	GlobalSection(ExtensibilityGlobals) = postSolution
		SolutionGuid = {BCA22419-3FB2-4E92-90C4-860F0FD7D65E}
	EndGlobalSection
EndGlobal
