
Microsoft Visual Studio Solution File, Format Version 12.00
# Visual Studio Version 17
VisualStudioVersion = 17.8.34330.188
MinimumVisualStudioVersion = 10.0.40219.1
Project("{9A19103F-16F7-4668-BE54-9A1E7A4F7556}") = "ConnectorSegment_80", "ConnectorSegment_80.csproj", "{515FE60A-1B93-4432-A38F-2F549D4BA019}"
EndProject
Global
	GlobalSection(SolutionConfigurationPlatforms) = preSolution
		Debug|Any CPU = Debug|Any CPU
		Release|Any CPU = Release|Any CPU
	EndGlobalSection
	GlobalSection(ProjectConfigurationPlatforms) = postSolution
		{515FE60A-1B93-4432-A38F-2F549D4BA019}.Debug|Any CPU.ActiveCfg = Debug|Any CPU
		{515FE60A-1B93-4432-A38F-2F549D4BA019}.Debug|Any CPU.Build.0 = Debug|Any CPU
		{515FE60A-1B93-4432-A38F-2F549D4BA019}.Release|Any CPU.ActiveCfg = Release|Any CPU
		{515FE60A-1B93-4432-A38F-2F549D4BA019}.Release|Any CPU.Build.0 = Release|Any CPU
	EndGlobalSection
	GlobalSection(SolutionProperties) = preSolution
		HideSolutionNode = FALSE
	EndGlobalSection
	GlobalSection(ExtensibilityGlobals) = postSolution
		SolutionGuid = {E4DD1C9C-4EB7-4C58-AF18-915771DF4F6E}
	EndGlobalSection
EndGlobal
