
Microsoft Visual Studio Solution File, Format Version 12.00
# Visual Studio Version 17
VisualStudioVersion = 17.8.34330.188
MinimumVisualStudioVersion = 10.0.40219.1
Project("{9A19103F-16F7-4668-BE54-9A1E7A4F7556}") = "ConnectorSegment_60", "ConnectorSegment_60.csproj", "{8301162E-FF56-424E-81E6-2E29BDFCFC9D}"
EndProject
Global
	GlobalSection(SolutionConfigurationPlatforms) = preSolution
		Debug|Any CPU = Debug|Any CPU
		Release|Any CPU = Release|Any CPU
	EndGlobalSection
	GlobalSection(ProjectConfigurationPlatforms) = postSolution
		{8301162E-FF56-424E-81E6-2E29BDFCFC9D}.Debug|Any CPU.ActiveCfg = Debug|Any CPU
		{8301162E-FF56-424E-81E6-2E29BDFCFC9D}.Debug|Any CPU.Build.0 = Debug|Any CPU
		{8301162E-FF56-424E-81E6-2E29BDFCFC9D}.Release|Any CPU.ActiveCfg = Release|Any CPU
		{8301162E-FF56-424E-81E6-2E29BDFCFC9D}.Release|Any CPU.Build.0 = Release|Any CPU
	EndGlobalSection
	GlobalSection(SolutionProperties) = preSolution
		HideSolutionNode = FALSE
	EndGlobalSection
	GlobalSection(ExtensibilityGlobals) = postSolution
		SolutionGuid = {44DDFCEC-3365-4A67-B70D-D1A4F886D1CD}
	EndGlobalSection
EndGlobal
