
Microsoft Visual Studio Solution File, Format Version 12.00
# Visual Studio Version 17
VisualStudioVersion = 17.8.34330.188
MinimumVisualStudioVersion = 10.0.40219.1
Project("{9A19103F-16F7-4668-BE54-9A1E7A4F7556}") = "Collision State_60", "Collision State_60.csproj", "{B00412A9-817A-467F-94A1-154E561410FE}"
EndProject
Global
	GlobalSection(SolutionConfigurationPlatforms) = preSolution
		Debug|Any CPU = Debug|Any CPU
		Release|Any CPU = Release|Any CPU
	EndGlobalSection
	GlobalSection(ProjectConfigurationPlatforms) = postSolution
		{B00412A9-817A-467F-94A1-154E561410FE}.Debug|Any CPU.ActiveCfg = Debug|Any CPU
		{B00412A9-817A-467F-94A1-154E561410FE}.Debug|Any CPU.Build.0 = Debug|Any CPU
		{B00412A9-817A-467F-94A1-154E561410FE}.Release|Any CPU.ActiveCfg = Release|Any CPU
		{B00412A9-817A-467F-94A1-154E561410FE}.Release|Any CPU.Build.0 = Release|Any CPU
	EndGlobalSection
	GlobalSection(SolutionProperties) = preSolution
		HideSolutionNode = FALSE
	EndGlobalSection
	GlobalSection(ExtensibilityGlobals) = postSolution
		SolutionGuid = {A0F5848B-60A0-4D21-BB28-21701FDC5E41}
	EndGlobalSection
EndGlobal
