
Microsoft Visual Studio Solution File, Format Version 12.00
# Visual Studio Version 17
VisualStudioVersion = 17.8.34330.188
MinimumVisualStudioVersion = 10.0.40219.1
Project("{9A19103F-16F7-4668-BE54-9A1E7A4F7556}") = "MultipleAnnotation_60", "MultipleAnnotation_60.csproj", "{66C63A76-73D0-4840-9B43-DDB52F392DFC}"
EndProject
Global
	GlobalSection(SolutionConfigurationPlatforms) = preSolution
		Debug|Any CPU = Debug|Any CPU
		Release|Any CPU = Release|Any CPU
	EndGlobalSection
	GlobalSection(ProjectConfigurationPlatforms) = postSolution
		{66C63A76-73D0-4840-9B43-DDB52F392DFC}.Debug|Any CPU.ActiveCfg = Debug|Any CPU
		{66C63A76-73D0-4840-9B43-DDB52F392DFC}.Debug|Any CPU.Build.0 = Debug|Any CPU
		{66C63A76-73D0-4840-9B43-DDB52F392DFC}.Release|Any CPU.ActiveCfg = Release|Any CPU
		{66C63A76-73D0-4840-9B43-DDB52F392DFC}.Release|Any CPU.Build.0 = Release|Any CPU
	EndGlobalSection
	GlobalSection(SolutionProperties) = preSolution
		HideSolutionNode = FALSE
	EndGlobalSection
	GlobalSection(ExtensibilityGlobals) = postSolution
		SolutionGuid = {1543483B-E43E-47E0-9DAA-6EB23A66E936}
	EndGlobalSection
EndGlobal
