
Microsoft Visual Studio Solution File, Format Version 12.00
# Visual Studio Version 17
VisualStudioVersion = 17.8.34330.188
MinimumVisualStudioVersion = 10.0.40219.1
Project("{FAE04EC0-301F-11D3-BF4B-00C04F79EFBC}") = "MultipleAnnotation_462", "MultipleAnnotation_462.csproj", "{5C08B422-27E9-4C43-87F6-C18AB057B0D5}"
EndProject
Global
	GlobalSection(SolutionConfigurationPlatforms) = preSolution
		Debug|Any CPU = Debug|Any CPU
		Release|Any CPU = Release|Any CPU
	EndGlobalSection
	GlobalSection(ProjectConfigurationPlatforms) = postSolution
		{5C08B422-27E9-4C43-87F6-C18AB057B0D5}.Debug|Any CPU.ActiveCfg = Debug|Any CPU
		{5C08B422-27E9-4C43-87F6-C18AB057B0D5}.Debug|Any CPU.Build.0 = Debug|Any CPU
		{5C08B422-27E9-4C43-87F6-C18AB057B0D5}.Release|Any CPU.ActiveCfg = Release|Any CPU
		{5C08B422-27E9-4C43-87F6-C18AB057B0D5}.Release|Any CPU.Build.0 = Release|Any CPU
	EndGlobalSection
	GlobalSection(SolutionProperties) = preSolution
		HideSolutionNode = FALSE
	EndGlobalSection
	GlobalSection(ExtensibilityGlobals) = postSolution
		SolutionGuid = {EAFF1DA9-0070-4798-926B-4BDD96AE2405}
	EndGlobalSection
EndGlobal
