
Microsoft Visual Studio Solution File, Format Version 12.00
# Visual Studio Version 17
VisualStudioVersion = 17.8.34330.188
MinimumVisualStudioVersion = 10.0.40219.1
Project("{9A19103F-16F7-4668-BE54-9A1E7A4F7556}") = "PolylineNode_80", "PolylineNode_80.csproj", "{7B3A95FA-196D-4FF7-8F24-873404E6A1D6}"
EndProject
Global
	GlobalSection(SolutionConfigurationPlatforms) = preSolution
		Debug|Any CPU = Debug|Any CPU
		Release|Any CPU = Release|Any CPU
	EndGlobalSection
	GlobalSection(ProjectConfigurationPlatforms) = postSolution
		{7B3A95FA-196D-4FF7-8F24-873404E6A1D6}.Debug|Any CPU.ActiveCfg = Debug|Any CPU
		{7B3A95FA-196D-4FF7-8F24-873404E6A1D6}.Debug|Any CPU.Build.0 = Debug|Any CPU
		{7B3A95FA-196D-4FF7-8F24-873404E6A1D6}.Release|Any CPU.ActiveCfg = Release|Any CPU
		{7B3A95FA-196D-4FF7-8F24-873404E6A1D6}.Release|Any CPU.Build.0 = Release|Any CPU
	EndGlobalSection
	GlobalSection(SolutionProperties) = preSolution
		HideSolutionNode = FALSE
	EndGlobalSection
	GlobalSection(ExtensibilityGlobals) = postSolution
		SolutionGuid = {93CED5EA-4C1C-4B5C-AFE0-1C7B8F4013D5}
	EndGlobalSection
EndGlobal
