
Microsoft Visual Studio Solution File, Format Version 12.00
# Visual Studio Version 17
VisualStudioVersion = 17.8.34330.188
MinimumVisualStudioVersion = 10.0.40219.1
Project("{9A19103F-16F7-4668-BE54-9A1E7A4F7556}") = "PolylineNode_60", "PolylineNode_60.csproj", "{CC0F1BAF-3910-4288-A3E8-B6A411702019}"
EndProject
Global
	GlobalSection(SolutionConfigurationPlatforms) = preSolution
		Debug|Any CPU = Debug|Any CPU
		Release|Any CPU = Release|Any CPU
	EndGlobalSection
	GlobalSection(ProjectConfigurationPlatforms) = postSolution
		{CC0F1BAF-3910-4288-A3E8-B6A411702019}.Debug|Any CPU.ActiveCfg = Debug|Any CPU
		{CC0F1BAF-3910-4288-A3E8-B6A411702019}.Debug|Any CPU.Build.0 = Debug|Any CPU
		{CC0F1BAF-3910-4288-A3E8-B6A411702019}.Release|Any CPU.ActiveCfg = Release|Any CPU
		{CC0F1BAF-3910-4288-A3E8-B6A411702019}.Release|Any CPU.Build.0 = Release|Any CPU
	EndGlobalSection
	GlobalSection(SolutionProperties) = preSolution
		HideSolutionNode = FALSE
	EndGlobalSection
	GlobalSection(ExtensibilityGlobals) = postSolution
		SolutionGuid = {F0CC6C4C-7EFB-4E41-A0F3-30EC546FFE87}
	EndGlobalSection
EndGlobal
