
Microsoft Visual Studio Solution File, Format Version 12.00
# Visual Studio Version 17
VisualStudioVersion = 17.8.34330.188
MinimumVisualStudioVersion = 10.0.40219.1
Project("{FAE04EC0-301F-11D3-BF4B-00C04F79EFBC}") = "PolylineNode_462", "PolylineNode_462.csproj", "{448A04B5-05E9-40A7-9906-4BB8AB3FA80A}"
EndProject
Global
	GlobalSection(SolutionConfigurationPlatforms) = preSolution
		Debug|Any CPU = Debug|Any CPU
		Release|Any CPU = Release|Any CPU
	EndGlobalSection
	GlobalSection(ProjectConfigurationPlatforms) = postSolution
		{448A04B5-05E9-40A7-9906-4BB8AB3FA80A}.Debug|Any CPU.ActiveCfg = Debug|Any CPU
		{448A04B5-05E9-40A7-9906-4BB8AB3FA80A}.Debug|Any CPU.Build.0 = Debug|Any CPU
		{448A04B5-05E9-40A7-9906-4BB8AB3FA80A}.Release|Any CPU.ActiveCfg = Release|Any CPU
		{448A04B5-05E9-40A7-9906-4BB8AB3FA80A}.Release|Any CPU.Build.0 = Release|Any CPU
	EndGlobalSection
	GlobalSection(SolutionProperties) = preSolution
		HideSolutionNode = FALSE
	EndGlobalSection
	GlobalSection(ExtensibilityGlobals) = postSolution
		SolutionGuid = {4DBF1706-98A1-4EA1-A819-D434CF0D201D}
	EndGlobalSection
EndGlobal
