
Microsoft Visual Studio Solution File, Format Version 12.00
# Visual Studio Version 16
VisualStudioVersion = 16.0.30128.36
MinimumVisualStudioVersion = 10.0.40219.1
Project("{FAE04EC0-301F-11D3-BF4B-00C04F79EFBC}") = "PolylineNode", "PolylineNode.csproj", "{448A04B5-05E9-40A7-9906-4BB8AB3FA80A}"
EndProject
Global
	GlobalSection(SolutionConfigurationPlatforms) = preSolution
		Debug|Any CPU = Debug|Any CPU
		Release|Any CPU = Release|Any CPU
	EndGlobalSection
	GlobalSection(ProjectConfigurationPlatforms) = postSolution
		{448A04B5-05E9-40A7-9906-4BB8AB3FA80A}.Debug|Any CPU.ActiveCfg = Debug|Any CPU
		{448A04B5-05E9-40A7-9906-4BB8AB3FA80A}.Debug|Any CPU.Build.0 = Debug|Any CPU
		{448A04B5-05E9-40A7-9906-4BB8AB3FA80A}.Release|Any CPU.ActiveCfg = Release|Any CPU
		{448A04B5-05E9-40A7-9906-4BB8AB3FA80A}.Release|Any CPU.Build.0 = Release|Any CPU
	EndGlobalSection
	GlobalSection(SolutionProperties) = preSolution
		HideSolutionNode = FALSE
	EndGlobalSection
	GlobalSection(ExtensibilityGlobals) = postSolution
		SolutionGuid = {A3DC9C71-CD71-4D01-B83D-053B4BA22A17}
	EndGlobalSection
EndGlobal
