
Microsoft Visual Studio Solution File, Format Version 12.00
# Visual Studio Version 17
VisualStudioVersion = 17.8.34330.188
MinimumVisualStudioVersion = 10.0.40219.1
Project("{9A19103F-16F7-4668-BE54-9A1E7A4F7556}") = "GetOrSetSegmentsProgrammatically_60", "GetOrSetSegmentsProgrammatically_60.csproj", "{10299CFF-C9FA-47CC-822F-36748393DE24}"
EndProject
Global
	GlobalSection(SolutionConfigurationPlatforms) = preSolution
		Debug|Any CPU = Debug|Any CPU
		Release|Any CPU = Release|Any CPU
	EndGlobalSection
	GlobalSection(ProjectConfigurationPlatforms) = postSolution
		{10299CFF-C9FA-47CC-822F-36748393DE24}.Debug|Any CPU.ActiveCfg = Debug|Any CPU
		{10299CFF-C9FA-47CC-822F-36748393DE24}.Debug|Any CPU.Build.0 = Debug|Any CPU
		{10299CFF-C9FA-47CC-822F-36748393DE24}.Release|Any CPU.ActiveCfg = Release|Any CPU
		{10299CFF-C9FA-47CC-822F-36748393DE24}.Release|Any CPU.Build.0 = Release|Any CPU
	EndGlobalSection
	GlobalSection(SolutionProperties) = preSolution
		HideSolutionNode = FALSE
	EndGlobalSection
	GlobalSection(ExtensibilityGlobals) = postSolution
		SolutionGuid = {E6079D67-24CF-42A5-BF8B-92B79F21CBFA}
	EndGlobalSection
EndGlobal
