
Microsoft Visual Studio Solution File, Format Version 12.00
# Visual Studio Version 17
VisualStudioVersion = 17.8.34330.188
MinimumVisualStudioVersion = 10.0.40219.1
Project("{9A19103F-16F7-4668-BE54-9A1E7A4F7556}") = "PortZoomInZoomOut_80", "PortZoomInZoomOut_80.csproj", "{26068834-6C5B-43E7-8950-E077BA3FE173}"
EndProject
Global
	GlobalSection(SolutionConfigurationPlatforms) = preSolution
		Debug|Any CPU = Debug|Any CPU
		Release|Any CPU = Release|Any CPU
	EndGlobalSection
	GlobalSection(ProjectConfigurationPlatforms) = postSolution
		{26068834-6C5B-43E7-8950-E077BA3FE173}.Debug|Any CPU.ActiveCfg = Debug|Any CPU
		{26068834-6C5B-43E7-8950-E077BA3FE173}.Debug|Any CPU.Build.0 = Debug|Any CPU
		{26068834-6C5B-43E7-8950-E077BA3FE173}.Release|Any CPU.ActiveCfg = Release|Any CPU
		{26068834-6C5B-43E7-8950-E077BA3FE173}.Release|Any CPU.Build.0 = Release|Any CPU
	EndGlobalSection
	GlobalSection(SolutionProperties) = preSolution
		HideSolutionNode = FALSE
	EndGlobalSection
	GlobalSection(ExtensibilityGlobals) = postSolution
		SolutionGuid = {56639B8E-9DE3-40B9-9BB4-906DBB30DEAE}
	EndGlobalSection
EndGlobal
