
Microsoft Visual Studio Solution File, Format Version 12.00
# Visual Studio Version 17
VisualStudioVersion = 17.8.34309.116
MinimumVisualStudioVersion = 10.0.40219.1
Project("{FAE04EC0-301F-11D3-BF4B-00C04F79EFBC}") = "ContainerDemo", "ContainerDemo\ContainerDemo.csproj", "{63DD5712-7570-47BE-8E47-4A6A71821629}"
EndProject
Global
	GlobalSection(SolutionConfigurationPlatforms) = preSolution
		Debug|Any CPU = Debug|Any CPU
		Release|Any CPU = Release|Any CPU
	EndGlobalSection
	GlobalSection(ProjectConfigurationPlatforms) = postSolution
		{63DD5712-7570-47BE-8E47-4A6A71821629}.Debug|Any CPU.ActiveCfg = Debug|Any CPU
		{63DD5712-7570-47BE-8E47-4A6A71821629}.Debug|Any CPU.Build.0 = Debug|Any CPU
		{63DD5712-7570-47BE-8E47-4A6A71821629}.Release|Any CPU.ActiveCfg = Release|Any CPU
		{63DD5712-7570-47BE-8E47-4A6A71821629}.Release|Any CPU.Build.0 = Release|Any CPU
	EndGlobalSection
	GlobalSection(SolutionProperties) = preSolution
		HideSolutionNode = FALSE
	EndGlobalSection
	GlobalSection(ExtensibilityGlobals) = postSolution
		SolutionGuid = {162368BC-53D3-48B1-BC33-0DB47FBE19CC}
	EndGlobalSection
EndGlobal
