
Microsoft Visual Studio Solution File, Format Version 12.00
# Visual Studio Version 17
VisualStudioVersion = 17.8.34330.188
MinimumVisualStudioVersion = 10.0.40219.1
Project("{FAE04EC0-301F-11D3-BF4B-00C04F79EFBC}") = "NodeWithCustomShapes_462", "NodeWithCustomShapes_462.csproj", "{F6ED1346-76A5-413B-952B-DC1601CD9F73}"
EndProject
Global
	GlobalSection(SolutionConfigurationPlatforms) = preSolution
		Debug|Any CPU = Debug|Any CPU
		Release|Any CPU = Release|Any CPU
	EndGlobalSection
	GlobalSection(ProjectConfigurationPlatforms) = postSolution
		{F6ED1346-76A5-413B-952B-DC1601CD9F73}.Debug|Any CPU.ActiveCfg = Debug|Any CPU
		{F6ED1346-76A5-413B-952B-DC1601CD9F73}.Debug|Any CPU.Build.0 = Debug|Any CPU
		{F6ED1346-76A5-413B-952B-DC1601CD9F73}.Release|Any CPU.ActiveCfg = Release|Any CPU
		{F6ED1346-76A5-413B-952B-DC1601CD9F73}.Release|Any CPU.Build.0 = Release|Any CPU
	EndGlobalSection
	GlobalSection(SolutionProperties) = preSolution
		HideSolutionNode = FALSE
	EndGlobalSection
	GlobalSection(ExtensibilityGlobals) = postSolution
		SolutionGuid = {B4CAC9D3-1056-48B5-B5B0-A88CB74F03A0}
	EndGlobalSection
EndGlobal
