
Microsoft Visual Studio Solution File, Format Version 12.00
# Visual Studio Version 17
VisualStudioVersion = 17.8.34309.116
MinimumVisualStudioVersion = 10.0.40219.1
Project("{9A19103F-16F7-4668-BE54-9A1E7A4F7556}") = "ExitAnnotationEditingOnEnterKeyPressed- _60", "ExitAnnotationEditingOnEnterKeyPressed- _60.csproj", "{5F197717-AA12-47C7-B912-CF178428ECF0}"
EndProject
Global
	GlobalSection(SolutionConfigurationPlatforms) = preSolution
		Debug|Any CPU = Debug|Any CPU
		Release|Any CPU = Release|Any CPU
	EndGlobalSection
	GlobalSection(ProjectConfigurationPlatforms) = postSolution
		{5F197717-AA12-47C7-B912-CF178428ECF0}.Debug|Any CPU.ActiveCfg = Debug|Any CPU
		{5F197717-AA12-47C7-B912-CF178428ECF0}.Debug|Any CPU.Build.0 = Debug|Any CPU
		{5F197717-AA12-47C7-B912-CF178428ECF0}.Release|Any CPU.ActiveCfg = Release|Any CPU
		{5F197717-AA12-47C7-B912-CF178428ECF0}.Release|Any CPU.Build.0 = Release|Any CPU
	EndGlobalSection
	GlobalSection(SolutionProperties) = preSolution
		HideSolutionNode = FALSE
	EndGlobalSection
	GlobalSection(ExtensibilityGlobals) = postSolution
		SolutionGuid = {3632130C-7B21-409C-874C-B8C8E2CEB090}
	EndGlobalSection
EndGlobal
