
Microsoft Visual Studio Solution File, Format Version 12.00
# Visual Studio Version 17
VisualStudioVersion = 17.8.34330.188
MinimumVisualStudioVersion = 10.0.40219.1
Project("{9A19103F-16F7-4668-BE54-9A1E7A4F7556}") = "RotateCommand_80", "RotateCommand_80.csproj", "{EE263057-398D-49F4-B339-0C613B0AEFA6}"
EndProject
Global
	GlobalSection(SolutionConfigurationPlatforms) = preSolution
		Debug|Any CPU = Debug|Any CPU
		Release|Any CPU = Release|Any CPU
	EndGlobalSection
	GlobalSection(ProjectConfigurationPlatforms) = postSolution
		{EE263057-398D-49F4-B339-0C613B0AEFA6}.Debug|Any CPU.ActiveCfg = Debug|Any CPU
		{EE263057-398D-49F4-B339-0C613B0AEFA6}.Debug|Any CPU.Build.0 = Debug|Any CPU
		{EE263057-398D-49F4-B339-0C613B0AEFA6}.Release|Any CPU.ActiveCfg = Release|Any CPU
		{EE263057-398D-49F4-B339-0C613B0AEFA6}.Release|Any CPU.Build.0 = Release|Any CPU
	EndGlobalSection
	GlobalSection(SolutionProperties) = preSolution
		HideSolutionNode = FALSE
	EndGlobalSection
	GlobalSection(ExtensibilityGlobals) = postSolution
		SolutionGuid = {161B96CC-7337-4CCD-8266-D5F60A50D83E}
	EndGlobalSection
EndGlobal
