
Microsoft Visual Studio Solution File, Format Version 12.00
# Visual Studio Version 17
VisualStudioVersion = 17.8.34330.188
MinimumVisualStudioVersion = 10.0.40219.1
Project("{9A19103F-16F7-4668-BE54-9A1E7A4F7556}") = "Node Content_80", "Node Content_80.csproj", "{7C0E90A9-BAED-4A4B-8635-BD715127AE8F}"
EndProject
Global
	GlobalSection(SolutionConfigurationPlatforms) = preSolution
		Debug|Any CPU = Debug|Any CPU
		Release|Any CPU = Release|Any CPU
	EndGlobalSection
	GlobalSection(ProjectConfigurationPlatforms) = postSolution
		{7C0E90A9-BAED-4A4B-8635-BD715127AE8F}.Debug|Any CPU.ActiveCfg = Debug|Any CPU
		{7C0E90A9-BAED-4A4B-8635-BD715127AE8F}.Debug|Any CPU.Build.0 = Debug|Any CPU
		{7C0E90A9-BAED-4A4B-8635-BD715127AE8F}.Release|Any CPU.ActiveCfg = Release|Any CPU
		{7C0E90A9-BAED-4A4B-8635-BD715127AE8F}.Release|Any CPU.Build.0 = Release|Any CPU
	EndGlobalSection
	GlobalSection(SolutionProperties) = preSolution
		HideSolutionNode = FALSE
	EndGlobalSection
	GlobalSection(ExtensibilityGlobals) = postSolution
		SolutionGuid = {AFA17FF1-9CF3-46F0-903A-93E1F9E56A2D}
	EndGlobalSection
EndGlobal
