
Microsoft Visual Studio Solution File, Format Version 12.00
# Visual Studio Version 17
VisualStudioVersion = 17.8.34330.188
MinimumVisualStudioVersion = 10.0.40219.1
Project("{9A19103F-16F7-4668-BE54-9A1E7A4F7556}") = "HideSpecificQuickCommand_60", "HideSpecificQuickCommand_60.csproj", "{82AD30B1-60C7-4B64-B82F-237CE210561A}"
EndProject
Global
	GlobalSection(SolutionConfigurationPlatforms) = preSolution
		Debug|Any CPU = Debug|Any CPU
		Release|Any CPU = Release|Any CPU
	EndGlobalSection
	GlobalSection(ProjectConfigurationPlatforms) = postSolution
		{82AD30B1-60C7-4B64-B82F-237CE210561A}.Debug|Any CPU.ActiveCfg = Debug|Any CPU
		{82AD30B1-60C7-4B64-B82F-237CE210561A}.Debug|Any CPU.Build.0 = Debug|Any CPU
		{82AD30B1-60C7-4B64-B82F-237CE210561A}.Release|Any CPU.ActiveCfg = Release|Any CPU
		{82AD30B1-60C7-4B64-B82F-237CE210561A}.Release|Any CPU.Build.0 = Release|Any CPU
	EndGlobalSection
	GlobalSection(SolutionProperties) = preSolution
		HideSolutionNode = FALSE
	EndGlobalSection
	GlobalSection(ExtensibilityGlobals) = postSolution
		SolutionGuid = {8C585D65-0A45-4041-9173-B0034E235E5B}
	EndGlobalSection
EndGlobal
