
Microsoft Visual Studio Solution File, Format Version 12.00
# Visual Studio Version 17
VisualStudioVersion = 17.8.34330.188
MinimumVisualStudioVersion = 10.0.40219.1
Project("{9A19103F-16F7-4668-BE54-9A1E7A4F7556}") = "PageSettings_80", "PageSettings_80.csproj", "{44A1BBB0-53E1-4678-93A2-1508EB68FCE9}"
EndProject
Global
	GlobalSection(SolutionConfigurationPlatforms) = preSolution
		Debug|Any CPU = Debug|Any CPU
		Release|Any CPU = Release|Any CPU
	EndGlobalSection
	GlobalSection(ProjectConfigurationPlatforms) = postSolution
		{44A1BBB0-53E1-4678-93A2-1508EB68FCE9}.Debug|Any CPU.ActiveCfg = Debug|Any CPU
		{44A1BBB0-53E1-4678-93A2-1508EB68FCE9}.Debug|Any CPU.Build.0 = Debug|Any CPU
		{44A1BBB0-53E1-4678-93A2-1508EB68FCE9}.Release|Any CPU.ActiveCfg = Release|Any CPU
		{44A1BBB0-53E1-4678-93A2-1508EB68FCE9}.Release|Any CPU.Build.0 = Release|Any CPU
	EndGlobalSection
	GlobalSection(SolutionProperties) = preSolution
		HideSolutionNode = FALSE
	EndGlobalSection
	GlobalSection(ExtensibilityGlobals) = postSolution
		SolutionGuid = {BAA5A872-6E66-4961-BEDB-5EDFA767512F}
	EndGlobalSection
EndGlobal
