
Microsoft Visual Studio Solution File, Format Version 12.00
# Visual Studio Version 17
VisualStudioVersion = 17.8.34330.188
MinimumVisualStudioVersion = 10.0.40219.1
Project("{9A19103F-16F7-4668-BE54-9A1E7A4F7556}") = "PageSettings_60", "PageSettings_60.csproj", "{6FDA0858-0A1D-4DD6-ACB4-B43B9D7B1E1D}"
EndProject
Global
	GlobalSection(SolutionConfigurationPlatforms) = preSolution
		Debug|Any CPU = Debug|Any CPU
		Release|Any CPU = Release|Any CPU
	EndGlobalSection
	GlobalSection(ProjectConfigurationPlatforms) = postSolution
		{6FDA0858-0A1D-4DD6-ACB4-B43B9D7B1E1D}.Debug|Any CPU.ActiveCfg = Debug|Any CPU
		{6FDA0858-0A1D-4DD6-ACB4-B43B9D7B1E1D}.Debug|Any CPU.Build.0 = Debug|Any CPU
		{6FDA0858-0A1D-4DD6-ACB4-B43B9D7B1E1D}.Release|Any CPU.ActiveCfg = Release|Any CPU
		{6FDA0858-0A1D-4DD6-ACB4-B43B9D7B1E1D}.Release|Any CPU.Build.0 = Release|Any CPU
	EndGlobalSection
	GlobalSection(SolutionProperties) = preSolution
		HideSolutionNode = FALSE
	EndGlobalSection
	GlobalSection(ExtensibilityGlobals) = postSolution
		SolutionGuid = {893D6D3F-A35D-46C7-8A9E-0FD7B2C96F67}
	EndGlobalSection
EndGlobal
