Microsoft Visual Studio Solution File, Format Version 12.00
# Visual Studio Version 17
VisualStudioVersion = 17.0.31410.414
MinimumVisualStudioVersion = 10.0.40219.1
Project("{FAE04EC0-301F-11D3-BF4B-00C04F79EFBC}") = "MinimumSegmentLength_60", "MinimumSegmentLength_60.csproj", "{8F66C1B9-1D24-48F9-A329-F764443394FF}"
EndProject
Global
	GlobalSection(SolutionConfigurationPlatforms) = preSolution
		Debug|Any CPU = Debug|Any CPU
		Release|Any CPU = Release|Any CPU
	EndGlobalSection
	GlobalSection(ProjectConfigurationPlatforms) = postSolution
		{8F66C1B9-1D24-48F9-A329-F764443394FF}.Debug|Any CPU.ActiveCfg = Debug|Any CPU
		{8F66C1B9-1D24-48F9-A329-F764443394FF}.Debug|Any CPU.Build.0 = Debug|Any CPU
		{8F66C1B9-1D24-48F9-A329-F764443394FF}.Release|Any CPU.ActiveCfg = Release|Any CPU
		{8F66C1B9-1D24-48F9-A329-F764443394FF}.Release|Any CPU.Build.0 = Release|Any CPU
	EndGlobalSection
	GlobalSection(SolutionProperties) = preSolution
		HideSolutionNode = FALSE
	EndGlobalSection
	GlobalSection(ExtensibilityGlobals) = postSolution
		SolutionGuid = {49C8B6F3-8BAE-4E55-8381-AD8162B97D75}
	EndGlobalSection
EndGlobal
