
Microsoft Visual Studio Solution File, Format Version 12.00
# Visual Studio Version 17
VisualStudioVersion = 17.8.34330.188
MinimumVisualStudioVersion = 10.0.40219.1
Project("{FAE04EC0-301F-11D3-BF4B-00C04F79EFBC}") = "Z-Order Commands_462", "Z-Order Commands_462.csproj", "{EC846168-F263-40A1-8BA5-844D563BFA01}"
EndProject
Global
	GlobalSection(SolutionConfigurationPlatforms) = preSolution
		Debug|Any CPU = Debug|Any CPU
		Release|Any CPU = Release|Any CPU
	EndGlobalSection
	GlobalSection(ProjectConfigurationPlatforms) = postSolution
		{EC846168-F263-40A1-8BA5-844D563BFA01}.Debug|Any CPU.ActiveCfg = Debug|Any CPU
		{EC846168-F263-40A1-8BA5-844D563BFA01}.Debug|Any CPU.Build.0 = Debug|Any CPU
		{EC846168-F263-40A1-8BA5-844D563BFA01}.Release|Any CPU.ActiveCfg = Release|Any CPU
		{EC846168-F263-40A1-8BA5-844D563BFA01}.Release|Any CPU.Build.0 = Release|Any CPU
	EndGlobalSection
	GlobalSection(SolutionProperties) = preSolution
		HideSolutionNode = FALSE
	EndGlobalSection
	GlobalSection(ExtensibilityGlobals) = postSolution
		SolutionGuid = {D8F6E741-5D53-4CE7-B162-D809B9FF97D0}
	EndGlobalSection
EndGlobal
