
Microsoft Visual Studio Solution File, Format Version 12.00
# Visual Studio Version 16
VisualStudioVersion = 16.0.32106.194
MinimumVisualStudioVersion = 10.0.40219.1
Project("{FAE04EC0-301F-11D3-BF4B-00C04F79EFBC}") = "Expand Collapse in MultiParent Layout", "Expand Collapse in MultiParent Layout.csproj", "{91F328F1-BF97-4BF1-B062-6B0DDB5B8075}"
EndProject
Global
	GlobalSection(SolutionConfigurationPlatforms) = preSolution
		Debug|Any CPU = Debug|Any CPU
		Release|Any CPU = Release|Any CPU
	EndGlobalSection
	GlobalSection(ProjectConfigurationPlatforms) = postSolution
		{91F328F1-BF97-4BF1-B062-6B0DDB5B8075}.Debug|Any CPU.ActiveCfg = Debug|Any CPU
		{91F328F1-BF97-4BF1-B062-6B0DDB5B8075}.Debug|Any CPU.Build.0 = Debug|Any CPU
		{91F328F1-BF97-4BF1-B062-6B0DDB5B8075}.Release|Any CPU.ActiveCfg = Release|Any CPU
		{91F328F1-BF97-4BF1-B062-6B0DDB5B8075}.Release|Any CPU.Build.0 = Release|Any CPU
	EndGlobalSection
	GlobalSection(SolutionProperties) = preSolution
		HideSolutionNode = FALSE
	EndGlobalSection
	GlobalSection(ExtensibilityGlobals) = postSolution
		SolutionGuid = {639E74E7-6FBA-4FA2-B5E9-FEE83C7DF2BC}
	EndGlobalSection
EndGlobal
