
Microsoft Visual Studio Solution File, Format Version 12.00
# Visual Studio Version 17
VisualStudioVersion = 17.8.34330.188
MinimumVisualStudioVersion = 10.0.40219.1
Project("{9A19103F-16F7-4668-BE54-9A1E7A4F7556}") = "Grouping Commands_60", "Grouping Commands_60.csproj", "{814A8F96-F8CD-4C8A-8C9B-60D9A934EE34}"
EndProject
Global
	GlobalSection(SolutionConfigurationPlatforms) = preSolution
		Debug|Any CPU = Debug|Any CPU
		Release|Any CPU = Release|Any CPU
	EndGlobalSection
	GlobalSection(ProjectConfigurationPlatforms) = postSolution
		{814A8F96-F8CD-4C8A-8C9B-60D9A934EE34}.Debug|Any CPU.ActiveCfg = Debug|Any CPU
		{814A8F96-F8CD-4C8A-8C9B-60D9A934EE34}.Debug|Any CPU.Build.0 = Debug|Any CPU
		{814A8F96-F8CD-4C8A-8C9B-60D9A934EE34}.Release|Any CPU.ActiveCfg = Release|Any CPU
		{814A8F96-F8CD-4C8A-8C9B-60D9A934EE34}.Release|Any CPU.Build.0 = Release|Any CPU
	EndGlobalSection
	GlobalSection(SolutionProperties) = preSolution
		HideSolutionNode = FALSE
	EndGlobalSection
	GlobalSection(ExtensibilityGlobals) = postSolution
		SolutionGuid = {69BD1FFB-FC60-4CA9-BFB7-B1CED94C3FFC}
	EndGlobalSection
EndGlobal
