
Microsoft Visual Studio Solution File, Format Version 12.00
# Visual Studio Version 17
VisualStudioVersion = 17.12.35209.166
MinimumVisualStudioVersion = 10.0.40219.1
Project("{FAE04EC0-301F-11D3-BF4B-00C04F79EFBC}") = "CustomCommandForAddOpenNewWindow_60", "CustomCommandForAddOpenNewWindow_60.csproj", "{C98C9DA7-2836-42D4-920D-D43E897E0A01}"
EndProject
Global
	GlobalSection(SolutionConfigurationPlatforms) = preSolution
		Debug|Any CPU = Debug|Any CPU
		Release|Any CPU = Release|Any CPU
	EndGlobalSection
	GlobalSection(ProjectConfigurationPlatforms) = postSolution
		{C98C9DA7-2836-42D4-920D-D43E897E0A01}.Debug|Any CPU.ActiveCfg = Debug|Any CPU
		{C98C9DA7-2836-42D4-920D-D43E897E0A01}.Debug|Any CPU.Build.0 = Debug|Any CPU
		{C98C9DA7-2836-42D4-920D-D43E897E0A01}.Release|Any CPU.ActiveCfg = Release|Any CPU
		{C98C9DA7-2836-42D4-920D-D43E897E0A01}.Release|Any CPU.Build.0 = Release|Any CPU
	EndGlobalSection
	GlobalSection(SolutionProperties) = preSolution
		HideSolutionNode = FALSE
	EndGlobalSection
	GlobalSection(ExtensibilityGlobals) = postSolution
		SolutionGuid = {A5FE1C2D-1EBB-477B-A4F6-A32A603E9A14}
	EndGlobalSection
EndGlobal
