
Microsoft Visual Studio Solution File, Format Version 12.00
# Visual Studio Version 17
VisualStudioVersion = 17.8.34330.188
MinimumVisualStudioVersion = 10.0.40219.1
Project("{9A19103F-16F7-4668-BE54-9A1E7A4F7556}") = "Sizing Commands_80", "Sizing Commands_80.csproj", "{B8B9B422-7850-4EE1-8E71-30337987308B}"
EndProject
Global
	GlobalSection(SolutionConfigurationPlatforms) = preSolution
		Debug|Any CPU = Debug|Any CPU
		Release|Any CPU = Release|Any CPU
	EndGlobalSection
	GlobalSection(ProjectConfigurationPlatforms) = postSolution
		{B8B9B422-7850-4EE1-8E71-30337987308B}.Debug|Any CPU.ActiveCfg = Debug|Any CPU
		{B8B9B422-7850-4EE1-8E71-30337987308B}.Debug|Any CPU.Build.0 = Debug|Any CPU
		{B8B9B422-7850-4EE1-8E71-30337987308B}.Release|Any CPU.ActiveCfg = Release|Any CPU
		{B8B9B422-7850-4EE1-8E71-30337987308B}.Release|Any CPU.Build.0 = Release|Any CPU
	EndGlobalSection
	GlobalSection(SolutionProperties) = preSolution
		HideSolutionNode = FALSE
	EndGlobalSection
	GlobalSection(ExtensibilityGlobals) = postSolution
		SolutionGuid = {238932F9-3C7F-4DAC-9293-4CBF9605B2BF}
	EndGlobalSection
EndGlobal
