
Microsoft Visual Studio Solution File, Format Version 12.00
# Visual Studio Version 17
VisualStudioVersion = 17.8.34330.188
MinimumVisualStudioVersion = 10.0.40219.1
Project("{9A19103F-16F7-4668-BE54-9A1E7A4F7556}") = "Sizing Commands_60", "Sizing Commands_60.csproj", "{87C7DE3A-E57C-4CF3-A22E-5543C4A79840}"
EndProject
Global
	GlobalSection(SolutionConfigurationPlatforms) = preSolution
		Debug|Any CPU = Debug|Any CPU
		Release|Any CPU = Release|Any CPU
	EndGlobalSection
	GlobalSection(ProjectConfigurationPlatforms) = postSolution
		{87C7DE3A-E57C-4CF3-A22E-5543C4A79840}.Debug|Any CPU.ActiveCfg = Debug|Any CPU
		{87C7DE3A-E57C-4CF3-A22E-5543C4A79840}.Debug|Any CPU.Build.0 = Debug|Any CPU
		{87C7DE3A-E57C-4CF3-A22E-5543C4A79840}.Release|Any CPU.ActiveCfg = Release|Any CPU
		{87C7DE3A-E57C-4CF3-A22E-5543C4A79840}.Release|Any CPU.Build.0 = Release|Any CPU
	EndGlobalSection
	GlobalSection(SolutionProperties) = preSolution
		HideSolutionNode = FALSE
	EndGlobalSection
	GlobalSection(ExtensibilityGlobals) = postSolution
		SolutionGuid = {1F53010A-4CCB-410D-AB24-27D1F3C29CC8}
	EndGlobalSection
EndGlobal
