
Microsoft Visual Studio Solution File, Format Version 12.00
# Visual Studio Version 17
VisualStudioVersion = 17.8.34330.188
MinimumVisualStudioVersion = 10.0.40219.1
Project("{9A19103F-16F7-4668-BE54-9A1E7A4F7556}") = "SwimlaneHeader_60", "SwimlaneHeader_60.csproj", "{A5EB3959-F554-43B1-8A67-F89A29D62A7C}"
EndProject
Global
	GlobalSection(SolutionConfigurationPlatforms) = preSolution
		Debug|Any CPU = Debug|Any CPU
		Release|Any CPU = Release|Any CPU
	EndGlobalSection
	GlobalSection(ProjectConfigurationPlatforms) = postSolution
		{A5EB3959-F554-43B1-8A67-F89A29D62A7C}.Debug|Any CPU.ActiveCfg = Debug|Any CPU
		{A5EB3959-F554-43B1-8A67-F89A29D62A7C}.Debug|Any CPU.Build.0 = Debug|Any CPU
		{A5EB3959-F554-43B1-8A67-F89A29D62A7C}.Release|Any CPU.ActiveCfg = Release|Any CPU
		{A5EB3959-F554-43B1-8A67-F89A29D62A7C}.Release|Any CPU.Build.0 = Release|Any CPU
	EndGlobalSection
	GlobalSection(SolutionProperties) = preSolution
		HideSolutionNode = FALSE
	EndGlobalSection
	GlobalSection(ExtensibilityGlobals) = postSolution
		SolutionGuid = {66C731ED-C9E6-49A3-879F-3582EFAB2DCA}
	EndGlobalSection
EndGlobal
