
Microsoft Visual Studio Solution File, Format Version 12.00
# Visual Studio Version 17
VisualStudioVersion = 17.8.34309.116
MinimumVisualStudioVersion = 10.0.40219.1
Project("{FAE04EC0-301F-11D3-BF4B-00C04F79EFBC}") = "HorizontalScroll_462", "HorizontalScroll_462.csproj", "{8F66C1B9-1D24-48F9-A329-F764443394FF}"
EndProject
Global
	GlobalSection(SolutionConfigurationPlatforms) = preSolution
		Debug|Any CPU = Debug|Any CPU
		Release|Any CPU = Release|Any CPU
	EndGlobalSection
	GlobalSection(ProjectConfigurationPlatforms) = postSolution
		{8F66C1B9-1D24-48F9-A329-F764443394FF}.Debug|Any CPU.ActiveCfg = Debug|Any CPU
		{8F66C1B9-1D24-48F9-A329-F764443394FF}.Debug|Any CPU.Build.0 = Debug|Any CPU
		{8F66C1B9-1D24-48F9-A329-F764443394FF}.Release|Any CPU.ActiveCfg = Release|Any CPU
		{8F66C1B9-1D24-48F9-A329-F764443394FF}.Release|Any CPU.Build.0 = Release|Any CPU
	EndGlobalSection
	GlobalSection(SolutionProperties) = preSolution
		HideSolutionNode = FALSE
	EndGlobalSection
	GlobalSection(ExtensibilityGlobals) = postSolution
		SolutionGuid = {C096AF0C-94F0-41E5-A796-7B8EA92A3FC7}
	EndGlobalSection
EndGlobal
