
Microsoft Visual Studio Solution File, Format Version 12.00
# Visual Studio Version 17
VisualStudioVersion = 17.8.34309.116
MinimumVisualStudioVersion = 10.0.40219.1
Project("{9A19103F-16F7-4668-BE54-9A1E7A4F7556}") = "HorizontalScroll_80", "HorizontalScroll_80.csproj", "{134DBF81-A4AE-476B-BCDF-5A287924EBCC}"
EndProject
Global
	GlobalSection(SolutionConfigurationPlatforms) = preSolution
		Debug|Any CPU = Debug|Any CPU
		Release|Any CPU = Release|Any CPU
	EndGlobalSection
	GlobalSection(ProjectConfigurationPlatforms) = postSolution
		{134DBF81-A4AE-476B-BCDF-5A287924EBCC}.Debug|Any CPU.ActiveCfg = Debug|Any CPU
		{134DBF81-A4AE-476B-BCDF-5A287924EBCC}.Debug|Any CPU.Build.0 = Debug|Any CPU
		{134DBF81-A4AE-476B-BCDF-5A287924EBCC}.Release|Any CPU.ActiveCfg = Release|Any CPU
		{134DBF81-A4AE-476B-BCDF-5A287924EBCC}.Release|Any CPU.Build.0 = Release|Any CPU
	EndGlobalSection
	GlobalSection(SolutionProperties) = preSolution
		HideSolutionNode = FALSE
	EndGlobalSection
	GlobalSection(ExtensibilityGlobals) = postSolution
		SolutionGuid = {EDB8B7B9-0892-4425-85FF-534FF7420AAF}
	EndGlobalSection
EndGlobal
