
Microsoft Visual Studio Solution File, Format Version 12.00
# Visual Studio Version 17
VisualStudioVersion = 17.8.34330.188
MinimumVisualStudioVersion = 10.0.40219.1
Project("{9A19103F-16F7-4668-BE54-9A1E7A4F7556}") = "DeactivateZoom_80", "DeactivateZoom_80.csproj", "{939D5849-19F3-4EBD-8E91-864ACD0CB762}"
EndProject
Global
	GlobalSection(SolutionConfigurationPlatforms) = preSolution
		Debug|Any CPU = Debug|Any CPU
		Release|Any CPU = Release|Any CPU
	EndGlobalSection
	GlobalSection(ProjectConfigurationPlatforms) = postSolution
		{939D5849-19F3-4EBD-8E91-864ACD0CB762}.Debug|Any CPU.ActiveCfg = Debug|Any CPU
		{939D5849-19F3-4EBD-8E91-864ACD0CB762}.Debug|Any CPU.Build.0 = Debug|Any CPU
		{939D5849-19F3-4EBD-8E91-864ACD0CB762}.Release|Any CPU.ActiveCfg = Release|Any CPU
		{939D5849-19F3-4EBD-8E91-864ACD0CB762}.Release|Any CPU.Build.0 = Release|Any CPU
	EndGlobalSection
	GlobalSection(SolutionProperties) = preSolution
		HideSolutionNode = FALSE
	EndGlobalSection
	GlobalSection(ExtensibilityGlobals) = postSolution
		SolutionGuid = {5B547B6C-D98C-476C-84D8-23E5F28BB852}
	EndGlobalSection
EndGlobal
