
Microsoft Visual Studio Solution File, Format Version 12.00
# Visual Studio Version 17
VisualStudioVersion = 17.8.34330.188
MinimumVisualStudioVersion = 10.0.40219.1
Project("{9A19103F-16F7-4668-BE54-9A1E7A4F7556}") = "DeactivateZoom_60", "DeactivateZoom_60.csproj", "{D42B172F-4ACB-41D3-B133-5B2143D5D982}"
EndProject
Global
	GlobalSection(SolutionConfigurationPlatforms) = preSolution
		Debug|Any CPU = Debug|Any CPU
		Release|Any CPU = Release|Any CPU
	EndGlobalSection
	GlobalSection(ProjectConfigurationPlatforms) = postSolution
		{D42B172F-4ACB-41D3-B133-5B2143D5D982}.Debug|Any CPU.ActiveCfg = Debug|Any CPU
		{D42B172F-4ACB-41D3-B133-5B2143D5D982}.Debug|Any CPU.Build.0 = Debug|Any CPU
		{D42B172F-4ACB-41D3-B133-5B2143D5D982}.Release|Any CPU.ActiveCfg = Release|Any CPU
		{D42B172F-4ACB-41D3-B133-5B2143D5D982}.Release|Any CPU.Build.0 = Release|Any CPU
	EndGlobalSection
	GlobalSection(SolutionProperties) = preSolution
		HideSolutionNode = FALSE
	EndGlobalSection
	GlobalSection(ExtensibilityGlobals) = postSolution
		SolutionGuid = {A32FDED2-53D6-472B-BA9D-43D6E065A8AD}
	EndGlobalSection
EndGlobal
