
Microsoft Visual Studio Solution File, Format Version 12.00
# Visual Studio Version 17
VisualStudioVersion = 17.8.34330.188
MinimumVisualStudioVersion = 10.0.40219.1
Project("{9A19103F-16F7-4668-BE54-9A1E7A4F7556}") = "PageBreaksSample_60", "PageBreaksSample_60.csproj", "{AD531793-4850-4640-B222-F5BE5977FC7D}"
EndProject
Global
	GlobalSection(SolutionConfigurationPlatforms) = preSolution
		Debug|Any CPU = Debug|Any CPU
		Release|Any CPU = Release|Any CPU
	EndGlobalSection
	GlobalSection(ProjectConfigurationPlatforms) = postSolution
		{AD531793-4850-4640-B222-F5BE5977FC7D}.Debug|Any CPU.ActiveCfg = Debug|Any CPU
		{AD531793-4850-4640-B222-F5BE5977FC7D}.Debug|Any CPU.Build.0 = Debug|Any CPU
		{AD531793-4850-4640-B222-F5BE5977FC7D}.Release|Any CPU.ActiveCfg = Release|Any CPU
		{AD531793-4850-4640-B222-F5BE5977FC7D}.Release|Any CPU.Build.0 = Release|Any CPU
	EndGlobalSection
	GlobalSection(SolutionProperties) = preSolution
		HideSolutionNode = FALSE
	EndGlobalSection
	GlobalSection(ExtensibilityGlobals) = postSolution
		SolutionGuid = {1ADD2329-6777-4763-88DB-24138444940C}
	EndGlobalSection
EndGlobal
