
Microsoft Visual Studio Solution File, Format Version 12.00
# Visual Studio Version 17
VisualStudioVersion = 17.8.34330.188
MinimumVisualStudioVersion = 10.0.40219.1
Project("{FAE04EC0-301F-11D3-BF4B-00C04F79EFBC}") = "Annotationconstraints_462", "Annotationconstraints_462.csproj", "{F4128AB0-EF5E-4CF5-A1AE-451BEA4AF89E}"
EndProject
Global
	GlobalSection(SolutionConfigurationPlatforms) = preSolution
		Debug|Any CPU = Debug|Any CPU
		Release|Any CPU = Release|Any CPU
	EndGlobalSection
	GlobalSection(ProjectConfigurationPlatforms) = postSolution
		{F4128AB0-EF5E-4CF5-A1AE-451BEA4AF89E}.Debug|Any CPU.ActiveCfg = Debug|Any CPU
		{F4128AB0-EF5E-4CF5-A1AE-451BEA4AF89E}.Debug|Any CPU.Build.0 = Debug|Any CPU
		{F4128AB0-EF5E-4CF5-A1AE-451BEA4AF89E}.Release|Any CPU.ActiveCfg = Release|Any CPU
		{F4128AB0-EF5E-4CF5-A1AE-451BEA4AF89E}.Release|Any CPU.Build.0 = Release|Any CPU
	EndGlobalSection
	GlobalSection(SolutionProperties) = preSolution
		HideSolutionNode = FALSE
	EndGlobalSection
	GlobalSection(ExtensibilityGlobals) = postSolution
		SolutionGuid = {06669EA9-3B5B-448C-BEC0-0514ECB9C2EC}
	EndGlobalSection
EndGlobal
