
Microsoft Visual Studio Solution File, Format Version 12.00
# Visual Studio Version 17
VisualStudioVersion = 17.8.34330.188
MinimumVisualStudioVersion = 10.0.40219.1
Project("{FAE04EC0-301F-11D3-BF4B-00C04F79EFBC}") = "FlowchartCreation_462", "FlowchartCreation_462.csproj", "{2FD51F7A-4117-4B00-9E1B-14A5878732B2}"
EndProject
Global
	GlobalSection(SolutionConfigurationPlatforms) = preSolution
		Debug|Any CPU = Debug|Any CPU
		Release|Any CPU = Release|Any CPU
	EndGlobalSection
	GlobalSection(ProjectConfigurationPlatforms) = postSolution
		{2FD51F7A-4117-4B00-9E1B-14A5878732B2}.Debug|Any CPU.ActiveCfg = Debug|Any CPU
		{2FD51F7A-4117-4B00-9E1B-14A5878732B2}.Debug|Any CPU.Build.0 = Debug|Any CPU
		{2FD51F7A-4117-4B00-9E1B-14A5878732B2}.Release|Any CPU.ActiveCfg = Release|Any CPU
		{2FD51F7A-4117-4B00-9E1B-14A5878732B2}.Release|Any CPU.Build.0 = Release|Any CPU
	EndGlobalSection
	GlobalSection(SolutionProperties) = preSolution
		HideSolutionNode = FALSE
	EndGlobalSection
	GlobalSection(ExtensibilityGlobals) = postSolution
		SolutionGuid = {4A4E5790-0925-4520-B448-70D74E31F362}
	EndGlobalSection
EndGlobal
