
Microsoft Visual Studio Solution File, Format Version 12.00
# Visual Studio Version 17
VisualStudioVersion = 17.8.34330.188
MinimumVisualStudioVersion = 10.0.40219.1
Project("{FAE04EC0-301F-11D3-BF4B-00C04F79EFBC}") = "Fit to page command_462", "Fit to page command_462.csproj", "{76537A6E-24C0-4DB5-84A4-F05711E970F1}"
EndProject
Global
	GlobalSection(SolutionConfigurationPlatforms) = preSolution
		Debug|Any CPU = Debug|Any CPU
		Release|Any CPU = Release|Any CPU
	EndGlobalSection
	GlobalSection(ProjectConfigurationPlatforms) = postSolution
		{76537A6E-24C0-4DB5-84A4-F05711E970F1}.Debug|Any CPU.ActiveCfg = Debug|Any CPU
		{76537A6E-24C0-4DB5-84A4-F05711E970F1}.Debug|Any CPU.Build.0 = Debug|Any CPU
		{76537A6E-24C0-4DB5-84A4-F05711E970F1}.Release|Any CPU.ActiveCfg = Release|Any CPU
		{76537A6E-24C0-4DB5-84A4-F05711E970F1}.Release|Any CPU.Build.0 = Release|Any CPU
	EndGlobalSection
	GlobalSection(SolutionProperties) = preSolution
		HideSolutionNode = FALSE
	EndGlobalSection
	GlobalSection(ExtensibilityGlobals) = postSolution
		SolutionGuid = {641CF377-A158-4203-8A4B-44B2E72B381F}
	EndGlobalSection
EndGlobal
