
Microsoft Visual Studio Solution File, Format Version 12.00
# Visual Studio Version 17
VisualStudioVersion = 17.8.34330.188
MinimumVisualStudioVersion = 10.0.40219.1
Project("{FAE04EC0-301F-11D3-BF4B-00C04F79EFBC}") = "PreviewEffectWithOutDrag_462", "PreviewEffectWithOutDrag_462.csproj", "{BDF91621-6CFF-4342-BCDB-388330F63E48}"
EndProject
Global
	GlobalSection(SolutionConfigurationPlatforms) = preSolution
		Debug|Any CPU = Debug|Any CPU
		Release|Any CPU = Release|Any CPU
	EndGlobalSection
	GlobalSection(ProjectConfigurationPlatforms) = postSolution
		{BDF91621-6CFF-4342-BCDB-388330F63E48}.Debug|Any CPU.ActiveCfg = Debug|Any CPU
		{BDF91621-6CFF-4342-BCDB-388330F63E48}.Debug|Any CPU.Build.0 = Debug|Any CPU
		{BDF91621-6CFF-4342-BCDB-388330F63E48}.Release|Any CPU.ActiveCfg = Release|Any CPU
		{BDF91621-6CFF-4342-BCDB-388330F63E48}.Release|Any CPU.Build.0 = Release|Any CPU
	EndGlobalSection
	GlobalSection(SolutionProperties) = preSolution
		HideSolutionNode = FALSE
	EndGlobalSection
	GlobalSection(ExtensibilityGlobals) = postSolution
		SolutionGuid = {FF96D1E4-CF37-4281-9267-09B087C20A83}
	EndGlobalSection
EndGlobal
