
Microsoft Visual Studio Solution File, Format Version 12.00
# Visual Studio Version 16
VisualStudioVersion = 16.0.29519.161
MinimumVisualStudioVersion = 10.0.40219.1
Project("{FAE04EC0-301F-11D3-BF4B-00C04F79EFBC}") = "Property Grid sample", "Property Grid sample.csproj", "{A8744E31-D919-444E-8A04-4F46A4A5A05B}"
EndProject
Global
	GlobalSection(SolutionConfigurationPlatforms) = preSolution
		Debug|Any CPU = Debug|Any CPU
		Release|Any CPU = Release|Any CPU
	EndGlobalSection
	GlobalSection(ProjectConfigurationPlatforms) = postSolution
		{A8744E31-D919-444E-8A04-4F46A4A5A05B}.Debug|Any CPU.ActiveCfg = Debug|Any CPU
		{A8744E31-D919-444E-8A04-4F46A4A5A05B}.Debug|Any CPU.Build.0 = Debug|Any CPU
		{A8744E31-D919-444E-8A04-4F46A4A5A05B}.Release|Any CPU.ActiveCfg = Release|Any CPU
		{A8744E31-D919-444E-8A04-4F46A4A5A05B}.Release|Any CPU.Build.0 = Release|Any CPU
	EndGlobalSection
	GlobalSection(SolutionProperties) = preSolution
		HideSolutionNode = FALSE
	EndGlobalSection
	GlobalSection(ExtensibilityGlobals) = postSolution
		SolutionGuid = {27A9862A-E791-41E4-8F80-46B1824AC649}
	EndGlobalSection
EndGlobal
