
Microsoft Visual Studio Solution File, Format Version 12.00
# Visual Studio Version 17
VisualStudioVersion = 17.8.34330.188
MinimumVisualStudioVersion = 10.0.40219.1
Project("{9A19103F-16F7-4668-BE54-9A1E7A4F7556}") = "Nudge Commands_60", "Nudge Commands_60.csproj", "{CA4B4D4B-E270-43A0-A8D8-1BC25B5CC5E2}"
EndProject
Global
	GlobalSection(SolutionConfigurationPlatforms) = preSolution
		Debug|Any CPU = Debug|Any CPU
		Release|Any CPU = Release|Any CPU
	EndGlobalSection
	GlobalSection(ProjectConfigurationPlatforms) = postSolution
		{CA4B4D4B-E270-43A0-A8D8-1BC25B5CC5E2}.Debug|Any CPU.ActiveCfg = Debug|Any CPU
		{CA4B4D4B-E270-43A0-A8D8-1BC25B5CC5E2}.Debug|Any CPU.Build.0 = Debug|Any CPU
		{CA4B4D4B-E270-43A0-A8D8-1BC25B5CC5E2}.Release|Any CPU.ActiveCfg = Release|Any CPU
		{CA4B4D4B-E270-43A0-A8D8-1BC25B5CC5E2}.Release|Any CPU.Build.0 = Release|Any CPU
	EndGlobalSection
	GlobalSection(SolutionProperties) = preSolution
		HideSolutionNode = FALSE
	EndGlobalSection
	GlobalSection(ExtensibilityGlobals) = postSolution
		SolutionGuid = {4B55A218-B12D-4EFD-BCF5-97E0DB5E8CCE}
	EndGlobalSection
EndGlobal
