
Microsoft Visual Studio Solution File, Format Version 12.00
# Visual Studio Version 17
VisualStudioVersion = 17.8.34330.188
MinimumVisualStudioVersion = 10.0.40219.1
Project("{9A19103F-16F7-4668-BE54-9A1E7A4F7556}") = "Stencil Drag Drop Template_60", "Stencil Drag Drop Template_60.csproj", "{C901E96E-66B8-49B4-8627-D97D03AE2A73}"
EndProject
Global
	GlobalSection(SolutionConfigurationPlatforms) = preSolution
		Debug|Any CPU = Debug|Any CPU
		Release|Any CPU = Release|Any CPU
	EndGlobalSection
	GlobalSection(ProjectConfigurationPlatforms) = postSolution
		{C901E96E-66B8-49B4-8627-D97D03AE2A73}.Debug|Any CPU.ActiveCfg = Debug|Any CPU
		{C901E96E-66B8-49B4-8627-D97D03AE2A73}.Debug|Any CPU.Build.0 = Debug|Any CPU
		{C901E96E-66B8-49B4-8627-D97D03AE2A73}.Release|Any CPU.ActiveCfg = Release|Any CPU
		{C901E96E-66B8-49B4-8627-D97D03AE2A73}.Release|Any CPU.Build.0 = Release|Any CPU
	EndGlobalSection
	GlobalSection(SolutionProperties) = preSolution
		HideSolutionNode = FALSE
	EndGlobalSection
	GlobalSection(ExtensibilityGlobals) = postSolution
		SolutionGuid = {50098B15-A5FC-4CB2-A122-255ED209898A}
	EndGlobalSection
EndGlobal
