
Microsoft Visual Studio Solution File, Format Version 12.00
# Visual Studio Version 17
VisualStudioVersion = 17.8.34330.188
MinimumVisualStudioVersion = 10.0.40219.1
Project("{FAE04EC0-301F-11D3-BF4B-00C04F79EFBC}") = "Stencil Drag Drop Template_462", "Stencil Drag Drop Template_462.csproj", "{B72BB3A1-BA36-4D34-91B3-54012DB78FCC}"
EndProject
Global
	GlobalSection(SolutionConfigurationPlatforms) = preSolution
		Debug|Any CPU = Debug|Any CPU
		Release|Any CPU = Release|Any CPU
	EndGlobalSection
	GlobalSection(ProjectConfigurationPlatforms) = postSolution
		{B72BB3A1-BA36-4D34-91B3-54012DB78FCC}.Debug|Any CPU.ActiveCfg = Debug|Any CPU
		{B72BB3A1-BA36-4D34-91B3-54012DB78FCC}.Debug|Any CPU.Build.0 = Debug|Any CPU
		{B72BB3A1-BA36-4D34-91B3-54012DB78FCC}.Release|Any CPU.ActiveCfg = Release|Any CPU
		{B72BB3A1-BA36-4D34-91B3-54012DB78FCC}.Release|Any CPU.Build.0 = Release|Any CPU
	EndGlobalSection
	GlobalSection(SolutionProperties) = preSolution
		HideSolutionNode = FALSE
	EndGlobalSection
	GlobalSection(ExtensibilityGlobals) = postSolution
		SolutionGuid = {AF1A7BB3-AEBE-45B4-A9A0-973A2B4BC101}
	EndGlobalSection
EndGlobal
