
Microsoft Visual Studio Solution File, Format Version 12.00
# Visual Studio Version 17
VisualStudioVersion = 17.8.34330.188
MinimumVisualStudioVersion = 10.0.40219.1
Project("{FAE04EC0-301F-11D3-BF4B-00C04F79EFBC}") = "ActivityDiagram_462", "ActivityDiagram_462.csproj", "{F3DF4135-710F-4379-B260-FE88911032C5}"
EndProject
Global
	GlobalSection(SolutionConfigurationPlatforms) = preSolution
		Debug|Any CPU = Debug|Any CPU
		Release|Any CPU = Release|Any CPU
	EndGlobalSection
	GlobalSection(ProjectConfigurationPlatforms) = postSolution
		{F3DF4135-710F-4379-B260-FE88911032C5}.Debug|Any CPU.ActiveCfg = Debug|Any CPU
		{F3DF4135-710F-4379-B260-FE88911032C5}.Debug|Any CPU.Build.0 = Debug|Any CPU
		{F3DF4135-710F-4379-B260-FE88911032C5}.Release|Any CPU.ActiveCfg = Release|Any CPU
		{F3DF4135-710F-4379-B260-FE88911032C5}.Release|Any CPU.Build.0 = Release|Any CPU
	EndGlobalSection
	GlobalSection(SolutionProperties) = preSolution
		HideSolutionNode = FALSE
	EndGlobalSection
	GlobalSection(ExtensibilityGlobals) = postSolution
		SolutionGuid = {A5451FD7-DACE-4DDB-BA5A-AAB2F071C1FD}
	EndGlobalSection
EndGlobal
