Microsoft Visual Studio Solution File, Format Version 12.00
# Visual Studio Version 17
VisualStudioVersion = 17.8.226.21692
MinimumVisualStudioVersion = 10.0.40219.1
Project("{FAE04EC0-301F-11D3-BF4B-00C04F79EFBC}") = "AddNodeUsingContextMenu_80", "AddNodeUsingContextMenu_80.csproj", "{A68A7650-45A5-4FF6-A7CB-DF6B3391A60B}"
EndProject
Global
	GlobalSection(SolutionConfigurationPlatforms) = preSolution
		Debug|Any CPU = Debug|Any CPU
		Release|Any CPU = Release|Any CPU
	EndGlobalSection
	GlobalSection(ProjectConfigurationPlatforms) = postSolution
		{A68A7650-45A5-4FF6-A7CB-DF6B3391A60B}.Debug|Any CPU.ActiveCfg = Debug|Any CPU
		{A68A7650-45A5-4FF6-A7CB-DF6B3391A60B}.Debug|Any CPU.Build.0 = Debug|Any CPU
		{A68A7650-45A5-4FF6-A7CB-DF6B3391A60B}.Release|Any CPU.ActiveCfg = Release|Any CPU
		{A68A7650-45A5-4FF6-A7CB-DF6B3391A60B}.Release|Any CPU.Build.0 = Release|Any CPU
	EndGlobalSection
	GlobalSection(SolutionProperties) = preSolution
		HideSolutionNode = FALSE
	EndGlobalSection
	GlobalSection(ExtensibilityGlobals) = postSolution
		SolutionGuid = {DF9764AD-C769-43B8-9AAB-2ADB4BBAFF83}
	EndGlobalSection
EndGlobal
