
Microsoft Visual Studio Solution File, Format Version 12.00
# Visual Studio Version 17
VisualStudioVersion = 17.8.34330.188
MinimumVisualStudioVersion = 10.0.40219.1
Project("{9A19103F-16F7-4668-BE54-9A1E7A4F7556}") = "StencilListView_80", "StencilListView_80.csproj", "{92DE27EE-22DC-480B-B913-5F12622174DB}"
EndProject
Global
	GlobalSection(SolutionConfigurationPlatforms) = preSolution
		Debug|Any CPU = Debug|Any CPU
		Release|Any CPU = Release|Any CPU
	EndGlobalSection
	GlobalSection(ProjectConfigurationPlatforms) = postSolution
		{92DE27EE-22DC-480B-B913-5F12622174DB}.Debug|Any CPU.ActiveCfg = Debug|Any CPU
		{92DE27EE-22DC-480B-B913-5F12622174DB}.Debug|Any CPU.Build.0 = Debug|Any CPU
		{92DE27EE-22DC-480B-B913-5F12622174DB}.Release|Any CPU.ActiveCfg = Release|Any CPU
		{92DE27EE-22DC-480B-B913-5F12622174DB}.Release|Any CPU.Build.0 = Release|Any CPU
	EndGlobalSection
	GlobalSection(SolutionProperties) = preSolution
		HideSolutionNode = FALSE
	EndGlobalSection
	GlobalSection(ExtensibilityGlobals) = postSolution
		SolutionGuid = {AF174ABD-246A-4483-A1AF-BA478A57C3C6}
	EndGlobalSection
EndGlobal
