
Microsoft Visual Studio Solution File, Format Version 12.00
# Visual Studio 15
VisualStudioVersion = 15.0.28307.572
MinimumVisualStudioVersion = 10.0.40219.1
Project("{FAE04EC0-301F-11D3-BF4B-00C04F79EFBC}") = "FloatElementsSample", "FloatElementsSample\FloatElementsSample.csproj", "{190E1EEE-6CB6-407C-9B0D-52C3F2B83182}"
EndProject
Global
	GlobalSection(SolutionConfigurationPlatforms) = preSolution
		Debug|Any CPU = Debug|Any CPU
		Release|Any CPU = Release|Any CPU
		Release-Xml|Any CPU = Release-Xml|Any CPU
	EndGlobalSection
	GlobalSection(ProjectConfigurationPlatforms) = postSolution
		{190E1EEE-6CB6-407C-9B0D-52C3F2B83182}.Debug|Any CPU.ActiveCfg = Debug|Any CPU
		{190E1EEE-6CB6-407C-9B0D-52C3F2B83182}.Debug|Any CPU.Build.0 = Debug|Any CPU
		{190E1EEE-6CB6-407C-9B0D-52C3F2B83182}.Release|Any CPU.ActiveCfg = Release|Any CPU
		{190E1EEE-6CB6-407C-9B0D-52C3F2B83182}.Release|Any CPU.Build.0 = Release|Any CPU
		{190E1EEE-6CB6-407C-9B0D-52C3F2B83182}.Release-Xml|Any CPU.ActiveCfg = Release|Any CPU
		{190E1EEE-6CB6-407C-9B0D-52C3F2B83182}.Release-Xml|Any CPU.Build.0 = Release|Any CPU
	EndGlobalSection
	GlobalSection(SolutionProperties) = preSolution
		HideSolutionNode = FALSE
	EndGlobalSection
	GlobalSection(ExtensibilityGlobals) = postSolution
		SolutionGuid = {3A0EF48D-13EE-496B-B918-5372889A50DC}
	EndGlobalSection
EndGlobal
