
Microsoft Visual Studio Solution File, Format Version 12.00
# Visual Studio Version 17
VisualStudioVersion = 17.8.34330.188
MinimumVisualStudioVersion = 10.0.40219.1
Project("{9A19103F-16F7-4668-BE54-9A1E7A4F7556}") = "MultipleNodePorts_60", "MultipleNodePorts_60.csproj", "{B2F3505C-D384-4FA8-89B2-3F8F57C74B45}"
EndProject
Global
	GlobalSection(SolutionConfigurationPlatforms) = preSolution
		Debug|Any CPU = Debug|Any CPU
		Release|Any CPU = Release|Any CPU
	EndGlobalSection
	GlobalSection(ProjectConfigurationPlatforms) = postSolution
		{B2F3505C-D384-4FA8-89B2-3F8F57C74B45}.Debug|Any CPU.ActiveCfg = Debug|Any CPU
		{B2F3505C-D384-4FA8-89B2-3F8F57C74B45}.Debug|Any CPU.Build.0 = Debug|Any CPU
		{B2F3505C-D384-4FA8-89B2-3F8F57C74B45}.Release|Any CPU.ActiveCfg = Release|Any CPU
		{B2F3505C-D384-4FA8-89B2-3F8F57C74B45}.Release|Any CPU.Build.0 = Release|Any CPU
	EndGlobalSection
	GlobalSection(SolutionProperties) = preSolution
		HideSolutionNode = FALSE
	EndGlobalSection
	GlobalSection(ExtensibilityGlobals) = postSolution
		SolutionGuid = {FD8655E9-5256-4986-977C-9F8DEFBE6B66}
	EndGlobalSection
EndGlobal
