
Microsoft Visual Studio Solution File, Format Version 12.00
# Visual Studio Version 17
VisualStudioVersion = 17.8.34330.188
MinimumVisualStudioVersion = 10.0.40219.1
Project("{9A19103F-16F7-4668-BE54-9A1E7A4F7556}") = "MultipleNodePorts_80", "MultipleNodePorts_80.csproj", "{66AAE9D7-B7CF-499E-A21A-E2159A3FBFB2}"
EndProject
Global
	GlobalSection(SolutionConfigurationPlatforms) = preSolution
		Debug|Any CPU = Debug|Any CPU
		Release|Any CPU = Release|Any CPU
	EndGlobalSection
	GlobalSection(ProjectConfigurationPlatforms) = postSolution
		{66AAE9D7-B7CF-499E-A21A-E2159A3FBFB2}.Debug|Any CPU.ActiveCfg = Debug|Any CPU
		{66AAE9D7-B7CF-499E-A21A-E2159A3FBFB2}.Debug|Any CPU.Build.0 = Debug|Any CPU
		{66AAE9D7-B7CF-499E-A21A-E2159A3FBFB2}.Release|Any CPU.ActiveCfg = Release|Any CPU
		{66AAE9D7-B7CF-499E-A21A-E2159A3FBFB2}.Release|Any CPU.Build.0 = Release|Any CPU
	EndGlobalSection
	GlobalSection(SolutionProperties) = preSolution
		HideSolutionNode = FALSE
	EndGlobalSection
	GlobalSection(ExtensibilityGlobals) = postSolution
		SolutionGuid = {A0D44A70-2E34-4F96-A6B7-6107363E90E7}
	EndGlobalSection
EndGlobal
