
Microsoft Visual Studio Solution File, Format Version 12.00
# Visual Studio Version 17
VisualStudioVersion = 17.8.34330.188
MinimumVisualStudioVersion = 10.0.40219.1
Project("{FAE04EC0-301F-11D3-BF4B-00C04F79EFBC}") = "MultipleNodePorts_462", "MultipleNodePorts_462.csproj", "{36999583-6F6F-48A9-BEDE-275671AB86CB}"
EndProject
Global
	GlobalSection(SolutionConfigurationPlatforms) = preSolution
		Debug|Any CPU = Debug|Any CPU
		Release|Any CPU = Release|Any CPU
	EndGlobalSection
	GlobalSection(ProjectConfigurationPlatforms) = postSolution
		{36999583-6F6F-48A9-BEDE-275671AB86CB}.Debug|Any CPU.ActiveCfg = Debug|Any CPU
		{36999583-6F6F-48A9-BEDE-275671AB86CB}.Debug|Any CPU.Build.0 = Debug|Any CPU
		{36999583-6F6F-48A9-BEDE-275671AB86CB}.Release|Any CPU.ActiveCfg = Release|Any CPU
		{36999583-6F6F-48A9-BEDE-275671AB86CB}.Release|Any CPU.Build.0 = Release|Any CPU
	EndGlobalSection
	GlobalSection(SolutionProperties) = preSolution
		HideSolutionNode = FALSE
	EndGlobalSection
	GlobalSection(ExtensibilityGlobals) = postSolution
		SolutionGuid = {C72656A9-D79C-4F91-B83A-85A343D4755D}
	EndGlobalSection
EndGlobal
