
Microsoft Visual Studio Solution File, Format Version 12.00
# Visual Studio Version 16
VisualStudioVersion = 16.0.29519.161
MinimumVisualStudioVersion = 10.0.40219.1
Project("{FAE04EC0-301F-11D3-BF4B-00C04F79EFBC}") = "CreateDiagram", "CreateDiagram.csproj", "{2775E402-5B18-4298-B652-8A432ADE219B}"
EndProject
Global
	GlobalSection(SolutionConfigurationPlatforms) = preSolution
		Debug|Any CPU = Debug|Any CPU
		Release|Any CPU = Release|Any CPU
	EndGlobalSection
	GlobalSection(ProjectConfigurationPlatforms) = postSolution
		{2775E402-5B18-4298-B652-8A432ADE219B}.Debug|Any CPU.ActiveCfg = Debug|Any CPU
		{2775E402-5B18-4298-B652-8A432ADE219B}.Debug|Any CPU.Build.0 = Debug|Any CPU
		{2775E402-5B18-4298-B652-8A432ADE219B}.Release|Any CPU.ActiveCfg = Release|Any CPU
		{2775E402-5B18-4298-B652-8A432ADE219B}.Release|Any CPU.Build.0 = Release|Any CPU
	EndGlobalSection
	GlobalSection(SolutionProperties) = preSolution
		HideSolutionNode = FALSE
	EndGlobalSection
	GlobalSection(ExtensibilityGlobals) = postSolution
		SolutionGuid = {7D6F7ECD-9F85-4BBA-8E6C-B8949140BB1C}
	EndGlobalSection
EndGlobal
