
Microsoft Visual Studio Solution File, Format Version 12.00
# Visual Studio Version 17
VisualStudioVersion = 17.8.34330.188
MinimumVisualStudioVersion = 10.0.40219.1
Project("{9A19103F-16F7-4668-BE54-9A1E7A4F7556}") = "CustomHeaderFooter_80", "CustomHeaderFooter_80.csproj", "{3111C0EB-46FD-4005-8A38-C6B83F8BCB64}"
EndProject
Global
	GlobalSection(SolutionConfigurationPlatforms) = preSolution
		Debug|Any CPU = Debug|Any CPU
		Release|Any CPU = Release|Any CPU
	EndGlobalSection
	GlobalSection(ProjectConfigurationPlatforms) = postSolution
		{3111C0EB-46FD-4005-8A38-C6B83F8BCB64}.Debug|Any CPU.ActiveCfg = Debug|Any CPU
		{3111C0EB-46FD-4005-8A38-C6B83F8BCB64}.Debug|Any CPU.Build.0 = Debug|Any CPU
		{3111C0EB-46FD-4005-8A38-C6B83F8BCB64}.Release|Any CPU.ActiveCfg = Release|Any CPU
		{3111C0EB-46FD-4005-8A38-C6B83F8BCB64}.Release|Any CPU.Build.0 = Release|Any CPU
	EndGlobalSection
	GlobalSection(SolutionProperties) = preSolution
		HideSolutionNode = FALSE
	EndGlobalSection
	GlobalSection(ExtensibilityGlobals) = postSolution
		SolutionGuid = {AA6E9838-0B7F-43D9-9B53-668E99099FF1}
	EndGlobalSection
EndGlobal
