
Microsoft Visual Studio Solution File, Format Version 12.00
# Visual Studio Version 17
VisualStudioVersion = 17.8.34330.188
MinimumVisualStudioVersion = 10.0.40219.1
Project("{9A19103F-16F7-4668-BE54-9A1E7A4F7556}") = "KeyboardShortcut_80", "KeyboardShortcut_80.csproj", "{6A189310-D012-4FD5-9AE5-1416B4BDC2FE}"
EndProject
Global
	GlobalSection(SolutionConfigurationPlatforms) = preSolution
		Debug|Any CPU = Debug|Any CPU
		Release|Any CPU = Release|Any CPU
	EndGlobalSection
	GlobalSection(ProjectConfigurationPlatforms) = postSolution
		{6A189310-D012-4FD5-9AE5-1416B4BDC2FE}.Debug|Any CPU.ActiveCfg = Debug|Any CPU
		{6A189310-D012-4FD5-9AE5-1416B4BDC2FE}.Debug|Any CPU.Build.0 = Debug|Any CPU
		{6A189310-D012-4FD5-9AE5-1416B4BDC2FE}.Release|Any CPU.ActiveCfg = Release|Any CPU
		{6A189310-D012-4FD5-9AE5-1416B4BDC2FE}.Release|Any CPU.Build.0 = Release|Any CPU
	EndGlobalSection
	GlobalSection(SolutionProperties) = preSolution
		HideSolutionNode = FALSE
	EndGlobalSection
	GlobalSection(ExtensibilityGlobals) = postSolution
		SolutionGuid = {3571AAC4-A1CC-4490-BD12-509635F19FAE}
	EndGlobalSection
EndGlobal
