
Microsoft Visual Studio Solution File, Format Version 12.00
# Visual Studio Version 17
VisualStudioVersion = 17.8.34330.188
MinimumVisualStudioVersion = 10.0.40219.1
Project("{9A19103F-16F7-4668-BE54-9A1E7A4F7556}") = "Swimlane_60", "Swimlane_60.csproj", "{5B53748A-1088-4560-A75E-76D6D641F196}"
EndProject
Global
	GlobalSection(SolutionConfigurationPlatforms) = preSolution
		Debug|Any CPU = Debug|Any CPU
		Release|Any CPU = Release|Any CPU
	EndGlobalSection
	GlobalSection(ProjectConfigurationPlatforms) = postSolution
		{5B53748A-1088-4560-A75E-76D6D641F196}.Debug|Any CPU.ActiveCfg = Debug|Any CPU
		{5B53748A-1088-4560-A75E-76D6D641F196}.Debug|Any CPU.Build.0 = Debug|Any CPU
		{5B53748A-1088-4560-A75E-76D6D641F196}.Release|Any CPU.ActiveCfg = Release|Any CPU
		{5B53748A-1088-4560-A75E-76D6D641F196}.Release|Any CPU.Build.0 = Release|Any CPU
	EndGlobalSection
	GlobalSection(SolutionProperties) = preSolution
		HideSolutionNode = FALSE
	EndGlobalSection
	GlobalSection(ExtensibilityGlobals) = postSolution
		SolutionGuid = {00A52AED-A566-4329-BE69-EBBF1DACD8F5}
	EndGlobalSection
EndGlobal
