
Microsoft Visual Studio Solution File, Format Version 12.00
# Visual Studio Version 17
VisualStudioVersion = 17.8.34330.188
MinimumVisualStudioVersion = 10.0.40219.1
Project("{9A19103F-16F7-4668-BE54-9A1E7A4F7556}") = "ThemeStyle_80", "ThemeStyle_80.csproj", "{A5C6324D-7821-44C5-8DD8-2F3CD08EBCD9}"
EndProject
Global
	GlobalSection(SolutionConfigurationPlatforms) = preSolution
		Debug|Any CPU = Debug|Any CPU
		Release|Any CPU = Release|Any CPU
	EndGlobalSection
	GlobalSection(ProjectConfigurationPlatforms) = postSolution
		{A5C6324D-7821-44C5-8DD8-2F3CD08EBCD9}.Debug|Any CPU.ActiveCfg = Debug|Any CPU
		{A5C6324D-7821-44C5-8DD8-2F3CD08EBCD9}.Debug|Any CPU.Build.0 = Debug|Any CPU
		{A5C6324D-7821-44C5-8DD8-2F3CD08EBCD9}.Release|Any CPU.ActiveCfg = Release|Any CPU
		{A5C6324D-7821-44C5-8DD8-2F3CD08EBCD9}.Release|Any CPU.Build.0 = Release|Any CPU
	EndGlobalSection
	GlobalSection(SolutionProperties) = preSolution
		HideSolutionNode = FALSE
	EndGlobalSection
	GlobalSection(ExtensibilityGlobals) = postSolution
		SolutionGuid = {179FEDA6-9E9E-42FD-AA8E-3EB63F556EED}
	EndGlobalSection
EndGlobal
