
Microsoft Visual Studio Solution File, Format Version 12.00
# Visual Studio Version 17
VisualStudioVersion = 17.8.34330.188
MinimumVisualStudioVersion = 10.0.40219.1
Project("{9A19103F-16F7-4668-BE54-9A1E7A4F7556}") = "ConnectionValidation_80", "ConnectionValidation_80.csproj", "{D08E612E-1580-4FF2-978C-ACB2FD3EB5C4}"
EndProject
Global
	GlobalSection(SolutionConfigurationPlatforms) = preSolution
		Debug|Any CPU = Debug|Any CPU
		Release|Any CPU = Release|Any CPU
	EndGlobalSection
	GlobalSection(ProjectConfigurationPlatforms) = postSolution
		{D08E612E-1580-4FF2-978C-ACB2FD3EB5C4}.Debug|Any CPU.ActiveCfg = Debug|Any CPU
		{D08E612E-1580-4FF2-978C-ACB2FD3EB5C4}.Debug|Any CPU.Build.0 = Debug|Any CPU
		{D08E612E-1580-4FF2-978C-ACB2FD3EB5C4}.Release|Any CPU.ActiveCfg = Release|Any CPU
		{D08E612E-1580-4FF2-978C-ACB2FD3EB5C4}.Release|Any CPU.Build.0 = Release|Any CPU
	EndGlobalSection
	GlobalSection(SolutionProperties) = preSolution
		HideSolutionNode = FALSE
	EndGlobalSection
	GlobalSection(ExtensibilityGlobals) = postSolution
		SolutionGuid = {794F1C21-B42E-4E27-A1A6-3E3DCFFDE1B1}
	EndGlobalSection
EndGlobal
