
Microsoft Visual Studio Solution File, Format Version 12.00
# Visual Studio Version 17
VisualStudioVersion = 17.8.34330.188
MinimumVisualStudioVersion = 10.0.40219.1
Project("{FAE04EC0-301F-11D3-BF4B-00C04F79EFBC}") = "ConnectionValidation_462", "ConnectionValidation_462.csproj", "{75E79AD8-AE5C-40A7-8D24-EE79892121B4}"
EndProject
Global
	GlobalSection(SolutionConfigurationPlatforms) = preSolution
		Debug|Any CPU = Debug|Any CPU
		Release|Any CPU = Release|Any CPU
	EndGlobalSection
	GlobalSection(ProjectConfigurationPlatforms) = postSolution
		{75E79AD8-AE5C-40A7-8D24-EE79892121B4}.Debug|Any CPU.ActiveCfg = Debug|Any CPU
		{75E79AD8-AE5C-40A7-8D24-EE79892121B4}.Debug|Any CPU.Build.0 = Debug|Any CPU
		{75E79AD8-AE5C-40A7-8D24-EE79892121B4}.Release|Any CPU.ActiveCfg = Release|Any CPU
		{75E79AD8-AE5C-40A7-8D24-EE79892121B4}.Release|Any CPU.Build.0 = Release|Any CPU
	EndGlobalSection
	GlobalSection(SolutionProperties) = preSolution
		HideSolutionNode = FALSE
	EndGlobalSection
	GlobalSection(ExtensibilityGlobals) = postSolution
		SolutionGuid = {D741B800-15C3-45B4-B9FC-9DBD4358ABFF}
	EndGlobalSection
EndGlobal
