
Microsoft Visual Studio Solution File, Format Version 12.00
# Visual Studio Version 17
VisualStudioVersion = 17.8.34330.188
MinimumVisualStudioVersion = 10.0.40219.1
Project("{FAE04EC0-301F-11D3-BF4B-00C04F79EFBC}") = "UseCaseDiagram_462", "UseCaseDiagram_462.csproj", "{088DCB76-9AD5-4562-8374-6E5AB3E704BA}"
EndProject
Global
	GlobalSection(SolutionConfigurationPlatforms) = preSolution
		Debug|Any CPU = Debug|Any CPU
		Release|Any CPU = Release|Any CPU
	EndGlobalSection
	GlobalSection(ProjectConfigurationPlatforms) = postSolution
		{088DCB76-9AD5-4562-8374-6E5AB3E704BA}.Debug|Any CPU.ActiveCfg = Debug|Any CPU
		{088DCB76-9AD5-4562-8374-6E5AB3E704BA}.Debug|Any CPU.Build.0 = Debug|Any CPU
		{088DCB76-9AD5-4562-8374-6E5AB3E704BA}.Release|Any CPU.ActiveCfg = Release|Any CPU
		{088DCB76-9AD5-4562-8374-6E5AB3E704BA}.Release|Any CPU.Build.0 = Release|Any CPU
	EndGlobalSection
	GlobalSection(SolutionProperties) = preSolution
		HideSolutionNode = FALSE
	EndGlobalSection
	GlobalSection(ExtensibilityGlobals) = postSolution
		SolutionGuid = {40B74028-0791-4606-960B-53CA7085353C}
	EndGlobalSection
EndGlobal
