
Microsoft Visual Studio Solution File, Format Version 12.00
# Visual Studio Version 17
VisualStudioVersion = 17.8.34330.188
MinimumVisualStudioVersion = 10.0.40219.1
Project("{9A19103F-16F7-4668-BE54-9A1E7A4F7556}") = "SerializeMultipleDiagramPages_60", "SerializeMultipleDiagramPages_60.csproj", "{044D4255-79BE-4912-A98A-B173A9780A12}"
EndProject
Global
	GlobalSection(SolutionConfigurationPlatforms) = preSolution
		Debug|Any CPU = Debug|Any CPU
		Release|Any CPU = Release|Any CPU
	EndGlobalSection
	GlobalSection(ProjectConfigurationPlatforms) = postSolution
		{044D4255-79BE-4912-A98A-B173A9780A12}.Debug|Any CPU.ActiveCfg = Debug|Any CPU
		{044D4255-79BE-4912-A98A-B173A9780A12}.Debug|Any CPU.Build.0 = Debug|Any CPU
		{044D4255-79BE-4912-A98A-B173A9780A12}.Release|Any CPU.ActiveCfg = Release|Any CPU
		{044D4255-79BE-4912-A98A-B173A9780A12}.Release|Any CPU.Build.0 = Release|Any CPU
	EndGlobalSection
	GlobalSection(SolutionProperties) = preSolution
		HideSolutionNode = FALSE
	EndGlobalSection
	GlobalSection(ExtensibilityGlobals) = postSolution
		SolutionGuid = {DFE8CA76-F097-40E1-8AFF-0D0A8D6DD5DA}
	EndGlobalSection
EndGlobal
