
Microsoft Visual Studio Solution File, Format Version 12.00
# Visual Studio Version 17
VisualStudioVersion = 17.8.34330.188
MinimumVisualStudioVersion = 10.0.40219.1
Project("{FAE04EC0-301F-11D3-BF4B-00C04F79EFBC}") = "ShortCutKeyCommandOnContextMenuItem_462", "ShortCutKeyCommandOnContextMenuItem_462.csproj", "{9BA82DB2-E89D-4F01-8CEC-4253B051FEAC}"
EndProject
Global
	GlobalSection(SolutionConfigurationPlatforms) = preSolution
		Debug|Any CPU = Debug|Any CPU
		Release|Any CPU = Release|Any CPU
	EndGlobalSection
	GlobalSection(ProjectConfigurationPlatforms) = postSolution
		{9BA82DB2-E89D-4F01-8CEC-4253B051FEAC}.Debug|Any CPU.ActiveCfg = Debug|Any CPU
		{9BA82DB2-E89D-4F01-8CEC-4253B051FEAC}.Debug|Any CPU.Build.0 = Debug|Any CPU
		{9BA82DB2-E89D-4F01-8CEC-4253B051FEAC}.Release|Any CPU.ActiveCfg = Release|Any CPU
		{9BA82DB2-E89D-4F01-8CEC-4253B051FEAC}.Release|Any CPU.Build.0 = Release|Any CPU
	EndGlobalSection
	GlobalSection(SolutionProperties) = preSolution
		HideSolutionNode = FALSE
	EndGlobalSection
	GlobalSection(ExtensibilityGlobals) = postSolution
		SolutionGuid = {95544C0C-84D8-43C0-8BB4-25722542C878}
	EndGlobalSection
EndGlobal
