
Microsoft Visual Studio Solution File, Format Version 12.00
# Visual Studio Version 17
VisualStudioVersion = 17.12.35209.166
MinimumVisualStudioVersion = 10.0.40219.1
Project("{FAE04EC0-301F-11D3-BF4B-00C04F79EFBC}") = "RemoveDefaultCommands_60", "RemoveDefaultCommands_60.csproj", "{0D6C41B2-3BA5-4F81-97BE-9400960FEF3C}"
EndProject
Global
	GlobalSection(SolutionConfigurationPlatforms) = preSolution
		Debug|Any CPU = Debug|Any CPU
		Release|Any CPU = Release|Any CPU
	EndGlobalSection
	GlobalSection(ProjectConfigurationPlatforms) = postSolution
		{0D6C41B2-3BA5-4F81-97BE-9400960FEF3C}.Debug|Any CPU.ActiveCfg = Debug|Any CPU
		{0D6C41B2-3BA5-4F81-97BE-9400960FEF3C}.Debug|Any CPU.Build.0 = Debug|Any CPU
		{0D6C41B2-3BA5-4F81-97BE-9400960FEF3C}.Release|Any CPU.ActiveCfg = Release|Any CPU
		{0D6C41B2-3BA5-4F81-97BE-9400960FEF3C}.Release|Any CPU.Build.0 = Release|Any CPU
	EndGlobalSection
	GlobalSection(SolutionProperties) = preSolution
		HideSolutionNode = FALSE
	EndGlobalSection
	GlobalSection(ExtensibilityGlobals) = postSolution
		SolutionGuid = {AEDAB2EE-D199-45FA-8083-305B3EB2FF4A}
	EndGlobalSection
EndGlobal
