
Microsoft Visual Studio Solution File, Format Version 12.00
# Visual Studio Version 17
VisualStudioVersion = 17.12.35209.166
MinimumVisualStudioVersion = 10.0.40219.1
Project("{FAE04EC0-301F-11D3-BF4B-00C04F79EFBC}") = "RemoveDefaultCommands_80", "RemoveDefaultCommands_80.csproj", "{03525C01-CB9D-4E46-A5C7-F07A0AEBA26A}"
EndProject
Global
	GlobalSection(SolutionConfigurationPlatforms) = preSolution
		Debug|Any CPU = Debug|Any CPU
		Release|Any CPU = Release|Any CPU
	EndGlobalSection
	GlobalSection(ProjectConfigurationPlatforms) = postSolution
		{03525C01-CB9D-4E46-A5C7-F07A0AEBA26A}.Debug|Any CPU.ActiveCfg = Debug|Any CPU
		{03525C01-CB9D-4E46-A5C7-F07A0AEBA26A}.Debug|Any CPU.Build.0 = Debug|Any CPU
		{03525C01-CB9D-4E46-A5C7-F07A0AEBA26A}.Release|Any CPU.ActiveCfg = Release|Any CPU
		{03525C01-CB9D-4E46-A5C7-F07A0AEBA26A}.Release|Any CPU.Build.0 = Release|Any CPU
	EndGlobalSection
	GlobalSection(SolutionProperties) = preSolution
		HideSolutionNode = FALSE
	EndGlobalSection
	GlobalSection(ExtensibilityGlobals) = postSolution
		SolutionGuid = {497240F2-8D67-4EAA-A160-95B4879DF9DF}
	EndGlobalSection
EndGlobal
