
Microsoft Visual Studio Solution File, Format Version 12.00
# Visual Studio Version 16
VisualStudioVersion = 16.0.31702.278
MinimumVisualStudioVersion = 10.0.40219.1
Project("{FAE04EC0-301F-11D3-BF4B-00C04F79EFBC}") = "HistoryManagerDemoSample", "HistoryManagerDemoSample.csproj", "{8DF4874C-6EE7-4558-B216-5F0565F924DE}"
EndProject
Global
	GlobalSection(SolutionConfigurationPlatforms) = preSolution
		Debug|Any CPU = Debug|Any CPU
		Release|Any CPU = Release|Any CPU
	EndGlobalSection
	GlobalSection(ProjectConfigurationPlatforms) = postSolution
		{8DF4874C-6EE7-4558-B216-5F0565F924DE}.Debug|Any CPU.ActiveCfg = Debug|Any CPU
		{8DF4874C-6EE7-4558-B216-5F0565F924DE}.Debug|Any CPU.Build.0 = Debug|Any CPU
		{8DF4874C-6EE7-4558-B216-5F0565F924DE}.Release|Any CPU.ActiveCfg = Release|Any CPU
		{8DF4874C-6EE7-4558-B216-5F0565F924DE}.Release|Any CPU.Build.0 = Release|Any CPU
	EndGlobalSection
	GlobalSection(SolutionProperties) = preSolution
		HideSolutionNode = FALSE
	EndGlobalSection
	GlobalSection(ExtensibilityGlobals) = postSolution
		SolutionGuid = {1B8F20A9-7CBE-4267-BE1C-803E414AB355}
	EndGlobalSection
EndGlobal
