
Microsoft Visual Studio Solution File, Format Version 12.00
# Visual Studio Version 17
VisualStudioVersion = 17.8.34330.188
MinimumVisualStudioVersion = 10.0.40219.1
Project("{9A19103F-16F7-4668-BE54-9A1E7A4F7556}") = "SelectToolCommand_80", "SelectToolCommand_80.csproj", "{16487187-2F57-4DBC-8D97-E174D5B6697D}"
EndProject
Global
	GlobalSection(SolutionConfigurationPlatforms) = preSolution
		Debug|Any CPU = Debug|Any CPU
		Release|Any CPU = Release|Any CPU
	EndGlobalSection
	GlobalSection(ProjectConfigurationPlatforms) = postSolution
		{16487187-2F57-4DBC-8D97-E174D5B6697D}.Debug|Any CPU.ActiveCfg = Debug|Any CPU
		{16487187-2F57-4DBC-8D97-E174D5B6697D}.Debug|Any CPU.Build.0 = Debug|Any CPU
		{16487187-2F57-4DBC-8D97-E174D5B6697D}.Release|Any CPU.ActiveCfg = Release|Any CPU
		{16487187-2F57-4DBC-8D97-E174D5B6697D}.Release|Any CPU.Build.0 = Release|Any CPU
	EndGlobalSection
	GlobalSection(SolutionProperties) = preSolution
		HideSolutionNode = FALSE
	EndGlobalSection
	GlobalSection(ExtensibilityGlobals) = postSolution
		SolutionGuid = {65FC9209-F782-402E-B9DD-417A0532CCBD}
	EndGlobalSection
EndGlobal
