
Microsoft Visual Studio Solution File, Format Version 12.00
# Visual Studio Version 17
VisualStudioVersion = 17.8.34330.188
MinimumVisualStudioVersion = 10.0.40219.1
Project("{9A19103F-16F7-4668-BE54-9A1E7A4F7556}") = "GroupDragRestrictNodeDrag_60", "GroupDragRestrictNodeDrag_60.csproj", "{39256BB6-353A-4B25-A7DD-530F2D04005F}"
EndProject
Global
	GlobalSection(SolutionConfigurationPlatforms) = preSolution
		Debug|Any CPU = Debug|Any CPU
		Release|Any CPU = Release|Any CPU
	EndGlobalSection
	GlobalSection(ProjectConfigurationPlatforms) = postSolution
		{39256BB6-353A-4B25-A7DD-530F2D04005F}.Debug|Any CPU.ActiveCfg = Debug|Any CPU
		{39256BB6-353A-4B25-A7DD-530F2D04005F}.Debug|Any CPU.Build.0 = Debug|Any CPU
		{39256BB6-353A-4B25-A7DD-530F2D04005F}.Release|Any CPU.ActiveCfg = Release|Any CPU
		{39256BB6-353A-4B25-A7DD-530F2D04005F}.Release|Any CPU.Build.0 = Release|Any CPU
	EndGlobalSection
	GlobalSection(SolutionProperties) = preSolution
		HideSolutionNode = FALSE
	EndGlobalSection
	GlobalSection(ExtensibilityGlobals) = postSolution
		SolutionGuid = {88078837-3DFA-44E3-8EA0-7DE65713805D}
	EndGlobalSection
EndGlobal
