
Microsoft Visual Studio Solution File, Format Version 12.00
# Visual Studio Version 17
VisualStudioVersion = 17.8.34330.188
MinimumVisualStudioVersion = 10.0.40219.1
Project("{FAE04EC0-301F-11D3-BF4B-00C04F79EFBC}") = "OrgChart with drag and dropped nodes_462", "OrgChart with drag and dropped nodes_462.csproj", "{0C0E6644-6F56-4F8C-A9DD-1C75B6F14509}"
EndProject
Global
	GlobalSection(SolutionConfigurationPlatforms) = preSolution
		Debug|Any CPU = Debug|Any CPU
		Release|Any CPU = Release|Any CPU
	EndGlobalSection
	GlobalSection(ProjectConfigurationPlatforms) = postSolution
		{0C0E6644-6F56-4F8C-A9DD-1C75B6F14509}.Debug|Any CPU.ActiveCfg = Debug|Any CPU
		{0C0E6644-6F56-4F8C-A9DD-1C75B6F14509}.Debug|Any CPU.Build.0 = Debug|Any CPU
		{0C0E6644-6F56-4F8C-A9DD-1C75B6F14509}.Release|Any CPU.ActiveCfg = Release|Any CPU
		{0C0E6644-6F56-4F8C-A9DD-1C75B6F14509}.Release|Any CPU.Build.0 = Release|Any CPU
	EndGlobalSection
	GlobalSection(SolutionProperties) = preSolution
		HideSolutionNode = FALSE
	EndGlobalSection
	GlobalSection(ExtensibilityGlobals) = postSolution
		SolutionGuid = {6018D071-1E1B-4BB9-AC82-A7DDAC0096A9}
	EndGlobalSection
EndGlobal
