
Microsoft Visual Studio Solution File, Format Version 12.00
# Visual Studio Version 17
VisualStudioVersion = 17.8.34330.188
MinimumVisualStudioVersion = 10.0.40219.1
Project("{9A19103F-16F7-4668-BE54-9A1E7A4F7556}") = "OrgChart with drag and dropped nodes_80", "OrgChart with drag and dropped nodes_80.csproj", "{61C9EB7A-EB8C-46F2-A9B0-6073FC7968F2}"
EndProject
Global
	GlobalSection(SolutionConfigurationPlatforms) = preSolution
		Debug|Any CPU = Debug|Any CPU
		Release|Any CPU = Release|Any CPU
	EndGlobalSection
	GlobalSection(ProjectConfigurationPlatforms) = postSolution
		{61C9EB7A-EB8C-46F2-A9B0-6073FC7968F2}.Debug|Any CPU.ActiveCfg = Debug|Any CPU
		{61C9EB7A-EB8C-46F2-A9B0-6073FC7968F2}.Debug|Any CPU.Build.0 = Debug|Any CPU
		{61C9EB7A-EB8C-46F2-A9B0-6073FC7968F2}.Release|Any CPU.ActiveCfg = Release|Any CPU
		{61C9EB7A-EB8C-46F2-A9B0-6073FC7968F2}.Release|Any CPU.Build.0 = Release|Any CPU
	EndGlobalSection
	GlobalSection(SolutionProperties) = preSolution
		HideSolutionNode = FALSE
	EndGlobalSection
	GlobalSection(ExtensibilityGlobals) = postSolution
		SolutionGuid = {48C608BF-9BB2-4200-B7BF-5C756FD7B97E}
	EndGlobalSection
EndGlobal
