
Microsoft Visual Studio Solution File, Format Version 12.00
# Visual Studio Version 17
VisualStudioVersion = 17.8.34330.188
MinimumVisualStudioVersion = 10.0.40219.1
Project("{9A19103F-16F7-4668-BE54-9A1E7A4F7556}") = "DiagramApplication_60", "DiagramApplication_60.csproj", "{92849A82-48C5-49CE-8FC8-4C60D179D8C3}"
EndProject
Global
	GlobalSection(SolutionConfigurationPlatforms) = preSolution
		Debug|Any CPU = Debug|Any CPU
		Release|Any CPU = Release|Any CPU
	EndGlobalSection
	GlobalSection(ProjectConfigurationPlatforms) = postSolution
		{92849A82-48C5-49CE-8FC8-4C60D179D8C3}.Debug|Any CPU.ActiveCfg = Debug|Any CPU
		{92849A82-48C5-49CE-8FC8-4C60D179D8C3}.Debug|Any CPU.Build.0 = Debug|Any CPU
		{92849A82-48C5-49CE-8FC8-4C60D179D8C3}.Release|Any CPU.ActiveCfg = Release|Any CPU
		{92849A82-48C5-49CE-8FC8-4C60D179D8C3}.Release|Any CPU.Build.0 = Release|Any CPU
	EndGlobalSection
	GlobalSection(SolutionProperties) = preSolution
		HideSolutionNode = FALSE
	EndGlobalSection
	GlobalSection(ExtensibilityGlobals) = postSolution
		SolutionGuid = {C855AB0E-A936-4FFB-B302-73734424BFCB}
	EndGlobalSection
EndGlobal
