
Microsoft Visual Studio Solution File, Format Version 12.00
# Visual Studio Version 17
VisualStudioVersion = 17.14.36616.10 d17.14
MinimumVisualStudioVersion = 10.0.40219.1
Project("{FAE04EC0-301F-11D3-BF4B-00C04F79EFBC}") = "ForceDirectedTreeDataSource_10", "ForceDirectedTreeDataSource_10.csproj", "{5D986403-92DD-4A5B-8669-4476E6ACCE16}"
EndProject
Global
	GlobalSection(SolutionConfigurationPlatforms) = preSolution
		Debug|Any CPU = Debug|Any CPU
		Release|Any CPU = Release|Any CPU
	EndGlobalSection
	GlobalSection(ProjectConfigurationPlatforms) = postSolution
		{5D986403-92DD-4A5B-8669-4476E6ACCE16}.Debug|Any CPU.ActiveCfg = Debug|Any CPU
		{5D986403-92DD-4A5B-8669-4476E6ACCE16}.Debug|Any CPU.Build.0 = Debug|Any CPU
		{5D986403-92DD-4A5B-8669-4476E6ACCE16}.Release|Any CPU.ActiveCfg = Release|Any CPU
		{5D986403-92DD-4A5B-8669-4476E6ACCE16}.Release|Any CPU.Build.0 = Release|Any CPU
	EndGlobalSection
	GlobalSection(SolutionProperties) = preSolution
		HideSolutionNode = FALSE
	EndGlobalSection
	GlobalSection(ExtensibilityGlobals) = postSolution
		SolutionGuid = {8F092A4F-8583-4C7B-95C7-4D3232A17E30}
	EndGlobalSection
EndGlobal
