Microsoft Visual Studio Solution File, Format Version 12.00
# Visual Studio Version 17
VisualStudioVersion = 17.8.226.21692
MinimumVisualStudioVersion = 10.0.40219.1
Project("{FAE04EC0-301F-11D3-BF4B-00C04F79EFBC}") = "CustomDataSource_80", "CustomDataSource_80.csproj", "{2115284A-6B1C-4173-A879-60D9C9BE7981}"
EndProject
Global
	GlobalSection(SolutionConfigurationPlatforms) = preSolution
		Debug|Any CPU = Debug|Any CPU
		Release|Any CPU = Release|Any CPU
	EndGlobalSection
	GlobalSection(ProjectConfigurationPlatforms) = postSolution
		{2115284A-6B1C-4173-A879-60D9C9BE7981}.Debug|Any CPU.ActiveCfg = Debug|Any CPU
		{2115284A-6B1C-4173-A879-60D9C9BE7981}.Debug|Any CPU.Build.0 = Debug|Any CPU
		{2115284A-6B1C-4173-A879-60D9C9BE7981}.Release|Any CPU.ActiveCfg = Release|Any CPU
		{2115284A-6B1C-4173-A879-60D9C9BE7981}.Release|Any CPU.Build.0 = Release|Any CPU
	EndGlobalSection
	GlobalSection(SolutionProperties) = preSolution
		HideSolutionNode = FALSE
	EndGlobalSection
	GlobalSection(ExtensibilityGlobals) = postSolution
		SolutionGuid = {954FCF8B-1BCA-464B-8668-AFA06414EF5F}
	EndGlobalSection
EndGlobal
