
Microsoft Visual Studio Solution File, Format Version 12.00
# Visual Studio Version 17
VisualStudioVersion = 17.8.34330.188
MinimumVisualStudioVersion = 10.0.40219.1
Project("{9A19103F-16F7-4668-BE54-9A1E7A4F7556}") = "SwimlaneAddRemoveLane_60", "SwimlaneAddRemoveLane_60.csproj", "{45F55C65-3699-4C14-A1E0-BD45C5A38DCC}"
EndProject
Global
	GlobalSection(SolutionConfigurationPlatforms) = preSolution
		Debug|Any CPU = Debug|Any CPU
		Release|Any CPU = Release|Any CPU
	EndGlobalSection
	GlobalSection(ProjectConfigurationPlatforms) = postSolution
		{45F55C65-3699-4C14-A1E0-BD45C5A38DCC}.Debug|Any CPU.ActiveCfg = Debug|Any CPU
		{45F55C65-3699-4C14-A1E0-BD45C5A38DCC}.Debug|Any CPU.Build.0 = Debug|Any CPU
		{45F55C65-3699-4C14-A1E0-BD45C5A38DCC}.Release|Any CPU.ActiveCfg = Release|Any CPU
		{45F55C65-3699-4C14-A1E0-BD45C5A38DCC}.Release|Any CPU.Build.0 = Release|Any CPU
	EndGlobalSection
	GlobalSection(SolutionProperties) = preSolution
		HideSolutionNode = FALSE
	EndGlobalSection
	GlobalSection(ExtensibilityGlobals) = postSolution
		SolutionGuid = {FDB667A4-C693-4786-80A8-224C571DE76E}
	EndGlobalSection
EndGlobal
