
Microsoft Visual Studio Solution File, Format Version 12.00
# Visual Studio Version 17
VisualStudioVersion = 17.8.34330.188
MinimumVisualStudioVersion = 10.0.40219.1
Project("{9A19103F-16F7-4668-BE54-9A1E7A4F7556}") = "Segments_60", "Segments_60.csproj", "{341FCBBE-D3DA-4224-B5DD-214F3B407210}"
EndProject
Global
	GlobalSection(SolutionConfigurationPlatforms) = preSolution
		Debug|Any CPU = Debug|Any CPU
		Release|Any CPU = Release|Any CPU
	EndGlobalSection
	GlobalSection(ProjectConfigurationPlatforms) = postSolution
		{341FCBBE-D3DA-4224-B5DD-214F3B407210}.Debug|Any CPU.ActiveCfg = Debug|Any CPU
		{341FCBBE-D3DA-4224-B5DD-214F3B407210}.Debug|Any CPU.Build.0 = Debug|Any CPU
		{341FCBBE-D3DA-4224-B5DD-214F3B407210}.Release|Any CPU.ActiveCfg = Release|Any CPU
		{341FCBBE-D3DA-4224-B5DD-214F3B407210}.Release|Any CPU.Build.0 = Release|Any CPU
	EndGlobalSection
	GlobalSection(SolutionProperties) = preSolution
		HideSolutionNode = FALSE
	EndGlobalSection
	GlobalSection(ExtensibilityGlobals) = postSolution
		SolutionGuid = {4F7FBFCF-AAF2-46BA-8833-8206E71578AD}
	EndGlobalSection
EndGlobal
