
Microsoft Visual Studio Solution File, Format Version 12.00
# Visual Studio Version 17
VisualStudioVersion = 17.8.34330.188
MinimumVisualStudioVersion = 10.0.40219.1
Project("{9A19103F-16F7-4668-BE54-9A1E7A4F7556}") = "Segments_80", "Segments_80.csproj", "{6AA76B24-4DAB-4C3F-9E52-9EC77CBB7824}"
EndProject
Global
	GlobalSection(SolutionConfigurationPlatforms) = preSolution
		Debug|Any CPU = Debug|Any CPU
		Release|Any CPU = Release|Any CPU
	EndGlobalSection
	GlobalSection(ProjectConfigurationPlatforms) = postSolution
		{6AA76B24-4DAB-4C3F-9E52-9EC77CBB7824}.Debug|Any CPU.ActiveCfg = Debug|Any CPU
		{6AA76B24-4DAB-4C3F-9E52-9EC77CBB7824}.Debug|Any CPU.Build.0 = Debug|Any CPU
		{6AA76B24-4DAB-4C3F-9E52-9EC77CBB7824}.Release|Any CPU.ActiveCfg = Release|Any CPU
		{6AA76B24-4DAB-4C3F-9E52-9EC77CBB7824}.Release|Any CPU.Build.0 = Release|Any CPU
	EndGlobalSection
	GlobalSection(SolutionProperties) = preSolution
		HideSolutionNode = FALSE
	EndGlobalSection
	GlobalSection(ExtensibilityGlobals) = postSolution
		SolutionGuid = {3B170AEF-D75C-4A5D-8975-112639A3EC7B}
	EndGlobalSection
EndGlobal
