
Microsoft Visual Studio Solution File, Format Version 12.00
# Visual Studio Version 17
VisualStudioVersion = 17.8.34330.188
MinimumVisualStudioVersion = 10.0.40219.1
Project("{9A19103F-16F7-4668-BE54-9A1E7A4F7556}") = "ContainerExpandCollapse_60", "ContainerExpandCollapse_60.csproj", "{C399E0A8-B0EB-49B1-93AC-25A967DA368A}"
EndProject
Global
	GlobalSection(SolutionConfigurationPlatforms) = preSolution
		Debug|Any CPU = Debug|Any CPU
		Release|Any CPU = Release|Any CPU
	EndGlobalSection
	GlobalSection(ProjectConfigurationPlatforms) = postSolution
		{C399E0A8-B0EB-49B1-93AC-25A967DA368A}.Debug|Any CPU.ActiveCfg = Debug|Any CPU
		{C399E0A8-B0EB-49B1-93AC-25A967DA368A}.Debug|Any CPU.Build.0 = Debug|Any CPU
		{C399E0A8-B0EB-49B1-93AC-25A967DA368A}.Release|Any CPU.ActiveCfg = Release|Any CPU
		{C399E0A8-B0EB-49B1-93AC-25A967DA368A}.Release|Any CPU.Build.0 = Release|Any CPU
	EndGlobalSection
	GlobalSection(SolutionProperties) = preSolution
		HideSolutionNode = FALSE
	EndGlobalSection
	GlobalSection(ExtensibilityGlobals) = postSolution
		SolutionGuid = {6438BFC9-42F8-4CA9-9195-D788A7016282}
	EndGlobalSection
EndGlobal
